// !$*UTF8*$!
{
	archiveVersion = 1;
	classes = {
	};
	objectVersion = 56;
	objects = {

/* Begin PBXBuildFile section */
		03027DF62A13DF9D0063EE24 /* AppDelegate.swift in Sources */ = {isa = PBXBuildFile; fileRef = 03027DF52A13DF9D0063EE24 /* AppDelegate.swift */; };
		03027DF82A13DF9D0063EE24 /* SceneDelegate.swift in Sources */ = {isa = PBXBuildFile; fileRef = 03027DF72A13DF9D0063EE24 /* SceneDelegate.swift */; };
		03027DFD2A13DF9D0063EE24 /* Main.storyboard in Resources */ = {isa = PBXBuildFile; fileRef = 03027DFB2A13DF9D0063EE24 /* Main.storyboard */; };
		03027DFF2A13DF9E0063EE24 /* Assets.xcassets in Resources */ = {isa = PBXBuildFile; fileRef = 03027DFE2A13DF9E0063EE24 /* Assets.xcassets */; };
		03027E022A13DF9E0063EE24 /* LaunchScreen.storyboard in Resources */ = {isa = PBXBuildFile; fileRef = 03027E002A13DF9E0063EE24 /* LaunchScreen.storyboard */; };
		03027E0D2A13DF9E0063EE24 /* RiverbedTests.swift in Sources */ = {isa = PBXBuildFile; fileRef = 03027E0C2A13DF9E0063EE24 /* RiverbedTests.swift */; };
		03027E172A13DF9E0063EE24 /* RiverbedUITests.swift in Sources */ = {isa = PBXBuildFile; fileRef = 03027E162A13DF9E0063EE24 /* RiverbedUITests.swift */; };
		03027E192A13DF9E0063EE24 /* RiverbedUITestsLaunchTests.swift in Sources */ = {isa = PBXBuildFile; fileRef = 03027E182A13DF9E0063EE24 /* RiverbedUITestsLaunchTests.swift */; };
		0342FC6A2A17947A00CB8075 /* BoardListViewController.swift in Sources */ = {isa = PBXBuildFile; fileRef = 0342FC692A17947A00CB8075 /* BoardListViewController.swift */; };
		0342FC6E2A17959F00CB8075 /* BoardStore.swift in Sources */ = {isa = PBXBuildFile; fileRef = 0342FC6D2A17959F00CB8075 /* BoardStore.swift */; };
		0342FC712A17960000CB8075 /* Board.swift in Sources */ = {isa = PBXBuildFile; fileRef = 0342FC702A17960000CB8075 /* Board.swift */; };
		0342FC732A17B51A00CB8075 /* BoardViewController.swift in Sources */ = {isa = PBXBuildFile; fileRef = 0342FC722A17B51A00CB8075 /* BoardViewController.swift */; };
		0342FC752A17B68200CB8075 /* ColumnStore.swift in Sources */ = {isa = PBXBuildFile; fileRef = 0342FC742A17B68200CB8075 /* ColumnStore.swift */; };
		0342FC772A17B69D00CB8075 /* APIError.swift in Sources */ = {isa = PBXBuildFile; fileRef = 0342FC762A17B69D00CB8075 /* APIError.swift */; };
		0342FC792A17B6D400CB8075 /* Utils.swift in Sources */ = {isa = PBXBuildFile; fileRef = 0342FC782A17B6D400CB8075 /* Utils.swift */; };
		0342FC7C2A17B71000CB8075 /* RiverbedAPI.swift in Sources */ = {isa = PBXBuildFile; fileRef = 0342FC7B2A17B71000CB8075 /* RiverbedAPI.swift */; };
		0342FC7E2A17B7CE00CB8075 /* Column.swift in Sources */ = {isa = PBXBuildFile; fileRef = 0342FC7D2A17B7CE00CB8075 /* Column.swift */; };
		0342FC802A17C24100CB8075 /* Card.swift in Sources */ = {isa = PBXBuildFile; fileRef = 0342FC7F2A17C24100CB8075 /* Card.swift */; };
		0342FC822A17C2D300CB8075 /* CardStore.swift in Sources */ = {isa = PBXBuildFile; fileRef = 0342FC812A17C2D300CB8075 /* CardStore.swift */; };
		038BBC2E2A1811C300BB2284 /* ElementStore.swift in Sources */ = {isa = PBXBuildFile; fileRef = 038BBC2D2A1811C300BB2284 /* ElementStore.swift */; };
		038BBC302A1811C900BB2284 /* Element.swift in Sources */ = {isa = PBXBuildFile; fileRef = 038BBC2F2A1811C900BB2284 /* Element.swift */; };
		038BBC322A1823ED00BB2284 /* CardViewController.swift in Sources */ = {isa = PBXBuildFile; fileRef = 038BBC312A1823ED00BB2284 /* CardViewController.swift */; };
/* End PBXBuildFile section */

/* Begin PBXContainerItemProxy section */
		03027E092A13DF9E0063EE24 /* PBXContainerItemProxy */ = {
			isa = PBXContainerItemProxy;
			containerPortal = 03027DEA2A13DF9D0063EE24 /* Project object */;
			proxyType = 1;
			remoteGlobalIDString = 03027DF12A13DF9D0063EE24;
			remoteInfo = Riverbed;
		};
		03027E132A13DF9E0063EE24 /* PBXContainerItemProxy */ = {
			isa = PBXContainerItemProxy;
			containerPortal = 03027DEA2A13DF9D0063EE24 /* Project object */;
			proxyType = 1;
			remoteGlobalIDString = 03027DF12A13DF9D0063EE24;
			remoteInfo = Riverbed;
		};
/* End PBXContainerItemProxy section */

/* Begin PBXFileReference section */
		03027DF22A13DF9D0063EE24 /* Riverbed.app */ = {isa = PBXFileReference; explicitFileType = wrapper.application; includeInIndex = 0; path = Riverbed.app; sourceTree = BUILT_PRODUCTS_DIR; };
		03027DF52A13DF9D0063EE24 /* AppDelegate.swift */ = {isa = PBXFileReference; lastKnownFileType = sourcecode.swift; path = AppDelegate.swift; sourceTree = "<group>"; };
		03027DF72A13DF9D0063EE24 /* SceneDelegate.swift */ = {isa = PBXFileReference; lastKnownFileType = sourcecode.swift; path = SceneDelegate.swift; sourceTree = "<group>"; };
		03027DFC2A13DF9D0063EE24 /* Base */ = {isa = PBXFileReference; lastKnownFileType = file.storyboard; name = Base; path = Base.lproj/Main.storyboard; sourceTree = "<group>"; };
		03027DFE2A13DF9E0063EE24 /* Assets.xcassets */ = {isa = PBXFileReference; lastKnownFileType = folder.assetcatalog; path = Assets.xcassets; sourceTree = "<group>"; };
		03027E012A13DF9E0063EE24 /* Base */ = {isa = PBXFileReference; lastKnownFileType = file.storyboard; name = Base; path = Base.lproj/LaunchScreen.storyboard; sourceTree = "<group>"; };
		03027E032A13DF9E0063EE24 /* Info.plist */ = {isa = PBXFileReference; lastKnownFileType = text.plist.xml; path = Info.plist; sourceTree = "<group>"; };
		03027E082A13DF9E0063EE24 /* RiverbedTests.xctest */ = {isa = PBXFileReference; explicitFileType = wrapper.cfbundle; includeInIndex = 0; path = RiverbedTests.xctest; sourceTree = BUILT_PRODUCTS_DIR; };
		03027E0C2A13DF9E0063EE24 /* RiverbedTests.swift */ = {isa = PBXFileReference; lastKnownFileType = sourcecode.swift; path = RiverbedTests.swift; sourceTree = "<group>"; };
		03027E122A13DF9E0063EE24 /* RiverbedUITests.xctest */ = {isa = PBXFileReference; explicitFileType = wrapper.cfbundle; includeInIndex = 0; path = RiverbedUITests.xctest; sourceTree = BUILT_PRODUCTS_DIR; };
		03027E162A13DF9E0063EE24 /* RiverbedUITests.swift */ = {isa = PBXFileReference; lastKnownFileType = sourcecode.swift; path = RiverbedUITests.swift; sourceTree = "<group>"; };
		03027E182A13DF9E0063EE24 /* RiverbedUITestsLaunchTests.swift */ = {isa = PBXFileReference; lastKnownFileType = sourcecode.swift; path = RiverbedUITestsLaunchTests.swift; sourceTree = "<group>"; };
		0342FC692A17947A00CB8075 /* BoardListViewController.swift */ = {isa = PBXFileReference; lastKnownFileType = sourcecode.swift; path = BoardListViewController.swift; sourceTree = "<group>"; };
		0342FC6D2A17959F00CB8075 /* BoardStore.swift */ = {isa = PBXFileReference; lastKnownFileType = sourcecode.swift; path = BoardStore.swift; sourceTree = "<group>"; };
		0342FC702A17960000CB8075 /* Board.swift */ = {isa = PBXFileReference; lastKnownFileType = sourcecode.swift; path = Board.swift; sourceTree = "<group>"; };
		0342FC722A17B51A00CB8075 /* BoardViewController.swift */ = {isa = PBXFileReference; lastKnownFileType = sourcecode.swift; path = BoardViewController.swift; sourceTree = "<group>"; };
		0342FC742A17B68200CB8075 /* ColumnStore.swift */ = {isa = PBXFileReference; lastKnownFileType = sourcecode.swift; path = ColumnStore.swift; sourceTree = "<group>"; };
		0342FC762A17B69D00CB8075 /* APIError.swift */ = {isa = PBXFileReference; lastKnownFileType = sourcecode.swift; path = APIError.swift; sourceTree = "<group>"; };
		0342FC782A17B6D400CB8075 /* Utils.swift */ = {isa = PBXFileReference; lastKnownFileType = sourcecode.swift; path = Utils.swift; sourceTree = "<group>"; };
		0342FC7B2A17B71000CB8075 /* RiverbedAPI.swift */ = {isa = PBXFileReference; lastKnownFileType = sourcecode.swift; path = RiverbedAPI.swift; sourceTree = "<group>"; };
		0342FC7D2A17B7CE00CB8075 /* Column.swift */ = {isa = PBXFileReference; lastKnownFileType = sourcecode.swift; path = Column.swift; sourceTree = "<group>"; };
		0342FC7F2A17C24100CB8075 /* Card.swift */ = {isa = PBXFileReference; lastKnownFileType = sourcecode.swift; path = Card.swift; sourceTree = "<group>"; };
		0342FC812A17C2D300CB8075 /* CardStore.swift */ = {isa = PBXFileReference; lastKnownFileType = sourcecode.swift; path = CardStore.swift; sourceTree = "<group>"; };
		038BBC2D2A1811C300BB2284 /* ElementStore.swift */ = {isa = PBXFileReference; lastKnownFileType = sourcecode.swift; path = ElementStore.swift; sourceTree = "<group>"; };
		038BBC2F2A1811C900BB2284 /* Element.swift */ = {isa = PBXFileReference; lastKnownFileType = sourcecode.swift; path = Element.swift; sourceTree = "<group>"; };
		038BBC312A1823ED00BB2284 /* CardViewController.swift */ = {isa = PBXFileReference; lastKnownFileType = sourcecode.swift; path = CardViewController.swift; sourceTree = "<group>"; };
/* End PBXFileReference section */

/* Begin PBXFrameworksBuildPhase section */
		03027DEF2A13DF9D0063EE24 /* Frameworks */ = {
			isa = PBXFrameworksBuildPhase;
			buildActionMask = 2147483647;
			files = (
			);
			runOnlyForDeploymentPostprocessing = 0;
		};
		03027E052A13DF9E0063EE24 /* Frameworks */ = {
			isa = PBXFrameworksBuildPhase;
			buildActionMask = 2147483647;
			files = (
			);
			runOnlyForDeploymentPostprocessing = 0;
		};
		03027E0F2A13DF9E0063EE24 /* Frameworks */ = {
			isa = PBXFrameworksBuildPhase;
			buildActionMask = 2147483647;
			files = (
			);
			runOnlyForDeploymentPostprocessing = 0;
		};
/* End PBXFrameworksBuildPhase section */

/* Begin PBXGroup section */
		03027DE92A13DF9D0063EE24 = {
			isa = PBXGroup;
			children = (
				03027DF42A13DF9D0063EE24 /* Riverbed */,
				03027E0B2A13DF9E0063EE24 /* RiverbedTests */,
				03027E152A13DF9E0063EE24 /* RiverbedUITests */,
				03027DF32A13DF9D0063EE24 /* Products */,
			);
			sourceTree = "<group>";
		};
		03027DF32A13DF9D0063EE24 /* Products */ = {
			isa = PBXGroup;
			children = (
				03027DF22A13DF9D0063EE24 /* Riverbed.app */,
				03027E082A13DF9E0063EE24 /* RiverbedTests.xctest */,
				03027E122A13DF9E0063EE24 /* RiverbedUITests.xctest */,
			);
			name = Products;
			sourceTree = "<group>";
		};
		03027DF42A13DF9D0063EE24 /* Riverbed */ = {
			isa = PBXGroup;
			children = (
				03027DF52A13DF9D0063EE24 /* AppDelegate.swift */,
				03027DF72A13DF9D0063EE24 /* SceneDelegate.swift */,
				0342FC782A17B6D400CB8075 /* Utils.swift */,
				0342FC6C2A1794D500CB8075 /* Data */,
				0342FC6B2A17948300CB8075 /* UI */,
				03027DFE2A13DF9E0063EE24 /* Assets.xcassets */,
				03027E032A13DF9E0063EE24 /* Info.plist */,
				03027E002A13DF9E0063EE24 /* LaunchScreen.storyboard */,
				03027DFB2A13DF9D0063EE24 /* Main.storyboard */,
			);
			path = Riverbed;
			sourceTree = "<group>";
		};
		03027E0B2A13DF9E0063EE24 /* RiverbedTests */ = {
			isa = PBXGroup;
			children = (
				03027E0C2A13DF9E0063EE24 /* RiverbedTests.swift */,
			);
			path = RiverbedTests;
			sourceTree = "<group>";
		};
		03027E152A13DF9E0063EE24 /* RiverbedUITests */ = {
			isa = PBXGroup;
			children = (
				03027E162A13DF9E0063EE24 /* RiverbedUITests.swift */,
				03027E182A13DF9E0063EE24 /* RiverbedUITestsLaunchTests.swift */,
			);
			path = RiverbedUITests;
			sourceTree = "<group>";
		};
		0342FC6B2A17948300CB8075 /* UI */ = {
			isa = PBXGroup;
			children = (
				0342FC692A17947A00CB8075 /* BoardListViewController.swift */,
				0342FC722A17B51A00CB8075 /* BoardViewController.swift */,
				038BBC312A1823ED00BB2284 /* CardViewController.swift */,
			);
			path = UI;
			sourceTree = "<group>";
		};
		0342FC6C2A1794D500CB8075 /* Data */ = {
			isa = PBXGroup;
			children = (
				0342FC7A2A17B70100CB8075 /* API */,
				0342FC6F2A1795F500CB8075 /* Models */,
				0342FC6D2A17959F00CB8075 /* BoardStore.swift */,
				0342FC812A17C2D300CB8075 /* CardStore.swift */,
				0342FC742A17B68200CB8075 /* ColumnStore.swift */,
				038BBC2D2A1811C300BB2284 /* ElementStore.swift */,
			);
			path = Data;
			sourceTree = "<group>";
		};
		0342FC6F2A1795F500CB8075 /* Models */ = {
			isa = PBXGroup;
			children = (
				0342FC702A17960000CB8075 /* Board.swift */,
				0342FC7F2A17C24100CB8075 /* Card.swift */,
				0342FC7D2A17B7CE00CB8075 /* Column.swift */,
				038BBC2F2A1811C900BB2284 /* Element.swift */,
			);
			path = Models;
			sourceTree = "<group>";
		};
		0342FC7A2A17B70100CB8075 /* API */ = {
			isa = PBXGroup;
			children = (
				0342FC762A17B69D00CB8075 /* APIError.swift */,
				0342FC7B2A17B71000CB8075 /* RiverbedAPI.swift */,
			);
			path = API;
			sourceTree = "<group>";
		};
/* End PBXGroup section */

/* Begin PBXNativeTarget section */
		03027DF12A13DF9D0063EE24 /* Riverbed */ = {
			isa = PBXNativeTarget;
			buildConfigurationList = 03027E1C2A13DF9E0063EE24 /* Build configuration list for PBXNativeTarget "Riverbed" */;
			buildPhases = (
				03027DEE2A13DF9D0063EE24 /* Sources */,
				0342FC682A17930A00CB8075 /* ShellScript */,
				03027DEF2A13DF9D0063EE24 /* Frameworks */,
				03027DF02A13DF9D0063EE24 /* Resources */,
			);
			buildRules = (
			);
			dependencies = (
			);
			name = Riverbed;
			productName = Riverbed;
			productReference = 03027DF22A13DF9D0063EE24 /* Riverbed.app */;
			productType = "com.apple.product-type.application";
		};
		03027E072A13DF9E0063EE24 /* RiverbedTests */ = {
			isa = PBXNativeTarget;
			buildConfigurationList = 03027E1F2A13DF9E0063EE24 /* Build configuration list for PBXNativeTarget "RiverbedTests" */;
			buildPhases = (
				03027E042A13DF9E0063EE24 /* Sources */,
				03027E052A13DF9E0063EE24 /* Frameworks */,
				03027E062A13DF9E0063EE24 /* Resources */,
			);
			buildRules = (
			);
			dependencies = (
				03027E0A2A13DF9E0063EE24 /* PBXTargetDependency */,
			);
			name = RiverbedTests;
			productName = RiverbedTests;
			productReference = 03027E082A13DF9E0063EE24 /* RiverbedTests.xctest */;
			productType = "com.apple.product-type.bundle.unit-test";
		};
		03027E112A13DF9E0063EE24 /* RiverbedUITests */ = {
			isa = PBXNativeTarget;
			buildConfigurationList = 03027E222A13DF9E0063EE24 /* Build configuration list for PBXNativeTarget "RiverbedUITests" */;
			buildPhases = (
				03027E0E2A13DF9E0063EE24 /* Sources */,
				03027E0F2A13DF9E0063EE24 /* Frameworks */,
				03027E102A13DF9E0063EE24 /* Resources */,
			);
			buildRules = (
			);
			dependencies = (
				03027E142A13DF9E0063EE24 /* PBXTargetDependency */,
			);
			name = RiverbedUITests;
			productName = RiverbedUITests;
			productReference = 03027E122A13DF9E0063EE24 /* RiverbedUITests.xctest */;
			productType = "com.apple.product-type.bundle.ui-testing";
		};
/* End PBXNativeTarget section */

/* Begin PBXProject section */
		03027DEA2A13DF9D0063EE24 /* Project object */ = {
			isa = PBXProject;
			attributes = {
				BuildIndependentTargetsInParallel = 1;
				LastSwiftUpdateCheck = 1430;
				LastUpgradeCheck = 1430;
				TargetAttributes = {
					03027DF12A13DF9D0063EE24 = {
						CreatedOnToolsVersion = 14.3;
					};
					03027E072A13DF9E0063EE24 = {
						CreatedOnToolsVersion = 14.3;
						TestTargetID = 03027DF12A13DF9D0063EE24;
					};
					03027E112A13DF9E0063EE24 = {
						CreatedOnToolsVersion = 14.3;
						TestTargetID = 03027DF12A13DF9D0063EE24;
					};
				};
			};
			buildConfigurationList = 03027DED2A13DF9D0063EE24 /* Build configuration list for PBXProject "Riverbed" */;
			compatibilityVersion = "Xcode 14.0";
			developmentRegion = en;
			hasScannedForEncodings = 0;
			knownRegions = (
				en,
				Base,
			);
			mainGroup = 03027DE92A13DF9D0063EE24;
			productRefGroup = 03027DF32A13DF9D0063EE24 /* Products */;
			projectDirPath = "";
			projectRoot = "";
			targets = (
				03027DF12A13DF9D0063EE24 /* Riverbed */,
				03027E072A13DF9E0063EE24 /* RiverbedTests */,
				03027E112A13DF9E0063EE24 /* RiverbedUITests */,
			);
		};
/* End PBXProject section */

/* Begin PBXResourcesBuildPhase section */
		03027DF02A13DF9D0063EE24 /* Resources */ = {
			isa = PBXResourcesBuildPhase;
			buildActionMask = 2147483647;
			files = (
				03027E022A13DF9E0063EE24 /* LaunchScreen.storyboard in Resources */,
				03027DFF2A13DF9E0063EE24 /* Assets.xcassets in Resources */,
				03027DFD2A13DF9D0063EE24 /* Main.storyboard in Resources */,
			);
			runOnlyForDeploymentPostprocessing = 0;
		};
		03027E062A13DF9E0063EE24 /* Resources */ = {
			isa = PBXResourcesBuildPhase;
			buildActionMask = 2147483647;
			files = (
			);
			runOnlyForDeploymentPostprocessing = 0;
		};
		03027E102A13DF9E0063EE24 /* Resources */ = {
			isa = PBXResourcesBuildPhase;
			buildActionMask = 2147483647;
			files = (
			);
			runOnlyForDeploymentPostprocessing = 0;
		};
/* End PBXResourcesBuildPhase section */

/* Begin PBXShellScriptBuildPhase section */
		0342FC682A17930A00CB8075 /* ShellScript */ = {
			isa = PBXShellScriptBuildPhase;
			alwaysOutOfDate = 1;
			buildActionMask = 2147483647;
			files = (
			);
			inputFileListPaths = (
			);
			inputPaths = (
			);
			outputFileListPaths = (
			);
			outputPaths = (
			);
			runOnlyForDeploymentPostprocessing = 0;
			shellPath = /bin/sh;
			shellScript = "if [[ \"$(uname -m)\" == arm64 ]]; then\n    export PATH=\"/opt/homebrew/bin:$PATH\"\nfi\n\nif which swiftlint>/dev/null; then\n  swiftlint --fix && swiftlint\nelse\n  echo \"warning: SwiftLint not installed, download from https://github.com/realm/SwiftLint\"\nfi\n";
		};
/* End PBXShellScriptBuildPhase section */

/* Begin PBXSourcesBuildPhase section */
		03027DEE2A13DF9D0063EE24 /* Sources */ = {
			isa = PBXSourcesBuildPhase;
			buildActionMask = 2147483647;
			files = (
				0342FC6E2A17959F00CB8075 /* BoardStore.swift in Sources */,
				03027DF62A13DF9D0063EE24 /* AppDelegate.swift in Sources */,
				038BBC2E2A1811C300BB2284 /* ElementStore.swift in Sources */,
				0342FC792A17B6D400CB8075 /* Utils.swift in Sources */,
				0342FC752A17B68200CB8075 /* ColumnStore.swift in Sources */,
				0342FC7E2A17B7CE00CB8075 /* Column.swift in Sources */,
				0342FC712A17960000CB8075 /* Board.swift in Sources */,
				0342FC7C2A17B71000CB8075 /* RiverbedAPI.swift in Sources */,
				0342FC802A17C24100CB8075 /* Card.swift in Sources */,
				03027DF82A13DF9D0063EE24 /* SceneDelegate.swift in Sources */,
				0342FC822A17C2D300CB8075 /* CardStore.swift in Sources */,
				0342FC772A17B69D00CB8075 /* APIError.swift in Sources */,
				038BBC322A1823ED00BB2284 /* CardViewController.swift in Sources */,
				0342FC6A2A17947A00CB8075 /* BoardListViewController.swift in Sources */,
				0342FC732A17B51A00CB8075 /* BoardViewController.swift in Sources */,
				038BBC302A1811C900BB2284 /* Element.swift in Sources */,
			);
			runOnlyForDeploymentPostprocessing = 0;
		};
		03027E042A13DF9E0063EE24 /* Sources */ = {
			isa = PBXSourcesBuildPhase;
			buildActionMask = 2147483647;
			files = (
				03027E0D2A13DF9E0063EE24 /* RiverbedTests.swift in Sources */,
			);
			runOnlyForDeploymentPostprocessing = 0;
		};
		03027E0E2A13DF9E0063EE24 /* Sources */ = {
			isa = PBXSourcesBuildPhase;
			buildActionMask = 2147483647;
			files = (
				03027E192A13DF9E0063EE24 /* RiverbedUITestsLaunchTests.swift in Sources */,
				03027E172A13DF9E0063EE24 /* RiverbedUITests.swift in Sources */,
			);
			runOnlyForDeploymentPostprocessing = 0;
		};
/* End PBXSourcesBuildPhase section */

/* Begin PBXTargetDependency section */
		03027E0A2A13DF9E0063EE24 /* PBXTargetDependency */ = {
			isa = PBXTargetDependency;
			target = 03027DF12A13DF9D0063EE24 /* Riverbed */;
			targetProxy = 03027E092A13DF9E0063EE24 /* PBXContainerItemProxy */;
		};
		03027E142A13DF9E0063EE24 /* PBXTargetDependency */ = {
			isa = PBXTargetDependency;
			target = 03027DF12A13DF9D0063EE24 /* Riverbed */;
			targetProxy = 03027E132A13DF9E0063EE24 /* PBXContainerItemProxy */;
		};
/* End PBXTargetDependency section */

/* Begin PBXVariantGroup section */
		03027DFB2A13DF9D0063EE24 /* Main.storyboard */ = {
			isa = PBXVariantGroup;
			children = (
				03027DFC2A13DF9D0063EE24 /* Base */,
			);
			name = Main.storyboard;
			sourceTree = "<group>";
		};
		03027E002A13DF9E0063EE24 /* LaunchScreen.storyboard */ = {
			isa = PBXVariantGroup;
			children = (
				03027E012A13DF9E0063EE24 /* Base */,
			);
			name = LaunchScreen.storyboard;
			sourceTree = "<group>";
		};
/* End PBXVariantGroup section */

/* Begin XCBuildConfiguration section */
		03027E1A2A13DF9E0063EE24 /* Debug */ = {
			isa = XCBuildConfiguration;
			buildSettings = {
				ALWAYS_SEARCH_USER_PATHS = NO;
				CLANG_ANALYZER_NONNULL = YES;
				CLANG_ANALYZER_NUMBER_OBJECT_CONVERSION = YES_AGGRESSIVE;
				CLANG_CXX_LANGUAGE_STANDARD = "gnu++20";
				CLANG_ENABLE_MODULES = YES;
				CLANG_ENABLE_OBJC_ARC = YES;
				CLANG_ENABLE_OBJC_WEAK = YES;
				CLANG_WARN_BLOCK_CAPTURE_AUTORELEASING = YES;
				CLANG_WARN_BOOL_CONVERSION = YES;
				CLANG_WARN_COMMA = YES;
				CLANG_WARN_CONSTANT_CONVERSION = YES;
				CLANG_WARN_DEPRECATED_OBJC_IMPLEMENTATIONS = YES;
				CLANG_WARN_DIRECT_OBJC_ISA_USAGE = YES_ERROR;
				CLANG_WARN_DOCUMENTATION_COMMENTS = YES;
				CLANG_WARN_EMPTY_BODY = YES;
				CLANG_WARN_ENUM_CONVERSION = YES;
				CLANG_WARN_INFINITE_RECURSION = YES;
				CLANG_WARN_INT_CONVERSION = YES;
				CLANG_WARN_NON_LITERAL_NULL_CONVERSION = YES;
				CLANG_WARN_OBJC_IMPLICIT_RETAIN_SELF = YES;
				CLANG_WARN_OBJC_LITERAL_CONVERSION = YES;
				CLANG_WARN_OBJC_ROOT_CLASS = YES_ERROR;
				CLANG_WARN_QUOTED_INCLUDE_IN_FRAMEWORK_HEADER = YES;
				CLANG_WARN_RANGE_LOOP_ANALYSIS = YES;
				CLANG_WARN_STRICT_PROTOTYPES = YES;
				CLANG_WARN_SUSPICIOUS_MOVE = YES;
				CLANG_WARN_UNGUARDED_AVAILABILITY = YES_AGGRESSIVE;
				CLANG_WARN_UNREACHABLE_CODE = YES;
				CLANG_WARN__DUPLICATE_METHOD_MATCH = YES;
				COPY_PHASE_STRIP = NO;
				DEBUG_INFORMATION_FORMAT = dwarf;
				ENABLE_STRICT_OBJC_MSGSEND = YES;
				ENABLE_TESTABILITY = YES;
				GCC_C_LANGUAGE_STANDARD = gnu11;
				GCC_DYNAMIC_NO_PIC = NO;
				GCC_NO_COMMON_BLOCKS = YES;
				GCC_OPTIMIZATION_LEVEL = 0;
				GCC_PREPROCESSOR_DEFINITIONS = (
					"DEBUG=1",
					"$(inherited)",
				);
				GCC_WARN_64_TO_32_BIT_CONVERSION = YES;
				GCC_WARN_ABOUT_RETURN_TYPE = YES_ERROR;
				GCC_WARN_UNDECLARED_SELECTOR = YES;
				GCC_WARN_UNINITIALIZED_AUTOS = YES_AGGRESSIVE;
				GCC_WARN_UNUSED_FUNCTION = YES;
				GCC_WARN_UNUSED_VARIABLE = YES;
				IPHONEOS_DEPLOYMENT_TARGET = 16.4;
				MTL_ENABLE_DEBUG_INFO = INCLUDE_SOURCE;
				MTL_FAST_MATH = YES;
				ONLY_ACTIVE_ARCH = YES;
				SDKROOT = iphoneos;
				SWIFT_ACTIVE_COMPILATION_CONDITIONS = DEBUG;
				SWIFT_OPTIMIZATION_LEVEL = "-Onone";
			};
			name = Debug;
		};
		03027E1B2A13DF9E0063EE24 /* Release */ = {
			isa = XCBuildConfiguration;
			buildSettings = {
				ALWAYS_SEARCH_USER_PATHS = NO;
				CLANG_ANALYZER_NONNULL = YES;
				CLANG_ANALYZER_NUMBER_OBJECT_CONVERSION = YES_AGGRESSIVE;
				CLANG_CXX_LANGUAGE_STANDARD = "gnu++20";
				CLANG_ENABLE_MODULES = YES;
				CLANG_ENABLE_OBJC_ARC = YES;
				CLANG_ENABLE_OBJC_WEAK = YES;
				CLANG_WARN_BLOCK_CAPTURE_AUTORELEASING = YES;
				CLANG_WARN_BOOL_CONVERSION = YES;
				CLANG_WARN_COMMA = YES;
				CLANG_WARN_CONSTANT_CONVERSION = YES;
				CLANG_WARN_DEPRECATED_OBJC_IMPLEMENTATIONS = YES;
				CLANG_WARN_DIRECT_OBJC_ISA_USAGE = YES_ERROR;
				CLANG_WARN_DOCUMENTATION_COMMENTS = YES;
				CLANG_WARN_EMPTY_BODY = YES;
				CLANG_WARN_ENUM_CONVERSION = YES;
				CLANG_WARN_INFINITE_RECURSION = YES;
				CLANG_WARN_INT_CONVERSION = YES;
				CLANG_WARN_NON_LITERAL_NULL_CONVERSION = YES;
				CLANG_WARN_OBJC_IMPLICIT_RETAIN_SELF = YES;
				CLANG_WARN_OBJC_LITERAL_CONVERSION = YES;
				CLANG_WARN_OBJC_ROOT_CLASS = YES_ERROR;
				CLANG_WARN_QUOTED_INCLUDE_IN_FRAMEWORK_HEADER = YES;
				CLANG_WARN_RANGE_LOOP_ANALYSIS = YES;
				CLANG_WARN_STRICT_PROTOTYPES = YES;
				CLANG_WARN_SUSPICIOUS_MOVE = YES;
				CLANG_WARN_UNGUARDED_AVAILABILITY = YES_AGGRESSIVE;
				CLANG_WARN_UNREACHABLE_CODE = YES;
				CLANG_WARN__DUPLICATE_METHOD_MATCH = YES;
				COPY_PHASE_STRIP = NO;
				DEBUG_INFORMATION_FORMAT = "dwarf-with-dsym";
				ENABLE_NS_ASSERTIONS = NO;
				ENABLE_STRICT_OBJC_MSGSEND = YES;
				GCC_C_LANGUAGE_STANDARD = gnu11;
				GCC_NO_COMMON_BLOCKS = YES;
				GCC_WARN_64_TO_32_BIT_CONVERSION = YES;
				GCC_WARN_ABOUT_RETURN_TYPE = YES_ERROR;
				GCC_WARN_UNDECLARED_SELECTOR = YES;
				GCC_WARN_UNINITIALIZED_AUTOS = YES_AGGRESSIVE;
				GCC_WARN_UNUSED_FUNCTION = YES;
				GCC_WARN_UNUSED_VARIABLE = YES;
				IPHONEOS_DEPLOYMENT_TARGET = 16.4;
				MTL_ENABLE_DEBUG_INFO = NO;
				MTL_FAST_MATH = YES;
				SDKROOT = iphoneos;
				SWIFT_COMPILATION_MODE = wholemodule;
				SWIFT_OPTIMIZATION_LEVEL = "-O";
				VALIDATE_PRODUCT = YES;
			};
			name = Release;
		};
		03027E1D2A13DF9E0063EE24 /* Debug */ = {
			isa = XCBuildConfiguration;
			buildSettings = {
				ASSETCATALOG_COMPILER_APPICON_NAME = AppIcon;
				ASSETCATALOG_COMPILER_GLOBAL_ACCENT_COLOR_NAME = AccentColor;
				CODE_SIGN_STYLE = Automatic;
				CURRENT_PROJECT_VERSION = 1;
				DEVELOPMENT_TEAM = 6283CFQE2Y;
				GENERATE_INFOPLIST_FILE = YES;
				INFOPLIST_FILE = Riverbed/Info.plist;
				INFOPLIST_KEY_UIApplicationSupportsIndirectInputEvents = YES;
				INFOPLIST_KEY_UILaunchStoryboardName = LaunchScreen;
				INFOPLIST_KEY_UIMainStoryboardFile = Main;
				INFOPLIST_KEY_UISupportedInterfaceOrientations_iPad = "UIInterfaceOrientationPortrait UIInterfaceOrientationPortraitUpsideDown UIInterfaceOrientationLandscapeLeft UIInterfaceOrientationLandscapeRight";
				INFOPLIST_KEY_UISupportedInterfaceOrientations_iPhone = "UIInterfaceOrientationPortrait UIInterfaceOrientationLandscapeLeft UIInterfaceOrientationLandscapeRight";
				LD_RUNPATH_SEARCH_PATHS = (
					"$(inherited)",
					"@executable_path/Frameworks",
				);
				MARKETING_VERSION = 1.0;
				PRODUCT_BUNDLE_IDENTIFIER = com.codingitwrong.Riverbed;
				PRODUCT_NAME = "$(TARGET_NAME)";
				SWIFT_EMIT_LOC_STRINGS = YES;
				SWIFT_VERSION = 5.0;
				TARGETED_DEVICE_FAMILY = "1,2";
			};
			name = Debug;
		};
		03027E1E2A13DF9E0063EE24 /* Release */ = {
			isa = XCBuildConfiguration;
			buildSettings = {
				ASSETCATALOG_COMPILER_APPICON_NAME = AppIcon;
				ASSETCATALOG_COMPILER_GLOBAL_ACCENT_COLOR_NAME = AccentColor;
				CODE_SIGN_STYLE = Automatic;
				CURRENT_PROJECT_VERSION = 1;
				DEVELOPMENT_TEAM = 6283CFQE2Y;
				GENERATE_INFOPLIST_FILE = YES;
				INFOPLIST_FILE = Riverbed/Info.plist;
				INFOPLIST_KEY_UIApplicationSupportsIndirectInputEvents = YES;
				INFOPLIST_KEY_UILaunchStoryboardName = LaunchScreen;
				INFOPLIST_KEY_UIMainStoryboardFile = Main;
				INFOPLIST_KEY_UISupportedInterfaceOrientations_iPad = "UIInterfaceOrientationPortrait UIInterfaceOrientationPortraitUpsideDown UIInterfaceOrientationLandscapeLeft UIInterfaceOrientationLandscapeRight";
				INFOPLIST_KEY_UISupportedInterfaceOrientations_iPhone = "UIInterfaceOrientationPortrait UIInterfaceOrientationLandscapeLeft UIInterfaceOrientationLandscapeRight";
				LD_RUNPATH_SEARCH_PATHS = (
					"$(inherited)",
					"@executable_path/Frameworks",
				);
				MARKETING_VERSION = 1.0;
				PRODUCT_BUNDLE_IDENTIFIER = com.codingitwrong.Riverbed;
				PRODUCT_NAME = "$(TARGET_NAME)";
				SWIFT_EMIT_LOC_STRINGS = YES;
				SWIFT_VERSION = 5.0;
				TARGETED_DEVICE_FAMILY = "1,2";
			};
			name = Release;
		};
		03027E202A13DF9E0063EE24 /* Debug */ = {
			isa = XCBuildConfiguration;
			buildSettings = {
				ALWAYS_EMBED_SWIFT_STANDARD_LIBRARIES = YES;
				BUNDLE_LOADER = "$(TEST_HOST)";
				CODE_SIGN_STYLE = Automatic;
				CURRENT_PROJECT_VERSION = 1;
				DEVELOPMENT_TEAM = 6283CFQE2Y;
				GENERATE_INFOPLIST_FILE = YES;
				IPHONEOS_DEPLOYMENT_TARGET = 16.4;
				MARKETING_VERSION = 1.0;
				PRODUCT_BUNDLE_IDENTIFIER = com.codingitwrong.RiverbedTests;
				PRODUCT_NAME = "$(TARGET_NAME)";
				SWIFT_EMIT_LOC_STRINGS = NO;
				SWIFT_VERSION = 5.0;
				TARGETED_DEVICE_FAMILY = "1,2";
				TEST_HOST = "$(BUILT_PRODUCTS_DIR)/Riverbed.app/$(BUNDLE_EXECUTABLE_FOLDER_PATH)/Riverbed";
			};
			name = Debug;
		};
		03027E212A13DF9E0063EE24 /* Release */ = {
			isa = XCBuildConfiguration;
			buildSettings = {
				ALWAYS_EMBED_SWIFT_STANDARD_LIBRARIES = YES;
				BUNDLE_LOADER = "$(TEST_HOST)";
				CODE_SIGN_STYLE = Automatic;
				CURRENT_PROJECT_VERSION = 1;
				DEVELOPMENT_TEAM = 6283CFQE2Y;
				GENERATE_INFOPLIST_FILE = YES;
				IPHONEOS_DEPLOYMENT_TARGET = 16.4;
				MARKETING_VERSION = 1.0;
				PRODUCT_BUNDLE_IDENTIFIER = com.codingitwrong.RiverbedTests;
				PRODUCT_NAME = "$(TARGET_NAME)";
				SWIFT_EMIT_LOC_STRINGS = NO;
				SWIFT_VERSION = 5.0;
				TARGETED_DEVICE_FAMILY = "1,2";
				TEST_HOST = "$(BUILT_PRODUCTS_DIR)/Riverbed.app/$(BUNDLE_EXECUTABLE_FOLDER_PATH)/Riverbed";
			};
			name = Release;
		};
		03027E232A13DF9E0063EE24 /* Debug */ = {
			isa = XCBuildConfiguration;
			buildSettings = {
				ALWAYS_EMBED_SWIFT_STANDARD_LIBRARIES = YES;
				CODE_SIGN_STYLE = Automatic;
				CURRENT_PROJECT_VERSION = 1;
				DEVELOPMENT_TEAM = 6283CFQE2Y;
				GENERATE_INFOPLIST_FILE = YES;
				MARKETING_VERSION = 1.0;
				PRODUCT_BUNDLE_IDENTIFIER = com.codingitwrong.RiverbedUITests;
				PRODUCT_NAME = "$(TARGET_NAME)";
				SWIFT_EMIT_LOC_STRINGS = NO;
				SWIFT_VERSION = 5.0;
				TARGETED_DEVICE_FAMILY = "1,2";
				TEST_TARGET_NAME = Riverbed;
			};
			name = Debug;
		};
		03027E242A13DF9E0063EE24 /* Release */ = {
			isa = XCBuildConfiguration;
			buildSettings = {
				ALWAYS_EMBED_SWIFT_STANDARD_LIBRARIES = YES;
				CODE_SIGN_STYLE = Automatic;
				CURRENT_PROJECT_VERSION = 1;
				DEVELOPMENT_TEAM = 6283CFQE2Y;
				GENERATE_INFOPLIST_FILE = YES;
				MARKETING_VERSION = 1.0;
				PRODUCT_BUNDLE_IDENTIFIER = com.codingitwrong.RiverbedUITests;
				PRODUCT_NAME = "$(TARGET_NAME)";
				SWIFT_EMIT_LOC_STRINGS = NO;
				SWIFT_VERSION = 5.0;
				TARGETED_DEVICE_FAMILY = "1,2";
				TEST_TARGET_NAME = Riverbed;
			};
			name = Release;
		};
/* End XCBuildConfiguration section */

/* Begin XCConfigurationList section */
		03027DED2A13DF9D0063EE24 /* Build configuration list for PBXProject "Riverbed" */ = {
			isa = XCConfigurationList;
			buildConfigurations = (
				03027E1A2A13DF9E0063EE24 /* Debug */,
				03027E1B2A13DF9E0063EE24 /* Release */,
			);
			defaultConfigurationIsVisible = 0;
			defaultConfigurationName = Release;
		};
		03027E1C2A13DF9E0063EE24 /* Build configuration list for PBXNativeTarget "Riverbed" */ = {
			isa = XCConfigurationList;
			buildConfigurations = (
				03027E1D2A13DF9E0063EE24 /* Debug */,
				03027E1E2A13DF9E0063EE24 /* Release */,
			);
			defaultConfigurationIsVisible = 0;
			defaultConfigurationName = Release;
		};
		03027E1F2A13DF9E0063EE24 /* Build configuration list for PBXNativeTarget "RiverbedTests" */ = {
			isa = XCConfigurationList;
			buildConfigurations = (
				03027E202A13DF9E0063EE24 /* Debug */,
				03027E212A13DF9E0063EE24 /* Release */,
			);
			defaultConfigurationIsVisible = 0;
			defaultConfigurationName = Release;
		};
		03027E222A13DF9E0063EE24 /* Build configuration list for PBXNativeTarget "RiverbedUITests" */ = {
			isa = XCConfigurationList;
			buildConfigurations = (
				03027E232A13DF9E0063EE24 /* Debug */,
				03027E242A13DF9E0063EE24 /* Release */,
			);
			defaultConfigurationIsVisible = 0;
			defaultConfigurationName = Release;
		};
/* End XCConfigurationList section */
	};
	rootObject = 03027DEA2A13DF9D0063EE24 /* Project object */;
}
