// !$*UTF8*$!
{
	archiveVersion = 1;
	classes = {
	};
	objectVersion = 56;
	objects = {

/* Begin PBXBuildFile section */
		03010CC62A34840900EF32D1 /* EditColumnViewController.swift in Sources */ = {isa = PBXBuildFile; fileRef = 03010CC52A34840900EF32D1 /* EditColumnViewController.swift */; };
		03010CC82A348C9200EF32D1 /* SortByCell.swift in Sources */ = {isa = PBXBuildFile; fileRef = 03010CC72A348C9200EF32D1 /* SortByCell.swift */; };
		03010CCA2A348C9A00EF32D1 /* SortByCell.xib in Resources */ = {isa = PBXBuildFile; fileRef = 03010CC92A348C9A00EF32D1 /* SortByCell.xib */; };
		03010CCC2A34943500EF32D1 /* SummaryCell.swift in Sources */ = {isa = PBXBuildFile; fileRef = 03010CCB2A34943500EF32D1 /* SummaryCell.swift */; };
		03010CCE2A34948400EF32D1 /* SummaryFunction.swift in Sources */ = {isa = PBXBuildFile; fileRef = 03010CCD2A34948400EF32D1 /* SummaryFunction.swift */; };
		03010CD02A34957B00EF32D1 /* SummaryCell.xib in Resources */ = {isa = PBXBuildFile; fileRef = 03010CCF2A34957B00EF32D1 /* SummaryCell.xib */; };
		03010CD22A3498B800EF32D1 /* UIMenuElementState+StateForIsSelected.swift in Sources */ = {isa = PBXBuildFile; fileRef = 03010CD12A3498B800EF32D1 /* UIMenuElementState+StateForIsSelected.swift */; };
		03010CD42A35D59E00EF32D1 /* ButtonCell.swift in Sources */ = {isa = PBXBuildFile; fileRef = 03010CD32A35D59E00EF32D1 /* ButtonCell.swift */; };
		03010CD62A35D5A900EF32D1 /* ButtonCell.xib in Resources */ = {isa = PBXBuildFile; fileRef = 03010CD52A35D5A900EF32D1 /* ButtonCell.xib */; };
		03010CD82A35DAB300EF32D1 /* ConditionsViewController.swift in Sources */ = {isa = PBXBuildFile; fileRef = 03010CD72A35DAB300EF32D1 /* ConditionsViewController.swift */; };
		03010CDA2A362E2700EF32D1 /* EditConditionViewController.swift in Sources */ = {isa = PBXBuildFile; fileRef = 03010CD92A362E2700EF32D1 /* EditConditionViewController.swift */; };
		03027DF62A13DF9D0063EE24 /* AppDelegate.swift in Sources */ = {isa = PBXBuildFile; fileRef = 03027DF52A13DF9D0063EE24 /* AppDelegate.swift */; };
		03027DF82A13DF9D0063EE24 /* SceneDelegate.swift in Sources */ = {isa = PBXBuildFile; fileRef = 03027DF72A13DF9D0063EE24 /* SceneDelegate.swift */; };
		03027DFD2A13DF9D0063EE24 /* Main.storyboard in Resources */ = {isa = PBXBuildFile; fileRef = 03027DFB2A13DF9D0063EE24 /* Main.storyboard */; };
		03027DFF2A13DF9E0063EE24 /* Assets.xcassets in Resources */ = {isa = PBXBuildFile; fileRef = 03027DFE2A13DF9E0063EE24 /* Assets.xcassets */; };
		03027E022A13DF9E0063EE24 /* LaunchScreen.storyboard in Resources */ = {isa = PBXBuildFile; fileRef = 03027E002A13DF9E0063EE24 /* LaunchScreen.storyboard */; };
		03027E172A13DF9E0063EE24 /* RiverbedUITests.swift in Sources */ = {isa = PBXBuildFile; fileRef = 03027E162A13DF9E0063EE24 /* RiverbedUITests.swift */; };
		0302F0EA2A62A33500030D96 /* SignUpViewController.swift in Sources */ = {isa = PBXBuildFile; fileRef = 0302F0E92A62A33500030D96 /* SignUpViewController.swift */; };
		0304DACA2A54381900A7C2DE /* EditColumnNavigationController.swift in Sources */ = {isa = PBXBuildFile; fileRef = 0304DAC92A54381900A7C2DE /* EditColumnNavigationController.swift */; };
		0304DACC2A544FB700A7C2DE /* EditElementNavigationController.swift in Sources */ = {isa = PBXBuildFile; fileRef = 0304DACB2A544FB700A7C2DE /* EditElementNavigationController.swift */; };
		0308F4EC2A675DC30079F4A9 /* BoardListCollectionViewController.swift in Sources */ = {isa = PBXBuildFile; fileRef = 0308F4EB2A675DC30079F4A9 /* BoardListCollectionViewController.swift */; };
		0308F4EE2A67E1D60079F4A9 /* TitleSupplementaryView.swift in Sources */ = {isa = PBXBuildFile; fileRef = 0308F4ED2A67E1D60079F4A9 /* TitleSupplementaryView.swift */; };
		0308F4F02A67EB730079F4A9 /* ButtonSupplementaryView.swift in Sources */ = {isa = PBXBuildFile; fileRef = 0308F4EF2A67EB730079F4A9 /* ButtonSupplementaryView.swift */; };
		0308F4F22A680CF40079F4A9 /* CollectionViewColumnCell.swift in Sources */ = {isa = PBXBuildFile; fileRef = 0308F4F12A680CF40079F4A9 /* CollectionViewColumnCell.swift */; };
		0308F4F42A680D050079F4A9 /* CardSummaryCollectionCell.swift in Sources */ = {isa = PBXBuildFile; fileRef = 0308F4F32A680D050079F4A9 /* CardSummaryCollectionCell.swift */; };
		031094102A3DC06A0051B93F /* UserSettingsViewController.swift in Sources */ = {isa = PBXBuildFile; fileRef = 0310940F2A3DC06A0051B93F /* UserSettingsViewController.swift */; };
		031094122A3DC2910051B93F /* UserStore.swift in Sources */ = {isa = PBXBuildFile; fileRef = 031094112A3DC2910051B93F /* UserStore.swift */; };
		031094142A3DC3340051B93F /* User.swift in Sources */ = {isa = PBXBuildFile; fileRef = 031094132A3DC3340051B93F /* User.swift */; };
		031094162A3FC1120051B93F /* ShareViewController.swift in Sources */ = {isa = PBXBuildFile; fileRef = 031094152A3FC1120051B93F /* ShareViewController.swift */; };
		031094182A4083520051B93F /* ChoicesViewController.swift in Sources */ = {isa = PBXBuildFile; fileRef = 031094172A4083520051B93F /* ChoicesViewController.swift */; };
		031189652A2A02A400334B63 /* QueryTests.swift in Sources */ = {isa = PBXBuildFile; fileRef = 031189642A2A02A400334B63 /* QueryTests.swift */; };
		0328D1C42A393A420079576C /* ActionsViewController.swift in Sources */ = {isa = PBXBuildFile; fileRef = 0328D1C32A393A420079576C /* ActionsViewController.swift */; };
		0328D1C62A39C4B80079576C /* EditActionViewController.swift in Sources */ = {isa = PBXBuildFile; fileRef = 0328D1C52A39C4B80079576C /* EditActionViewController.swift */; };
		0328D1D12A39D6F70079576C /* MainInterface.storyboard in Resources */ = {isa = PBXBuildFile; fileRef = 0328D1CF2A39D6F70079576C /* MainInterface.storyboard */; };
		0328D1D52A39D6F70079576C /* RiverbedShare.appex in Embed Foundation Extensions */ = {isa = PBXBuildFile; fileRef = 0328D1CB2A39D6F70079576C /* RiverbedShare.appex */; settings = {ATTRIBUTES = (RemoveHeadersOnCopy, ); }; };
		0328D1E02A39DB0C0079576C /* Attachment.swift in Sources */ = {isa = PBXBuildFile; fileRef = 0328D1DC2A39DB0C0079576C /* Attachment.swift */; };
		0328D1E12A39DB0C0079576C /* AttachmentHandler.swift in Sources */ = {isa = PBXBuildFile; fileRef = 0328D1DD2A39DB0C0079576C /* AttachmentHandler.swift */; };
		0328D1E22A39DCC70079576C /* RiverbedAPI.swift in Sources */ = {isa = PBXBuildFile; fileRef = 0342FC7B2A17B71000CB8075 /* RiverbedAPI.swift */; };
		0328D1E32A39DDE80079576C /* Board.swift in Sources */ = {isa = PBXBuildFile; fileRef = 0342FC702A17960000CB8075 /* Board.swift */; };
		0328D1E42A39DDEB0079576C /* Card.swift in Sources */ = {isa = PBXBuildFile; fileRef = 0342FC7F2A17C24100CB8075 /* Card.swift */; };
		0328D1E52A39DDED0079576C /* Column.swift in Sources */ = {isa = PBXBuildFile; fileRef = 0342FC7D2A17B7CE00CB8075 /* Column.swift */; };
		0328D1E62A39DDF00079576C /* Element.swift in Sources */ = {isa = PBXBuildFile; fileRef = 038BBC2F2A1811C900BB2284 /* Element.swift */; };
		0328D1E72A39DDFA0079576C /* Condition.swift in Sources */ = {isa = PBXBuildFile; fileRef = 032F2C872A1AEA17008208E9 /* Condition.swift */; };
		0328D1E82A39DE360079576C /* Icon.swift in Sources */ = {isa = PBXBuildFile; fileRef = 03DC304E2A23E72100ABC4CB /* Icon.swift */; };
		0328D1E92A39DE390079576C /* ColorTheme.swift in Sources */ = {isa = PBXBuildFile; fileRef = 03DC30502A24BD0A00ABC4CB /* ColorTheme.swift */; };
		0328D1EA2A39DE470079576C /* Command.swift in Sources */ = {isa = PBXBuildFile; fileRef = 03DC30452A23793800ABC4CB /* Command.swift */; };
		0328D1EB2A39DE4D0079576C /* Query.swift in Sources */ = {isa = PBXBuildFile; fileRef = 032F2C852A1AE806008208E9 /* Query.swift */; };
		0328D1EC2A39DE4F0079576C /* SummaryFunction.swift in Sources */ = {isa = PBXBuildFile; fileRef = 03010CCD2A34948400EF32D1 /* SummaryFunction.swift */; };
		0328D1ED2A39DE510079576C /* TextSize.swift in Sources */ = {isa = PBXBuildFile; fileRef = 03DC304C2A23E10400ABC4CB /* TextSize.swift */; };
		0328D1EE2A39DE540079576C /* Value.swift in Sources */ = {isa = PBXBuildFile; fileRef = 03DC30472A23798E00ABC4CB /* Value.swift */; };
		0328D1EF2A39DE5C0079576C /* DateUtils.swift in Sources */ = {isa = PBXBuildFile; fileRef = 03944AA02A1AAE0000639AC7 /* DateUtils.swift */; };
		0328D1F02A39DE5E0079576C /* DateTimeUtils.swift in Sources */ = {isa = PBXBuildFile; fileRef = 03944AA22A1AAEDE00639AC7 /* DateTimeUtils.swift */; };
		0328D1F12A39DE970079576C /* Utils.swift in Sources */ = {isa = PBXBuildFile; fileRef = 0342FC782A17B6D400CB8075 /* Utils.swift */; };
		032E3AD92A4CD82E001D04F4 /* FieldValue.swift in Sources */ = {isa = PBXBuildFile; fileRef = 032E3AD82A4CD82E001D04F4 /* FieldValue.swift */; };
		032E3ADA2A4CD872001D04F4 /* FieldValue.swift in Sources */ = {isa = PBXBuildFile; fileRef = 032E3AD82A4CD82E001D04F4 /* FieldValue.swift */; };
		032E3ADC2A4CD8F9001D04F4 /* JSONAPI.swift in Sources */ = {isa = PBXBuildFile; fileRef = 032E3ADB2A4CD8F9001D04F4 /* JSONAPI.swift */; };
		032E3ADD2A4CD925001D04F4 /* JSONAPI.swift in Sources */ = {isa = PBXBuildFile; fileRef = 032E3ADB2A4CD8F9001D04F4 /* JSONAPI.swift */; };
		032F2C862A1AE806008208E9 /* Query.swift in Sources */ = {isa = PBXBuildFile; fileRef = 032F2C852A1AE806008208E9 /* Query.swift */; };
		032F2C882A1AEA17008208E9 /* Condition.swift in Sources */ = {isa = PBXBuildFile; fileRef = 032F2C872A1AEA17008208E9 /* Condition.swift */; };
		0342FC6E2A17959F00CB8075 /* BoardStore.swift in Sources */ = {isa = PBXBuildFile; fileRef = 0342FC6D2A17959F00CB8075 /* BoardStore.swift */; };
		0342FC712A17960000CB8075 /* Board.swift in Sources */ = {isa = PBXBuildFile; fileRef = 0342FC702A17960000CB8075 /* Board.swift */; };
		0342FC732A17B51A00CB8075 /* BoardViewController.swift in Sources */ = {isa = PBXBuildFile; fileRef = 0342FC722A17B51A00CB8075 /* BoardViewController.swift */; };
		0342FC752A17B68200CB8075 /* ColumnStore.swift in Sources */ = {isa = PBXBuildFile; fileRef = 0342FC742A17B68200CB8075 /* ColumnStore.swift */; };
		0342FC772A17B69D00CB8075 /* APIError.swift in Sources */ = {isa = PBXBuildFile; fileRef = 0342FC762A17B69D00CB8075 /* APIError.swift */; };
		0342FC792A17B6D400CB8075 /* Utils.swift in Sources */ = {isa = PBXBuildFile; fileRef = 0342FC782A17B6D400CB8075 /* Utils.swift */; };
		0342FC7C2A17B71000CB8075 /* RiverbedAPI.swift in Sources */ = {isa = PBXBuildFile; fileRef = 0342FC7B2A17B71000CB8075 /* RiverbedAPI.swift */; };
		0342FC7E2A17B7CE00CB8075 /* Column.swift in Sources */ = {isa = PBXBuildFile; fileRef = 0342FC7D2A17B7CE00CB8075 /* Column.swift */; };
		0342FC802A17C24100CB8075 /* Card.swift in Sources */ = {isa = PBXBuildFile; fileRef = 0342FC7F2A17C24100CB8075 /* Card.swift */; };
		0342FC822A17C2D300CB8075 /* CardStore.swift in Sources */ = {isa = PBXBuildFile; fileRef = 0342FC812A17C2D300CB8075 /* CardStore.swift */; };
		034655042A3081F300F6AEEE /* TableView+DequeueOrRegisterCell.swift in Sources */ = {isa = PBXBuildFile; fileRef = 034655032A3081F300F6AEEE /* TableView+DequeueOrRegisterCell.swift */; };
		034655062A30857100F6AEEE /* ButtonElementCell.xib in Resources */ = {isa = PBXBuildFile; fileRef = 034655052A30857100F6AEEE /* ButtonElementCell.xib */; };
		034655082A30865B00F6AEEE /* ButtonMenuElementCell.xib in Resources */ = {isa = PBXBuildFile; fileRef = 034655072A30865B00F6AEEE /* ButtonMenuElementCell.xib */; };
		0346550A2A3086DC00F6AEEE /* ReadOnlyElementCell.xib in Resources */ = {isa = PBXBuildFile; fileRef = 034655092A3086DC00F6AEEE /* ReadOnlyElementCell.xib */; };
		0346550C2A30AE6900F6AEEE /* EditBoardViewController.swift in Sources */ = {isa = PBXBuildFile; fileRef = 0346550B2A30AE6900F6AEEE /* EditBoardViewController.swift */; };
		034D09DB2A2EA3F600106EE1 /* TextElementCell.xib in Resources */ = {isa = PBXBuildFile; fileRef = 034D09DA2A2EA3F600106EE1 /* TextElementCell.xib */; };
		034D09DD2A2F4DD600106EE1 /* ChoiceElementCell.xib in Resources */ = {isa = PBXBuildFile; fileRef = 034D09DC2A2F4DD600106EE1 /* ChoiceElementCell.xib */; };
		034D09DF2A2F4EB900106EE1 /* DateElementCell.xib in Resources */ = {isa = PBXBuildFile; fileRef = 034D09DE2A2F4EB900106EE1 /* DateElementCell.xib */; };
		034D09E12A2F507000106EE1 /* GeolocationElementCell.xib in Resources */ = {isa = PBXBuildFile; fileRef = 034D09E02A2F507000106EE1 /* GeolocationElementCell.xib */; };
		035C3E9B2A1D8F9200760AE5 /* UtilsTests.swift in Sources */ = {isa = PBXBuildFile; fileRef = 035C3E9A2A1D8F9200760AE5 /* UtilsTests.swift */; };
		036445482A48B70A0081756C /* ValueTests.swift in Sources */ = {isa = PBXBuildFile; fileRef = 036445472A48B70A0081756C /* ValueTests.swift */; };
		036D82082A3153880064F05B /* TextFieldCell.xib in Resources */ = {isa = PBXBuildFile; fileRef = 036D82072A3153880064F05B /* TextFieldCell.xib */; };
		036D820A2A3154200064F05B /* SwitchCell.xib in Resources */ = {isa = PBXBuildFile; fileRef = 036D82092A3154200064F05B /* SwitchCell.xib */; };
		036D820C2A3154BB0064F05B /* PopUpButtonCell.xib in Resources */ = {isa = PBXBuildFile; fileRef = 036D820B2A3154BB0064F05B /* PopUpButtonCell.xib */; };
		036D820E2A31E4BD0064F05B /* UIViewController+KeyboardDismissing.swift in Sources */ = {isa = PBXBuildFile; fileRef = 036D820D2A31E4BD0064F05B /* UIViewController+KeyboardDismissing.swift */; };
		03830DA92C20CCF600EE360B /* DateUtilsTests.swift in Sources */ = {isa = PBXBuildFile; fileRef = 03830DA82C20CCF600EE360B /* DateUtilsTests.swift */; };
		03830DAB2C232FAF00EE360B /* EditBoardViewControllerTests.swift in Sources */ = {isa = PBXBuildFile; fileRef = 03830DAA2C232FAF00EE360B /* EditBoardViewControllerTests.swift */; };
		03830DB22C23571800EE360B /* EditActionViewControllerTests.swift in Sources */ = {isa = PBXBuildFile; fileRef = 03830DB12C23571800EE360B /* EditActionViewControllerTests.swift */; };
		03830DB92C23953900EE360B /* EditConditionViewControllerTests.swift in Sources */ = {isa = PBXBuildFile; fileRef = 03830DB82C23953900EE360B /* EditConditionViewControllerTests.swift */; };
		03830DBC2C239B0200EE360B /* SignInViewControllerTests.swift in Sources */ = {isa = PBXBuildFile; fileRef = 03830DBB2C239B0200EE360B /* SignInViewControllerTests.swift */; };
		03830DC22C24528800EE360B /* MockTokenStore.swift in Sources */ = {isa = PBXBuildFile; fileRef = 03830DC12C24528800EE360B /* MockTokenStore.swift */; };
		03830DC42C2457FB00EE360B /* SignUpViewControllerTests.swift in Sources */ = {isa = PBXBuildFile; fileRef = 03830DC32C2457FB00EE360B /* SignUpViewControllerTests.swift */; };
		03830DC62C245F6E00EE360B /* MockUserStore.swift in Sources */ = {isa = PBXBuildFile; fileRef = 03830DC52C245F6E00EE360B /* MockUserStore.swift */; };
		03830DCA2C2492A000EE360B /* ViewControllerPresentationSpy.xcframework in Frameworks */ = {isa = PBXBuildFile; fileRef = 03830DC92C2492A000EE360B /* ViewControllerPresentationSpy.xcframework */; };
		03830DCF2C2494CA00EE360B /* EditColumnViewControllerTests.swift in Sources */ = {isa = PBXBuildFile; fileRef = 03830DCE2C2494CA00EE360B /* EditColumnViewControllerTests.swift */; };
		03830DD12C25094B00EE360B /* EditButtonMenuItemViewControllerTests.swift in Sources */ = {isa = PBXBuildFile; fileRef = 03830DD02C25094B00EE360B /* EditButtonMenuItemViewControllerTests.swift */; };
		03830DD32C259F4A00EE360B /* TestHelpers.swift in Sources */ = {isa = PBXBuildFile; fileRef = 03830DD22C259F4A00EE360B /* TestHelpers.swift */; };
		03830DD52C25AD7000EE360B /* MockBoardStore.swift in Sources */ = {isa = PBXBuildFile; fileRef = 03830DD42C25AD7000EE360B /* MockBoardStore.swift */; };
		03830DD72C25B6A900EE360B /* ChoicesViewControllerTests.swift in Sources */ = {isa = PBXBuildFile; fileRef = 03830DD62C25B6A900EE360B /* ChoicesViewControllerTests.swift */; };
		03830DD92C25BF7300EE360B /* ButtonMenuItemsViewControllerTests.swift in Sources */ = {isa = PBXBuildFile; fileRef = 03830DD82C25BF7300EE360B /* ButtonMenuItemsViewControllerTests.swift */; };
		03830DDB2C25C77600EE360B /* ActionsViewControllerTests.swift in Sources */ = {isa = PBXBuildFile; fileRef = 03830DDA2C25C77600EE360B /* ActionsViewControllerTests.swift */; };
		038BBC2E2A1811C300BB2284 /* ElementStore.swift in Sources */ = {isa = PBXBuildFile; fileRef = 038BBC2D2A1811C300BB2284 /* ElementStore.swift */; };
		038BBC302A1811C900BB2284 /* Element.swift in Sources */ = {isa = PBXBuildFile; fileRef = 038BBC2F2A1811C900BB2284 /* Element.swift */; };
		038BBC322A1823ED00BB2284 /* CardViewController.swift in Sources */ = {isa = PBXBuildFile; fileRef = 038BBC312A1823ED00BB2284 /* CardViewController.swift */; };
		038D35C42A4CB6E500F546DD /* Action.swift in Sources */ = {isa = PBXBuildFile; fileRef = 038D35C32A4CB6E500F546DD /* Action.swift */; };
		038D35C52A4CB75B00F546DD /* Action.swift in Sources */ = {isa = PBXBuildFile; fileRef = 038D35C32A4CB6E500F546DD /* Action.swift */; };
		038D35C72A4CB7F800F546DD /* ActionTests.swift in Sources */ = {isa = PBXBuildFile; fileRef = 038D35C62A4CB7F800F546DD /* ActionTests.swift */; };
		03907BB32A29F7BC00203748 /* BaseStore.swift in Sources */ = {isa = PBXBuildFile; fileRef = 03907BB22A29F7BC00203748 /* BaseStore.swift */; };
		03944A902A195FF000639AC7 /* TextElementCell.swift in Sources */ = {isa = PBXBuildFile; fileRef = 03944A8F2A195FF000639AC7 /* TextElementCell.swift */; };
		03944A922A1960AD00639AC7 /* DateElementCell.swift in Sources */ = {isa = PBXBuildFile; fileRef = 03944A912A1960AD00639AC7 /* DateElementCell.swift */; };
		03944A942A19737E00639AC7 /* ChoiceElementCell.swift in Sources */ = {isa = PBXBuildFile; fileRef = 03944A932A19737E00639AC7 /* ChoiceElementCell.swift */; };
		03944A962A1976C400639AC7 /* ElementCell.swift in Sources */ = {isa = PBXBuildFile; fileRef = 03944A952A1976C400639AC7 /* ElementCell.swift */; };
		03944A982A19788F00639AC7 /* GeolocationElementCell.swift in Sources */ = {isa = PBXBuildFile; fileRef = 03944A972A19788F00639AC7 /* GeolocationElementCell.swift */; };
		03944A9B2A19860400639AC7 /* ButtonElementCell.swift in Sources */ = {isa = PBXBuildFile; fileRef = 03944A9A2A19860400639AC7 /* ButtonElementCell.swift */; };
		03944A9D2A19877B00639AC7 /* ButtonMenuElementCell.swift in Sources */ = {isa = PBXBuildFile; fileRef = 03944A9C2A19877B00639AC7 /* ButtonMenuElementCell.swift */; };
		03944AA12A1AAE0000639AC7 /* DateUtils.swift in Sources */ = {isa = PBXBuildFile; fileRef = 03944AA02A1AAE0000639AC7 /* DateUtils.swift */; };
		03944AA32A1AAEDE00639AC7 /* DateTimeUtils.swift in Sources */ = {isa = PBXBuildFile; fileRef = 03944AA22A1AAEDE00639AC7 /* DateTimeUtils.swift */; };
		03A3EF652A3BD10B00B68109 /* SignInViewController.swift in Sources */ = {isa = PBXBuildFile; fileRef = 03A3EF642A3BD10B00B68109 /* SignInViewController.swift */; };
		03A3EF672A3BD37E00B68109 /* KeychainStore.swift in Sources */ = {isa = PBXBuildFile; fileRef = 03A3EF662A3BD37E00B68109 /* KeychainStore.swift */; };
		03A3EF692A3BD9F200B68109 /* SessionSource.swift in Sources */ = {isa = PBXBuildFile; fileRef = 03A3EF682A3BD9F200B68109 /* SessionSource.swift */; };
		03A3EF6F2A3C715600B68109 /* DeviceStorageSessionSource.swift in Sources */ = {isa = PBXBuildFile; fileRef = 03A3EF6E2A3C715600B68109 /* DeviceStorageSessionSource.swift */; };
		03A3EF712A3C74F700B68109 /* TokenStore.swift in Sources */ = {isa = PBXBuildFile; fileRef = 03A3EF702A3C74F700B68109 /* TokenStore.swift */; };
		03A3EF722A3C7E9500B68109 /* KeychainStore.swift in Sources */ = {isa = PBXBuildFile; fileRef = 03A3EF662A3BD37E00B68109 /* KeychainStore.swift */; };
		03C526112E041E1700160100 /* Riverbed Icon Apple.icon in Resources */ = {isa = PBXBuildFile; fileRef = 03C526102E041E1700160100 /* Riverbed Icon Apple.icon */; };
		03C8F07D2A2C9E9800F6AF90 /* TextFieldCell.swift in Sources */ = {isa = PBXBuildFile; fileRef = 03C8F07C2A2C9E9800F6AF90 /* TextFieldCell.swift */; };
		03C8F07F2A2C9EFE00F6AF90 /* EditElementViewController.swift in Sources */ = {isa = PBXBuildFile; fileRef = 03C8F07E2A2C9EFE00F6AF90 /* EditElementViewController.swift */; };
		03C8F0812A2C9F4800F6AF90 /* FormCellDelegate.swift in Sources */ = {isa = PBXBuildFile; fileRef = 03C8F0802A2C9F4800F6AF90 /* FormCellDelegate.swift */; };
		03C8F0852A2CFF9300F6AF90 /* SwitchCell.swift in Sources */ = {isa = PBXBuildFile; fileRef = 03C8F0842A2CFF9300F6AF90 /* SwitchCell.swift */; };
		03C8F0872A2DF48600F6AF90 /* PopUpButtonCell.swift in Sources */ = {isa = PBXBuildFile; fileRef = 03C8F0862A2DF48600F6AF90 /* PopUpButtonCell.swift */; };
		03D6688B2A1CBA8A00597D9E /* RiverbedSplitViewController.swift in Sources */ = {isa = PBXBuildFile; fileRef = 03D6688A2A1CBA8A00597D9E /* RiverbedSplitViewController.swift */; };
		03D6688D2A1CC78F00597D9E /* CardTests.swift in Sources */ = {isa = PBXBuildFile; fileRef = 03D6688C2A1CC78F00597D9E /* CardTests.swift */; };
		03DC30442A23746B00ABC4CB /* ReadOnlyElementCell.swift in Sources */ = {isa = PBXBuildFile; fileRef = 03DC30432A23746B00ABC4CB /* ReadOnlyElementCell.swift */; };
		03DC30462A23793800ABC4CB /* Command.swift in Sources */ = {isa = PBXBuildFile; fileRef = 03DC30452A23793800ABC4CB /* Command.swift */; };
		03DC30482A23798E00ABC4CB /* Value.swift in Sources */ = {isa = PBXBuildFile; fileRef = 03DC30472A23798E00ABC4CB /* Value.swift */; };
		03DC304B2A23D86000ABC4CB /* BoardCell.swift in Sources */ = {isa = PBXBuildFile; fileRef = 03DC304A2A23D86000ABC4CB /* BoardCell.swift */; };
		03DC304D2A23E10400ABC4CB /* TextSize.swift in Sources */ = {isa = PBXBuildFile; fileRef = 03DC304C2A23E10400ABC4CB /* TextSize.swift */; };
		03DC304F2A23E72100ABC4CB /* Icon.swift in Sources */ = {isa = PBXBuildFile; fileRef = 03DC304E2A23E72100ABC4CB /* Icon.swift */; };
		03DC30512A24BD0A00ABC4CB /* ColorTheme.swift in Sources */ = {isa = PBXBuildFile; fileRef = 03DC30502A24BD0A00ABC4CB /* ColorTheme.swift */; };
		03E9F1092A60148900442A9E /* ButtonMenuItemsViewController.swift in Sources */ = {isa = PBXBuildFile; fileRef = 03E9F1082A60148900442A9E /* ButtonMenuItemsViewController.swift */; };
		03E9F10B2A60229700442A9E /* EditButtonMenuItemViewController.swift in Sources */ = {isa = PBXBuildFile; fileRef = 03E9F10A2A60229700442A9E /* EditButtonMenuItemViewController.swift */; };
		03EB506A2A6BDE25004F5AB5 /* CardSummaryCollectionCell.xib in Resources */ = {isa = PBXBuildFile; fileRef = 03EB50692A6BDE25004F5AB5 /* CardSummaryCollectionCell.xib */; };
		03EB506E2A6BE8B5004F5AB5 /* NoCardsCell.xib in Resources */ = {isa = PBXBuildFile; fileRef = 03EB506D2A6BE8B5004F5AB5 /* NoCardsCell.xib */; };
/* End PBXBuildFile section */

/* Begin PBXContainerItemProxy section */
		03027E092A13DF9E0063EE24 /* PBXContainerItemProxy */ = {
			isa = PBXContainerItemProxy;
			containerPortal = 03027DEA2A13DF9D0063EE24 /* Project object */;
			proxyType = 1;
			remoteGlobalIDString = 03027DF12A13DF9D0063EE24;
			remoteInfo = Riverbed;
		};
		03027E132A13DF9E0063EE24 /* PBXContainerItemProxy */ = {
			isa = PBXContainerItemProxy;
			containerPortal = 03027DEA2A13DF9D0063EE24 /* Project object */;
			proxyType = 1;
			remoteGlobalIDString = 03027DF12A13DF9D0063EE24;
			remoteInfo = Riverbed;
		};
		0328D1D32A39D6F70079576C /* PBXContainerItemProxy */ = {
			isa = PBXContainerItemProxy;
			containerPortal = 03027DEA2A13DF9D0063EE24 /* Project object */;
			proxyType = 1;
			remoteGlobalIDString = 0328D1CA2A39D6F70079576C;
			remoteInfo = RiverbedShare;
		};
/* End PBXContainerItemProxy section */

/* Begin PBXCopyFilesBuildPhase section */
		0328D1D92A39D6F70079576C /* Embed Foundation Extensions */ = {
			isa = PBXCopyFilesBuildPhase;
			buildActionMask = 2147483647;
			dstPath = "";
			dstSubfolderSpec = 13;
			files = (
				0328D1D52A39D6F70079576C /* RiverbedShare.appex in Embed Foundation Extensions */,
			);
			name = "Embed Foundation Extensions";
			runOnlyForDeploymentPostprocessing = 0;
		};
/* End PBXCopyFilesBuildPhase section */

/* Begin PBXFileReference section */
		03010CC52A34840900EF32D1 /* EditColumnViewController.swift */ = {isa = PBXFileReference; lastKnownFileType = sourcecode.swift; path = EditColumnViewController.swift; sourceTree = "<group>"; };
		03010CC72A348C9200EF32D1 /* SortByCell.swift */ = {isa = PBXFileReference; lastKnownFileType = sourcecode.swift; path = SortByCell.swift; sourceTree = "<group>"; };
		03010CC92A348C9A00EF32D1 /* SortByCell.xib */ = {isa = PBXFileReference; lastKnownFileType = file.xib; path = SortByCell.xib; sourceTree = "<group>"; };
		03010CCB2A34943500EF32D1 /* SummaryCell.swift */ = {isa = PBXFileReference; lastKnownFileType = sourcecode.swift; path = SummaryCell.swift; sourceTree = "<group>"; };
		03010CCD2A34948400EF32D1 /* SummaryFunction.swift */ = {isa = PBXFileReference; lastKnownFileType = sourcecode.swift; path = SummaryFunction.swift; sourceTree = "<group>"; };
		03010CCF2A34957B00EF32D1 /* SummaryCell.xib */ = {isa = PBXFileReference; lastKnownFileType = file.xib; path = SummaryCell.xib; sourceTree = "<group>"; };
		03010CD12A3498B800EF32D1 /* UIMenuElementState+StateForIsSelected.swift */ = {isa = PBXFileReference; lastKnownFileType = sourcecode.swift; path = "UIMenuElementState+StateForIsSelected.swift"; sourceTree = "<group>"; };
		03010CD32A35D59E00EF32D1 /* ButtonCell.swift */ = {isa = PBXFileReference; lastKnownFileType = sourcecode.swift; path = ButtonCell.swift; sourceTree = "<group>"; };
		03010CD52A35D5A900EF32D1 /* ButtonCell.xib */ = {isa = PBXFileReference; lastKnownFileType = file.xib; path = ButtonCell.xib; sourceTree = "<group>"; };
		03010CD72A35DAB300EF32D1 /* ConditionsViewController.swift */ = {isa = PBXFileReference; lastKnownFileType = sourcecode.swift; path = ConditionsViewController.swift; sourceTree = "<group>"; };
		03010CD92A362E2700EF32D1 /* EditConditionViewController.swift */ = {isa = PBXFileReference; lastKnownFileType = sourcecode.swift; path = EditConditionViewController.swift; sourceTree = "<group>"; };
		03027DF22A13DF9D0063EE24 /* Riverbed.app */ = {isa = PBXFileReference; explicitFileType = wrapper.application; includeInIndex = 0; path = Riverbed.app; sourceTree = BUILT_PRODUCTS_DIR; };
		03027DF52A13DF9D0063EE24 /* AppDelegate.swift */ = {isa = PBXFileReference; lastKnownFileType = sourcecode.swift; path = AppDelegate.swift; sourceTree = "<group>"; };
		03027DF72A13DF9D0063EE24 /* SceneDelegate.swift */ = {isa = PBXFileReference; lastKnownFileType = sourcecode.swift; path = SceneDelegate.swift; sourceTree = "<group>"; };
		03027DFC2A13DF9D0063EE24 /* Base */ = {isa = PBXFileReference; lastKnownFileType = file.storyboard; name = Base; path = Base.lproj/Main.storyboard; sourceTree = "<group>"; };
		03027DFE2A13DF9E0063EE24 /* Assets.xcassets */ = {isa = PBXFileReference; lastKnownFileType = folder.assetcatalog; path = Assets.xcassets; sourceTree = "<group>"; };
		03027E012A13DF9E0063EE24 /* Base */ = {isa = PBXFileReference; lastKnownFileType = file.storyboard; name = Base; path = Base.lproj/LaunchScreen.storyboard; sourceTree = "<group>"; };
		03027E032A13DF9E0063EE24 /* Info.plist */ = {isa = PBXFileReference; lastKnownFileType = text.plist.xml; path = Info.plist; sourceTree = "<group>"; };
		03027E082A13DF9E0063EE24 /* RiverbedTests.xctest */ = {isa = PBXFileReference; explicitFileType = wrapper.cfbundle; includeInIndex = 0; path = RiverbedTests.xctest; sourceTree = BUILT_PRODUCTS_DIR; };
		03027E122A13DF9E0063EE24 /* RiverbedUITests.xctest */ = {isa = PBXFileReference; explicitFileType = wrapper.cfbundle; includeInIndex = 0; path = RiverbedUITests.xctest; sourceTree = BUILT_PRODUCTS_DIR; };
		03027E162A13DF9E0063EE24 /* RiverbedUITests.swift */ = {isa = PBXFileReference; lastKnownFileType = sourcecode.swift; path = RiverbedUITests.swift; sourceTree = "<group>"; };
		0302F0E92A62A33500030D96 /* SignUpViewController.swift */ = {isa = PBXFileReference; lastKnownFileType = sourcecode.swift; path = SignUpViewController.swift; sourceTree = "<group>"; };
		0304DAC92A54381900A7C2DE /* EditColumnNavigationController.swift */ = {isa = PBXFileReference; lastKnownFileType = sourcecode.swift; path = EditColumnNavigationController.swift; sourceTree = "<group>"; };
		0304DACB2A544FB700A7C2DE /* EditElementNavigationController.swift */ = {isa = PBXFileReference; lastKnownFileType = sourcecode.swift; path = EditElementNavigationController.swift; sourceTree = "<group>"; };
		0308F4EB2A675DC30079F4A9 /* BoardListCollectionViewController.swift */ = {isa = PBXFileReference; lastKnownFileType = sourcecode.swift; path = BoardListCollectionViewController.swift; sourceTree = "<group>"; };
		0308F4ED2A67E1D60079F4A9 /* TitleSupplementaryView.swift */ = {isa = PBXFileReference; lastKnownFileType = sourcecode.swift; path = TitleSupplementaryView.swift; sourceTree = "<group>"; };
		0308F4EF2A67EB730079F4A9 /* ButtonSupplementaryView.swift */ = {isa = PBXFileReference; lastKnownFileType = sourcecode.swift; path = ButtonSupplementaryView.swift; sourceTree = "<group>"; };
		0308F4F12A680CF40079F4A9 /* CollectionViewColumnCell.swift */ = {isa = PBXFileReference; lastKnownFileType = sourcecode.swift; path = CollectionViewColumnCell.swift; sourceTree = "<group>"; };
		0308F4F32A680D050079F4A9 /* CardSummaryCollectionCell.swift */ = {isa = PBXFileReference; lastKnownFileType = sourcecode.swift; path = CardSummaryCollectionCell.swift; sourceTree = "<group>"; };
		0310940F2A3DC06A0051B93F /* UserSettingsViewController.swift */ = {isa = PBXFileReference; lastKnownFileType = sourcecode.swift; path = UserSettingsViewController.swift; sourceTree = "<group>"; };
		031094112A3DC2910051B93F /* UserStore.swift */ = {isa = PBXFileReference; lastKnownFileType = sourcecode.swift; path = UserStore.swift; sourceTree = "<group>"; };
		031094132A3DC3340051B93F /* User.swift */ = {isa = PBXFileReference; lastKnownFileType = sourcecode.swift; path = User.swift; sourceTree = "<group>"; };
		031094152A3FC1120051B93F /* ShareViewController.swift */ = {isa = PBXFileReference; fileEncoding = 4; lastKnownFileType = sourcecode.swift; path = ShareViewController.swift; sourceTree = "<group>"; };
		031094172A4083520051B93F /* ChoicesViewController.swift */ = {isa = PBXFileReference; lastKnownFileType = sourcecode.swift; path = ChoicesViewController.swift; sourceTree = "<group>"; };
		031189642A2A02A400334B63 /* QueryTests.swift */ = {isa = PBXFileReference; lastKnownFileType = sourcecode.swift; path = QueryTests.swift; sourceTree = "<group>"; };
		0328D1C32A393A420079576C /* ActionsViewController.swift */ = {isa = PBXFileReference; lastKnownFileType = sourcecode.swift; path = ActionsViewController.swift; sourceTree = "<group>"; };
		0328D1C52A39C4B80079576C /* EditActionViewController.swift */ = {isa = PBXFileReference; lastKnownFileType = sourcecode.swift; path = EditActionViewController.swift; sourceTree = "<group>"; };
		0328D1CB2A39D6F70079576C /* RiverbedShare.appex */ = {isa = PBXFileReference; explicitFileType = "wrapper.app-extension"; includeInIndex = 0; path = RiverbedShare.appex; sourceTree = BUILT_PRODUCTS_DIR; };
		0328D1D02A39D6F70079576C /* Base */ = {isa = PBXFileReference; lastKnownFileType = file.storyboard; name = Base; path = Base.lproj/MainInterface.storyboard; sourceTree = "<group>"; };
		0328D1D22A39D6F70079576C /* Info.plist */ = {isa = PBXFileReference; lastKnownFileType = text.plist.xml; path = Info.plist; sourceTree = "<group>"; };
		0328D1DC2A39DB0C0079576C /* Attachment.swift */ = {isa = PBXFileReference; fileEncoding = 4; lastKnownFileType = sourcecode.swift; path = Attachment.swift; sourceTree = "<group>"; };
		0328D1DD2A39DB0C0079576C /* AttachmentHandler.swift */ = {isa = PBXFileReference; fileEncoding = 4; lastKnownFileType = sourcecode.swift; path = AttachmentHandler.swift; sourceTree = "<group>"; };
		032E3AD82A4CD82E001D04F4 /* FieldValue.swift */ = {isa = PBXFileReference; lastKnownFileType = sourcecode.swift; path = FieldValue.swift; sourceTree = "<group>"; };
		032E3ADB2A4CD8F9001D04F4 /* JSONAPI.swift */ = {isa = PBXFileReference; lastKnownFileType = sourcecode.swift; path = JSONAPI.swift; sourceTree = "<group>"; };
		032F2C852A1AE806008208E9 /* Query.swift */ = {isa = PBXFileReference; lastKnownFileType = sourcecode.swift; path = Query.swift; sourceTree = "<group>"; };
		032F2C872A1AEA17008208E9 /* Condition.swift */ = {isa = PBXFileReference; lastKnownFileType = sourcecode.swift; path = Condition.swift; sourceTree = "<group>"; };
		0342FC6D2A17959F00CB8075 /* BoardStore.swift */ = {isa = PBXFileReference; lastKnownFileType = sourcecode.swift; path = BoardStore.swift; sourceTree = "<group>"; };
		0342FC702A17960000CB8075 /* Board.swift */ = {isa = PBXFileReference; lastKnownFileType = sourcecode.swift; path = Board.swift; sourceTree = "<group>"; };
		0342FC722A17B51A00CB8075 /* BoardViewController.swift */ = {isa = PBXFileReference; lastKnownFileType = sourcecode.swift; path = BoardViewController.swift; sourceTree = "<group>"; };
		0342FC742A17B68200CB8075 /* ColumnStore.swift */ = {isa = PBXFileReference; lastKnownFileType = sourcecode.swift; path = ColumnStore.swift; sourceTree = "<group>"; };
		0342FC762A17B69D00CB8075 /* APIError.swift */ = {isa = PBXFileReference; lastKnownFileType = sourcecode.swift; path = APIError.swift; sourceTree = "<group>"; };
		0342FC782A17B6D400CB8075 /* Utils.swift */ = {isa = PBXFileReference; lastKnownFileType = sourcecode.swift; path = Utils.swift; sourceTree = "<group>"; };
		0342FC7B2A17B71000CB8075 /* RiverbedAPI.swift */ = {isa = PBXFileReference; lastKnownFileType = sourcecode.swift; path = RiverbedAPI.swift; sourceTree = "<group>"; };
		0342FC7D2A17B7CE00CB8075 /* Column.swift */ = {isa = PBXFileReference; lastKnownFileType = sourcecode.swift; path = Column.swift; sourceTree = "<group>"; };
		0342FC7F2A17C24100CB8075 /* Card.swift */ = {isa = PBXFileReference; lastKnownFileType = sourcecode.swift; path = Card.swift; sourceTree = "<group>"; };
		0342FC812A17C2D300CB8075 /* CardStore.swift */ = {isa = PBXFileReference; lastKnownFileType = sourcecode.swift; path = CardStore.swift; sourceTree = "<group>"; };
		034655032A3081F300F6AEEE /* TableView+DequeueOrRegisterCell.swift */ = {isa = PBXFileReference; lastKnownFileType = sourcecode.swift; path = "TableView+DequeueOrRegisterCell.swift"; sourceTree = "<group>"; };
		034655052A30857100F6AEEE /* ButtonElementCell.xib */ = {isa = PBXFileReference; lastKnownFileType = file.xib; path = ButtonElementCell.xib; sourceTree = "<group>"; };
		034655072A30865B00F6AEEE /* ButtonMenuElementCell.xib */ = {isa = PBXFileReference; lastKnownFileType = file.xib; path = ButtonMenuElementCell.xib; sourceTree = "<group>"; };
		034655092A3086DC00F6AEEE /* ReadOnlyElementCell.xib */ = {isa = PBXFileReference; lastKnownFileType = file.xib; path = ReadOnlyElementCell.xib; sourceTree = "<group>"; };
		0346550B2A30AE6900F6AEEE /* EditBoardViewController.swift */ = {isa = PBXFileReference; lastKnownFileType = sourcecode.swift; path = EditBoardViewController.swift; sourceTree = "<group>"; };
		034D09DA2A2EA3F600106EE1 /* TextElementCell.xib */ = {isa = PBXFileReference; lastKnownFileType = file.xib; path = TextElementCell.xib; sourceTree = "<group>"; };
		034D09DC2A2F4DD600106EE1 /* ChoiceElementCell.xib */ = {isa = PBXFileReference; lastKnownFileType = file.xib; path = ChoiceElementCell.xib; sourceTree = "<group>"; };
		034D09DE2A2F4EB900106EE1 /* DateElementCell.xib */ = {isa = PBXFileReference; lastKnownFileType = file.xib; path = DateElementCell.xib; sourceTree = "<group>"; };
		034D09E02A2F507000106EE1 /* GeolocationElementCell.xib */ = {isa = PBXFileReference; lastKnownFileType = file.xib; path = GeolocationElementCell.xib; sourceTree = "<group>"; };
		035C3E9A2A1D8F9200760AE5 /* UtilsTests.swift */ = {isa = PBXFileReference; lastKnownFileType = sourcecode.swift; path = UtilsTests.swift; sourceTree = "<group>"; };
		035C3E9C2A1D91DF00760AE5 /* Riverbed.xctestplan */ = {isa = PBXFileReference; lastKnownFileType = text; path = Riverbed.xctestplan; sourceTree = "<group>"; };
		036445472A48B70A0081756C /* ValueTests.swift */ = {isa = PBXFileReference; lastKnownFileType = sourcecode.swift; path = ValueTests.swift; sourceTree = "<group>"; };
		036D82072A3153880064F05B /* TextFieldCell.xib */ = {isa = PBXFileReference; lastKnownFileType = file.xib; path = TextFieldCell.xib; sourceTree = "<group>"; };
		036D82092A3154200064F05B /* SwitchCell.xib */ = {isa = PBXFileReference; lastKnownFileType = file.xib; path = SwitchCell.xib; sourceTree = "<group>"; };
		036D820B2A3154BB0064F05B /* PopUpButtonCell.xib */ = {isa = PBXFileReference; lastKnownFileType = file.xib; path = PopUpButtonCell.xib; sourceTree = "<group>"; };
		036D820D2A31E4BD0064F05B /* UIViewController+KeyboardDismissing.swift */ = {isa = PBXFileReference; lastKnownFileType = sourcecode.swift; path = "UIViewController+KeyboardDismissing.swift"; sourceTree = "<group>"; };
		03830DA82C20CCF600EE360B /* DateUtilsTests.swift */ = {isa = PBXFileReference; lastKnownFileType = sourcecode.swift; path = DateUtilsTests.swift; sourceTree = "<group>"; };
		03830DAA2C232FAF00EE360B /* EditBoardViewControllerTests.swift */ = {isa = PBXFileReference; lastKnownFileType = sourcecode.swift; path = EditBoardViewControllerTests.swift; sourceTree = "<group>"; };
		03830DB12C23571800EE360B /* EditActionViewControllerTests.swift */ = {isa = PBXFileReference; lastKnownFileType = sourcecode.swift; path = EditActionViewControllerTests.swift; sourceTree = "<group>"; };
		03830DB82C23953900EE360B /* EditConditionViewControllerTests.swift */ = {isa = PBXFileReference; lastKnownFileType = sourcecode.swift; path = EditConditionViewControllerTests.swift; sourceTree = "<group>"; };
		03830DBB2C239B0200EE360B /* SignInViewControllerTests.swift */ = {isa = PBXFileReference; lastKnownFileType = sourcecode.swift; path = SignInViewControllerTests.swift; sourceTree = "<group>"; };
		03830DC12C24528800EE360B /* MockTokenStore.swift */ = {isa = PBXFileReference; lastKnownFileType = sourcecode.swift; path = MockTokenStore.swift; sourceTree = "<group>"; };
		03830DC32C2457FB00EE360B /* SignUpViewControllerTests.swift */ = {isa = PBXFileReference; lastKnownFileType = sourcecode.swift; path = SignUpViewControllerTests.swift; sourceTree = "<group>"; };
		03830DC52C245F6E00EE360B /* MockUserStore.swift */ = {isa = PBXFileReference; lastKnownFileType = sourcecode.swift; path = MockUserStore.swift; sourceTree = "<group>"; };
		03830DC92C2492A000EE360B /* ViewControllerPresentationSpy.xcframework */ = {isa = PBXFileReference; lastKnownFileType = wrapper.xcframework; path = ViewControllerPresentationSpy.xcframework; sourceTree = "<group>"; };
		03830DCE2C2494CA00EE360B /* EditColumnViewControllerTests.swift */ = {isa = PBXFileReference; lastKnownFileType = sourcecode.swift; path = EditColumnViewControllerTests.swift; sourceTree = "<group>"; };
		03830DD02C25094B00EE360B /* EditButtonMenuItemViewControllerTests.swift */ = {isa = PBXFileReference; lastKnownFileType = sourcecode.swift; path = EditButtonMenuItemViewControllerTests.swift; sourceTree = "<group>"; };
		03830DD22C259F4A00EE360B /* TestHelpers.swift */ = {isa = PBXFileReference; lastKnownFileType = sourcecode.swift; path = TestHelpers.swift; sourceTree = "<group>"; };
		03830DD42C25AD7000EE360B /* MockBoardStore.swift */ = {isa = PBXFileReference; lastKnownFileType = sourcecode.swift; path = MockBoardStore.swift; sourceTree = "<group>"; };
		03830DD62C25B6A900EE360B /* ChoicesViewControllerTests.swift */ = {isa = PBXFileReference; lastKnownFileType = sourcecode.swift; path = ChoicesViewControllerTests.swift; sourceTree = "<group>"; };
		03830DD82C25BF7300EE360B /* ButtonMenuItemsViewControllerTests.swift */ = {isa = PBXFileReference; lastKnownFileType = sourcecode.swift; path = ButtonMenuItemsViewControllerTests.swift; sourceTree = "<group>"; };
		03830DDA2C25C77600EE360B /* ActionsViewControllerTests.swift */ = {isa = PBXFileReference; lastKnownFileType = sourcecode.swift; path = ActionsViewControllerTests.swift; sourceTree = "<group>"; };
		038BBC2D2A1811C300BB2284 /* ElementStore.swift */ = {isa = PBXFileReference; lastKnownFileType = sourcecode.swift; path = ElementStore.swift; sourceTree = "<group>"; };
		038BBC2F2A1811C900BB2284 /* Element.swift */ = {isa = PBXFileReference; lastKnownFileType = sourcecode.swift; path = Element.swift; sourceTree = "<group>"; };
		038BBC312A1823ED00BB2284 /* CardViewController.swift */ = {isa = PBXFileReference; lastKnownFileType = sourcecode.swift; path = CardViewController.swift; sourceTree = "<group>"; };
		038D35C32A4CB6E500F546DD /* Action.swift */ = {isa = PBXFileReference; lastKnownFileType = sourcecode.swift; path = Action.swift; sourceTree = "<group>"; };
		038D35C62A4CB7F800F546DD /* ActionTests.swift */ = {isa = PBXFileReference; lastKnownFileType = sourcecode.swift; path = ActionTests.swift; sourceTree = "<group>"; };
		03907BB22A29F7BC00203748 /* BaseStore.swift */ = {isa = PBXFileReference; lastKnownFileType = sourcecode.swift; path = BaseStore.swift; sourceTree = "<group>"; };
		03944A8F2A195FF000639AC7 /* TextElementCell.swift */ = {isa = PBXFileReference; lastKnownFileType = sourcecode.swift; path = TextElementCell.swift; sourceTree = "<group>"; };
		03944A912A1960AD00639AC7 /* DateElementCell.swift */ = {isa = PBXFileReference; lastKnownFileType = sourcecode.swift; path = DateElementCell.swift; sourceTree = "<group>"; };
		03944A932A19737E00639AC7 /* ChoiceElementCell.swift */ = {isa = PBXFileReference; lastKnownFileType = sourcecode.swift; path = ChoiceElementCell.swift; sourceTree = "<group>"; };
		03944A952A1976C400639AC7 /* ElementCell.swift */ = {isa = PBXFileReference; lastKnownFileType = sourcecode.swift; path = ElementCell.swift; sourceTree = "<group>"; };
		03944A972A19788F00639AC7 /* GeolocationElementCell.swift */ = {isa = PBXFileReference; lastKnownFileType = sourcecode.swift; path = GeolocationElementCell.swift; sourceTree = "<group>"; };
		03944A9A2A19860400639AC7 /* ButtonElementCell.swift */ = {isa = PBXFileReference; lastKnownFileType = sourcecode.swift; path = ButtonElementCell.swift; sourceTree = "<group>"; };
		03944A9C2A19877B00639AC7 /* ButtonMenuElementCell.swift */ = {isa = PBXFileReference; lastKnownFileType = sourcecode.swift; path = ButtonMenuElementCell.swift; sourceTree = "<group>"; };
		03944AA02A1AAE0000639AC7 /* DateUtils.swift */ = {isa = PBXFileReference; lastKnownFileType = sourcecode.swift; path = DateUtils.swift; sourceTree = "<group>"; };
		03944AA22A1AAEDE00639AC7 /* DateTimeUtils.swift */ = {isa = PBXFileReference; lastKnownFileType = sourcecode.swift; path = DateTimeUtils.swift; sourceTree = "<group>"; };
		03A3EF642A3BD10B00B68109 /* SignInViewController.swift */ = {isa = PBXFileReference; lastKnownFileType = sourcecode.swift; path = SignInViewController.swift; sourceTree = "<group>"; };
		03A3EF662A3BD37E00B68109 /* KeychainStore.swift */ = {isa = PBXFileReference; lastKnownFileType = sourcecode.swift; path = KeychainStore.swift; sourceTree = "<group>"; };
		03A3EF682A3BD9F200B68109 /* SessionSource.swift */ = {isa = PBXFileReference; lastKnownFileType = sourcecode.swift; path = SessionSource.swift; sourceTree = "<group>"; };
		03A3EF6E2A3C715600B68109 /* DeviceStorageSessionSource.swift */ = {isa = PBXFileReference; lastKnownFileType = sourcecode.swift; path = DeviceStorageSessionSource.swift; sourceTree = "<group>"; };
		03A3EF702A3C74F700B68109 /* TokenStore.swift */ = {isa = PBXFileReference; lastKnownFileType = sourcecode.swift; path = TokenStore.swift; sourceTree = "<group>"; };
		03A3EF732A3C7F9000B68109 /* Riverbed.entitlements */ = {isa = PBXFileReference; lastKnownFileType = text.plist.entitlements; path = Riverbed.entitlements; sourceTree = "<group>"; };
		03A3EF742A3C7FA200B68109 /* RiverbedShare.entitlements */ = {isa = PBXFileReference; lastKnownFileType = text.plist.entitlements; path = RiverbedShare.entitlements; sourceTree = "<group>"; };
		03C526102E041E1700160100 /* Riverbed Icon Apple.icon */ = {isa = PBXFileReference; lastKnownFileType = folder.iconcomposer.icon; path = "Riverbed Icon Apple.icon"; sourceTree = "<group>"; };
		03C8F07C2A2C9E9800F6AF90 /* TextFieldCell.swift */ = {isa = PBXFileReference; lastKnownFileType = sourcecode.swift; path = TextFieldCell.swift; sourceTree = "<group>"; };
		03C8F07E2A2C9EFE00F6AF90 /* EditElementViewController.swift */ = {isa = PBXFileReference; lastKnownFileType = sourcecode.swift; path = EditElementViewController.swift; sourceTree = "<group>"; };
		03C8F0802A2C9F4800F6AF90 /* FormCellDelegate.swift */ = {isa = PBXFileReference; lastKnownFileType = sourcecode.swift; path = FormCellDelegate.swift; sourceTree = "<group>"; };
		03C8F0842A2CFF9300F6AF90 /* SwitchCell.swift */ = {isa = PBXFileReference; lastKnownFileType = sourcecode.swift; path = SwitchCell.swift; sourceTree = "<group>"; };
		03C8F0862A2DF48600F6AF90 /* PopUpButtonCell.swift */ = {isa = PBXFileReference; lastKnownFileType = sourcecode.swift; path = PopUpButtonCell.swift; sourceTree = "<group>"; };
		03D6688A2A1CBA8A00597D9E /* RiverbedSplitViewController.swift */ = {isa = PBXFileReference; lastKnownFileType = sourcecode.swift; path = RiverbedSplitViewController.swift; sourceTree = "<group>"; };
		03D6688C2A1CC78F00597D9E /* CardTests.swift */ = {isa = PBXFileReference; lastKnownFileType = sourcecode.swift; path = CardTests.swift; sourceTree = "<group>"; };
		03DC30432A23746B00ABC4CB /* ReadOnlyElementCell.swift */ = {isa = PBXFileReference; lastKnownFileType = sourcecode.swift; path = ReadOnlyElementCell.swift; sourceTree = "<group>"; };
		03DC30452A23793800ABC4CB /* Command.swift */ = {isa = PBXFileReference; lastKnownFileType = sourcecode.swift; path = Command.swift; sourceTree = "<group>"; };
		03DC30472A23798E00ABC4CB /* Value.swift */ = {isa = PBXFileReference; lastKnownFileType = sourcecode.swift; path = Value.swift; sourceTree = "<group>"; };
		03DC304A2A23D86000ABC4CB /* BoardCell.swift */ = {isa = PBXFileReference; lastKnownFileType = sourcecode.swift; path = BoardCell.swift; sourceTree = "<group>"; };
		03DC304C2A23E10400ABC4CB /* TextSize.swift */ = {isa = PBXFileReference; lastKnownFileType = sourcecode.swift; path = TextSize.swift; sourceTree = "<group>"; };
		03DC304E2A23E72100ABC4CB /* Icon.swift */ = {isa = PBXFileReference; lastKnownFileType = sourcecode.swift; path = Icon.swift; sourceTree = "<group>"; };
		03DC30502A24BD0A00ABC4CB /* ColorTheme.swift */ = {isa = PBXFileReference; lastKnownFileType = sourcecode.swift; path = ColorTheme.swift; sourceTree = "<group>"; };
		03E9F1082A60148900442A9E /* ButtonMenuItemsViewController.swift */ = {isa = PBXFileReference; lastKnownFileType = sourcecode.swift; path = ButtonMenuItemsViewController.swift; sourceTree = "<group>"; };
		03E9F10A2A60229700442A9E /* EditButtonMenuItemViewController.swift */ = {isa = PBXFileReference; lastKnownFileType = sourcecode.swift; path = EditButtonMenuItemViewController.swift; sourceTree = "<group>"; };
		03EB50692A6BDE25004F5AB5 /* CardSummaryCollectionCell.xib */ = {isa = PBXFileReference; lastKnownFileType = file.xib; path = CardSummaryCollectionCell.xib; sourceTree = "<group>"; };
		03EB506D2A6BE8B5004F5AB5 /* NoCardsCell.xib */ = {isa = PBXFileReference; lastKnownFileType = file.xib; path = NoCardsCell.xib; sourceTree = "<group>"; };
/* End PBXFileReference section */

/* Begin PBXFrameworksBuildPhase section */
		03027DEF2A13DF9D0063EE24 /* Frameworks */ = {
			isa = PBXFrameworksBuildPhase;
			buildActionMask = 2147483647;
			files = (
			);
			runOnlyForDeploymentPostprocessing = 0;
		};
		03027E052A13DF9E0063EE24 /* Frameworks */ = {
			isa = PBXFrameworksBuildPhase;
			buildActionMask = 2147483647;
			files = (
				03830DCA2C2492A000EE360B /* ViewControllerPresentationSpy.xcframework in Frameworks */,
			);
			runOnlyForDeploymentPostprocessing = 0;
		};
		03027E0F2A13DF9E0063EE24 /* Frameworks */ = {
			isa = PBXFrameworksBuildPhase;
			buildActionMask = 2147483647;
			files = (
			);
			runOnlyForDeploymentPostprocessing = 0;
		};
		0328D1C82A39D6F70079576C /* Frameworks */ = {
			isa = PBXFrameworksBuildPhase;
			buildActionMask = 2147483647;
			files = (
			);
			runOnlyForDeploymentPostprocessing = 0;
		};
/* End PBXFrameworksBuildPhase section */

/* Begin PBXGroup section */
		03010CC42A3483F900EF32D1 /* Column */ = {
			isa = PBXGroup;
			children = (
				03010CC52A34840900EF32D1 /* EditColumnViewController.swift */,
				0304DAC92A54381900A7C2DE /* EditColumnNavigationController.swift */,
			);
			path = Column;
			sourceTree = "<group>";
		};
		03010CDB2A362E2E00EF32D1 /* Conditions */ = {
			isa = PBXGroup;
			children = (
				03010CD72A35DAB300EF32D1 /* ConditionsViewController.swift */,
				03010CD92A362E2700EF32D1 /* EditConditionViewController.swift */,
			);
			path = Conditions;
			sourceTree = "<group>";
		};
		03027DE92A13DF9D0063EE24 = {
			isa = PBXGroup;
			children = (
				035C3E9C2A1D91DF00760AE5 /* Riverbed.xctestplan */,
				03027DF42A13DF9D0063EE24 /* Riverbed */,
				03027E0B2A13DF9E0063EE24 /* RiverbedTests */,
				03027E152A13DF9E0063EE24 /* RiverbedUITests */,
				0328D1CC2A39D6F70079576C /* RiverbedShare */,
				03027DF32A13DF9D0063EE24 /* Products */,
			);
			sourceTree = "<group>";
		};
		03027DF32A13DF9D0063EE24 /* Products */ = {
			isa = PBXGroup;
			children = (
				03027DF22A13DF9D0063EE24 /* Riverbed.app */,
				03027E082A13DF9E0063EE24 /* RiverbedTests.xctest */,
				03027E122A13DF9E0063EE24 /* RiverbedUITests.xctest */,
				0328D1CB2A39D6F70079576C /* RiverbedShare.appex */,
			);
			name = Products;
			sourceTree = "<group>";
		};
		03027DF42A13DF9D0063EE24 /* Riverbed */ = {
			isa = PBXGroup;
			children = (
				03A3EF732A3C7F9000B68109 /* Riverbed.entitlements */,
				03027DFB2A13DF9D0063EE24 /* Main.storyboard */,
				03027DF52A13DF9D0063EE24 /* AppDelegate.swift */,
				03944AA02A1AAE0000639AC7 /* DateUtils.swift */,
				03944AA22A1AAEDE00639AC7 /* DateTimeUtils.swift */,
				03027DF72A13DF9D0063EE24 /* SceneDelegate.swift */,
				0342FC782A17B6D400CB8075 /* Utils.swift */,
				0342FC6C2A1794D500CB8075 /* Data */,
				0342FC6B2A17948300CB8075 /* UI */,
				03027DFE2A13DF9E0063EE24 /* Assets.xcassets */,
				03C526102E041E1700160100 /* Riverbed Icon Apple.icon */,
				03027E032A13DF9E0063EE24 /* Info.plist */,
				03027E002A13DF9E0063EE24 /* LaunchScreen.storyboard */,
			);
			path = Riverbed;
			sourceTree = "<group>";
		};
		03027E0B2A13DF9E0063EE24 /* RiverbedTests */ = {
			isa = PBXGroup;
			children = (
				03830DC92C2492A000EE360B /* ViewControllerPresentationSpy.xcframework */,
				03830DA82C20CCF600EE360B /* DateUtilsTests.swift */,
				03830DD22C259F4A00EE360B /* TestHelpers.swift */,
				035C3E9A2A1D8F9200760AE5 /* UtilsTests.swift */,
				03830DAC2C23560300EE360B /* Data */,
				03830DC02C24524A00EE360B /* Doubles */,
				03830DAE2C23561C00EE360B /* UI */,
			);
			path = RiverbedTests;
			sourceTree = "<group>";
		};
		03027E152A13DF9E0063EE24 /* RiverbedUITests */ = {
			isa = PBXGroup;
			children = (
				03027E162A13DF9E0063EE24 /* RiverbedUITests.swift */,
			);
			path = RiverbedUITests;
			sourceTree = "<group>";
		};
		0328D1CC2A39D6F70079576C /* RiverbedShare */ = {
			isa = PBXGroup;
			children = (
				03A3EF742A3C7FA200B68109 /* RiverbedShare.entitlements */,
				0328D1DC2A39DB0C0079576C /* Attachment.swift */,
				0328D1DD2A39DB0C0079576C /* AttachmentHandler.swift */,
				0328D1D22A39D6F70079576C /* Info.plist */,
				0328D1CF2A39D6F70079576C /* MainInterface.storyboard */,
				031094152A3FC1120051B93F /* ShareViewController.swift */,
			);
			path = RiverbedShare;
			sourceTree = "<group>";
		};
		032F2C842A1AE7FD008208E9 /* Enums */ = {
			isa = PBXGroup;
			children = (
				03DC30502A24BD0A00ABC4CB /* ColorTheme.swift */,
				03DC30452A23793800ABC4CB /* Command.swift */,
				03DC304E2A23E72100ABC4CB /* Icon.swift */,
				032F2C852A1AE806008208E9 /* Query.swift */,
				03010CCD2A34948400EF32D1 /* SummaryFunction.swift */,
				03DC304C2A23E10400ABC4CB /* TextSize.swift */,
				03DC30472A23798E00ABC4CB /* Value.swift */,
			);
			path = Enums;
			sourceTree = "<group>";
		};
		0342FC6B2A17948300CB8075 /* UI */ = {
			isa = PBXGroup;
			children = (
				03A3EF632A3BD10500B68109 /* Auth */,
				03944A892A195F5100639AC7 /* Board */,
				03DC30492A23D85500ABC4CB /* BoardList */,
				03944A8E2A195FE100639AC7 /* Card */,
				03010CC42A3483F900EF32D1 /* Column */,
				03010CDB2A362E2E00EF32D1 /* Conditions */,
				03EAFF352A2B59900086EC0B /* Element */,
				03944A992A1985EA00639AC7 /* ElementCells */,
				03C8F07B2A2C9E8900F6AF90 /* Form */,
				03D6688A2A1CBA8A00597D9E /* RiverbedSplitViewController.swift */,
				034655032A3081F300F6AEEE /* TableView+DequeueOrRegisterCell.swift */,
				036D820D2A31E4BD0064F05B /* UIViewController+KeyboardDismissing.swift */,
				03010CD12A3498B800EF32D1 /* UIMenuElementState+StateForIsSelected.swift */,
				0310940F2A3DC06A0051B93F /* UserSettingsViewController.swift */,
			);
			path = UI;
			sourceTree = "<group>";
		};
		0342FC6C2A1794D500CB8075 /* Data */ = {
			isa = PBXGroup;
			children = (
				0342FC7A2A17B70100CB8075 /* API */,
				032F2C842A1AE7FD008208E9 /* Enums */,
				0342FC6F2A1795F500CB8075 /* Models */,
				03907BB22A29F7BC00203748 /* BaseStore.swift */,
				0342FC6D2A17959F00CB8075 /* BoardStore.swift */,
				0342FC812A17C2D300CB8075 /* CardStore.swift */,
				0342FC742A17B68200CB8075 /* ColumnStore.swift */,
				03A3EF6E2A3C715600B68109 /* DeviceStorageSessionSource.swift */,
				038BBC2D2A1811C300BB2284 /* ElementStore.swift */,
				03A3EF662A3BD37E00B68109 /* KeychainStore.swift */,
				03A3EF682A3BD9F200B68109 /* SessionSource.swift */,
				03A3EF702A3C74F700B68109 /* TokenStore.swift */,
				031094112A3DC2910051B93F /* UserStore.swift */,
			);
			path = Data;
			sourceTree = "<group>";
		};
		0342FC6F2A1795F500CB8075 /* Models */ = {
			isa = PBXGroup;
			children = (
				038D35C32A4CB6E500F546DD /* Action.swift */,
				0342FC702A17960000CB8075 /* Board.swift */,
				0342FC7F2A17C24100CB8075 /* Card.swift */,
				0342FC7D2A17B7CE00CB8075 /* Column.swift */,
				032F2C872A1AEA17008208E9 /* Condition.swift */,
				038BBC2F2A1811C900BB2284 /* Element.swift */,
				032E3AD82A4CD82E001D04F4 /* FieldValue.swift */,
				031094132A3DC3340051B93F /* User.swift */,
			);
			path = Models;
			sourceTree = "<group>";
		};
		0342FC7A2A17B70100CB8075 /* API */ = {
			isa = PBXGroup;
			children = (
				0342FC762A17B69D00CB8075 /* APIError.swift */,
				0342FC7B2A17B71000CB8075 /* RiverbedAPI.swift */,
				032E3ADB2A4CD8F9001D04F4 /* JSONAPI.swift */,
			);
			path = API;
			sourceTree = "<group>";
		};
		03830DAC2C23560300EE360B /* Data */ = {
			isa = PBXGroup;
			children = (
				03830DB02C23564200EE360B /* Enums */,
				03830DAD2C23560C00EE360B /* Models */,
			);
			path = Data;
			sourceTree = "<group>";
		};
		03830DAD2C23560C00EE360B /* Models */ = {
			isa = PBXGroup;
			children = (
				03D6688C2A1CC78F00597D9E /* CardTests.swift */,
				038D35C62A4CB7F800F546DD /* ActionTests.swift */,
			);
			path = Models;
			sourceTree = "<group>";
		};
		03830DAE2C23561C00EE360B /* UI */ = {
			isa = PBXGroup;
			children = (
				03830DBA2C239AE800EE360B /* Auth */,
				03830DAF2C23562500EE360B /* Board */,
				03830DCD2C2494BE00EE360B /* Column */,
				03830DB72C23952D00EE360B /* Conditions */,
				03830DB62C23951300EE360B /* Element */,
			);
			path = UI;
			sourceTree = "<group>";
		};
		03830DAF2C23562500EE360B /* Board */ = {
			isa = PBXGroup;
			children = (
				03830DAA2C232FAF00EE360B /* EditBoardViewControllerTests.swift */,
			);
			path = Board;
			sourceTree = "<group>";
		};
		03830DB02C23564200EE360B /* Enums */ = {
			isa = PBXGroup;
			children = (
				036445472A48B70A0081756C /* ValueTests.swift */,
				031189642A2A02A400334B63 /* QueryTests.swift */,
			);
			path = Enums;
			sourceTree = "<group>";
		};
		03830DB62C23951300EE360B /* Element */ = {
			isa = PBXGroup;
			children = (
				03830DDA2C25C77600EE360B /* ActionsViewControllerTests.swift */,
				03830DD82C25BF7300EE360B /* ButtonMenuItemsViewControllerTests.swift */,
				03830DD62C25B6A900EE360B /* ChoicesViewControllerTests.swift */,
				03830DB12C23571800EE360B /* EditActionViewControllerTests.swift */,
				03830DD02C25094B00EE360B /* EditButtonMenuItemViewControllerTests.swift */,
			);
			path = Element;
			sourceTree = "<group>";
		};
		03830DB72C23952D00EE360B /* Conditions */ = {
			isa = PBXGroup;
			children = (
				03830DB82C23953900EE360B /* EditConditionViewControllerTests.swift */,
			);
			path = Conditions;
			sourceTree = "<group>";
		};
		03830DBA2C239AE800EE360B /* Auth */ = {
			isa = PBXGroup;
			children = (
				03830DBB2C239B0200EE360B /* SignInViewControllerTests.swift */,
				03830DC32C2457FB00EE360B /* SignUpViewControllerTests.swift */,
			);
			path = Auth;
			sourceTree = "<group>";
		};
		03830DC02C24524A00EE360B /* Doubles */ = {
			isa = PBXGroup;
			children = (
				03830DD42C25AD7000EE360B /* MockBoardStore.swift */,
				03830DC12C24528800EE360B /* MockTokenStore.swift */,
				03830DC52C245F6E00EE360B /* MockUserStore.swift */,
			);
			path = Doubles;
			sourceTree = "<group>";
		};
		03830DCD2C2494BE00EE360B /* Column */ = {
			isa = PBXGroup;
			children = (
				03830DCE2C2494CA00EE360B /* EditColumnViewControllerTests.swift */,
			);
			path = Column;
			sourceTree = "<group>";
		};
		03944A892A195F5100639AC7 /* Board */ = {
			isa = PBXGroup;
			children = (
				0342FC722A17B51A00CB8075 /* BoardViewController.swift */,
				0308F4F32A680D050079F4A9 /* CardSummaryCollectionCell.swift */,
				03EB50692A6BDE25004F5AB5 /* CardSummaryCollectionCell.xib */,
				0308F4F12A680CF40079F4A9 /* CollectionViewColumnCell.swift */,
				0346550B2A30AE6900F6AEEE /* EditBoardViewController.swift */,
				03EB506D2A6BE8B5004F5AB5 /* NoCardsCell.xib */,
			);
			path = Board;
			sourceTree = "<group>";
		};
		03944A8E2A195FE100639AC7 /* Card */ = {
			isa = PBXGroup;
			children = (
				038BBC312A1823ED00BB2284 /* CardViewController.swift */,
			);
			path = Card;
			sourceTree = "<group>";
		};
		03944A992A1985EA00639AC7 /* ElementCells */ = {
			isa = PBXGroup;
			children = (
				03944A9A2A19860400639AC7 /* ButtonElementCell.swift */,
				034655052A30857100F6AEEE /* ButtonElementCell.xib */,
				03944A9C2A19877B00639AC7 /* ButtonMenuElementCell.swift */,
				034655072A30865B00F6AEEE /* ButtonMenuElementCell.xib */,
				03944A932A19737E00639AC7 /* ChoiceElementCell.swift */,
				034D09DC2A2F4DD600106EE1 /* ChoiceElementCell.xib */,
				03944A912A1960AD00639AC7 /* DateElementCell.swift */,
				034D09DE2A2F4EB900106EE1 /* DateElementCell.xib */,
				03944A952A1976C400639AC7 /* ElementCell.swift */,
				03944A972A19788F00639AC7 /* GeolocationElementCell.swift */,
				034D09E02A2F507000106EE1 /* GeolocationElementCell.xib */,
				03DC30432A23746B00ABC4CB /* ReadOnlyElementCell.swift */,
				034655092A3086DC00F6AEEE /* ReadOnlyElementCell.xib */,
				03944A8F2A195FF000639AC7 /* TextElementCell.swift */,
				034D09DA2A2EA3F600106EE1 /* TextElementCell.xib */,
			);
			path = ElementCells;
			sourceTree = "<group>";
		};
		03A3EF632A3BD10500B68109 /* Auth */ = {
			isa = PBXGroup;
			children = (
				03A3EF642A3BD10B00B68109 /* SignInViewController.swift */,
				0302F0E92A62A33500030D96 /* SignUpViewController.swift */,
			);
			path = Auth;
			sourceTree = "<group>";
		};
		03C8F07B2A2C9E8900F6AF90 /* Form */ = {
			isa = PBXGroup;
			children = (
				03010CD32A35D59E00EF32D1 /* ButtonCell.swift */,
				03010CD52A35D5A900EF32D1 /* ButtonCell.xib */,
				03C8F0802A2C9F4800F6AF90 /* FormCellDelegate.swift */,
				03C8F0862A2DF48600F6AF90 /* PopUpButtonCell.swift */,
				036D820B2A3154BB0064F05B /* PopUpButtonCell.xib */,
				03010CC72A348C9200EF32D1 /* SortByCell.swift */,
				03010CC92A348C9A00EF32D1 /* SortByCell.xib */,
				03010CCB2A34943500EF32D1 /* SummaryCell.swift */,
				03010CCF2A34957B00EF32D1 /* SummaryCell.xib */,
				03C8F0842A2CFF9300F6AF90 /* SwitchCell.swift */,
				036D82092A3154200064F05B /* SwitchCell.xib */,
				03C8F07C2A2C9E9800F6AF90 /* TextFieldCell.swift */,
				036D82072A3153880064F05B /* TextFieldCell.xib */,
			);
			path = Form;
			sourceTree = "<group>";
		};
		03DC30492A23D85500ABC4CB /* BoardList */ = {
			isa = PBXGroup;
			children = (
				03DC304A2A23D86000ABC4CB /* BoardCell.swift */,
				0308F4EB2A675DC30079F4A9 /* BoardListCollectionViewController.swift */,
				0308F4EF2A67EB730079F4A9 /* ButtonSupplementaryView.swift */,
				0308F4ED2A67E1D60079F4A9 /* TitleSupplementaryView.swift */,
			);
			path = BoardList;
			sourceTree = "<group>";
		};
		03EAFF352A2B59900086EC0B /* Element */ = {
			isa = PBXGroup;
			children = (
				0328D1C32A393A420079576C /* ActionsViewController.swift */,
				03E9F1082A60148900442A9E /* ButtonMenuItemsViewController.swift */,
				031094172A4083520051B93F /* ChoicesViewController.swift */,
				0328D1C52A39C4B80079576C /* EditActionViewController.swift */,
				03E9F10A2A60229700442A9E /* EditButtonMenuItemViewController.swift */,
				0304DACB2A544FB700A7C2DE /* EditElementNavigationController.swift */,
				03C8F07E2A2C9EFE00F6AF90 /* EditElementViewController.swift */,
			);
			path = Element;
			sourceTree = "<group>";
		};
/* End PBXGroup section */

/* Begin PBXNativeTarget section */
		03027DF12A13DF9D0063EE24 /* Riverbed */ = {
			isa = PBXNativeTarget;
			buildConfigurationList = 03027E1C2A13DF9E0063EE24 /* Build configuration list for PBXNativeTarget "Riverbed" */;
			buildPhases = (
				03027DEE2A13DF9D0063EE24 /* Sources */,
				0342FC682A17930A00CB8075 /* ShellScript */,
				03027DEF2A13DF9D0063EE24 /* Frameworks */,
				03027DF02A13DF9D0063EE24 /* Resources */,
				0328D1D92A39D6F70079576C /* Embed Foundation Extensions */,
			);
			buildRules = (
			);
			dependencies = (
				0328D1D42A39D6F70079576C /* PBXTargetDependency */,
			);
			name = Riverbed;
			productName = Riverbed;
			productReference = 03027DF22A13DF9D0063EE24 /* Riverbed.app */;
			productType = "com.apple.product-type.application";
		};
		03027E072A13DF9E0063EE24 /* RiverbedTests */ = {
			isa = PBXNativeTarget;
			buildConfigurationList = 03027E1F2A13DF9E0063EE24 /* Build configuration list for PBXNativeTarget "RiverbedTests" */;
			buildPhases = (
				03027E042A13DF9E0063EE24 /* Sources */,
				03027E052A13DF9E0063EE24 /* Frameworks */,
				03027E062A13DF9E0063EE24 /* Resources */,
			);
			buildRules = (
			);
			dependencies = (
				03027E0A2A13DF9E0063EE24 /* PBXTargetDependency */,
			);
			name = RiverbedTests;
			productName = RiverbedTests;
			productReference = 03027E082A13DF9E0063EE24 /* RiverbedTests.xctest */;
			productType = "com.apple.product-type.bundle.unit-test";
		};
		03027E112A13DF9E0063EE24 /* RiverbedUITests */ = {
			isa = PBXNativeTarget;
			buildConfigurationList = 03027E222A13DF9E0063EE24 /* Build configuration list for PBXNativeTarget "RiverbedUITests" */;
			buildPhases = (
				03027E0E2A13DF9E0063EE24 /* Sources */,
				03027E0F2A13DF9E0063EE24 /* Frameworks */,
				03027E102A13DF9E0063EE24 /* Resources */,
			);
			buildRules = (
			);
			dependencies = (
				03027E142A13DF9E0063EE24 /* PBXTargetDependency */,
			);
			name = RiverbedUITests;
			productName = RiverbedUITests;
			productReference = 03027E122A13DF9E0063EE24 /* RiverbedUITests.xctest */;
			productType = "com.apple.product-type.bundle.ui-testing";
		};
		0328D1CA2A39D6F70079576C /* RiverbedShare */ = {
			isa = PBXNativeTarget;
			buildConfigurationList = 0328D1D62A39D6F70079576C /* Build configuration list for PBXNativeTarget "RiverbedShare" */;
			buildPhases = (
				0328D1C72A39D6F70079576C /* Sources */,
				0328D1C82A39D6F70079576C /* Frameworks */,
				0328D1C92A39D6F70079576C /* Resources */,
			);
			buildRules = (
			);
			dependencies = (
			);
			name = RiverbedShare;
			productName = RiverbedShare;
			productReference = 0328D1CB2A39D6F70079576C /* RiverbedShare.appex */;
			productType = "com.apple.product-type.app-extension";
		};
/* End PBXNativeTarget section */

/* Begin PBXProject section */
		03027DEA2A13DF9D0063EE24 /* Project object */ = {
			isa = PBXProject;
			attributes = {
				BuildIndependentTargetsInParallel = 1;
				LastSwiftUpdateCheck = 1430;
				LastUpgradeCheck = 1600;
				TargetAttributes = {
					03027DF12A13DF9D0063EE24 = {
						CreatedOnToolsVersion = 14.3;
					};
					03027E072A13DF9E0063EE24 = {
						CreatedOnToolsVersion = 14.3;
						LastSwiftMigration = 1430;
						TestTargetID = 03027DF12A13DF9D0063EE24;
					};
					03027E112A13DF9E0063EE24 = {
						CreatedOnToolsVersion = 14.3;
						TestTargetID = 03027DF12A13DF9D0063EE24;
					};
					0328D1CA2A39D6F70079576C = {
						CreatedOnToolsVersion = 14.3;
					};
				};
			};
			buildConfigurationList = 03027DED2A13DF9D0063EE24 /* Build configuration list for PBXProject "Riverbed" */;
			compatibilityVersion = "Xcode 14.0";
			developmentRegion = en;
			hasScannedForEncodings = 0;
			knownRegions = (
				en,
				Base,
			);
			mainGroup = 03027DE92A13DF9D0063EE24;
			productRefGroup = 03027DF32A13DF9D0063EE24 /* Products */;
			projectDirPath = "";
			projectRoot = "";
			targets = (
				03027DF12A13DF9D0063EE24 /* Riverbed */,
				03027E072A13DF9E0063EE24 /* RiverbedTests */,
				03027E112A13DF9E0063EE24 /* RiverbedUITests */,
				0328D1CA2A39D6F70079576C /* RiverbedShare */,
			);
		};
/* End PBXProject section */

/* Begin PBXResourcesBuildPhase section */
		03027DF02A13DF9D0063EE24 /* Resources */ = {
			isa = PBXResourcesBuildPhase;
			buildActionMask = 2147483647;
			files = (
				03010CCA2A348C9A00EF32D1 /* SortByCell.xib in Resources */,
				03027E022A13DF9E0063EE24 /* LaunchScreen.storyboard in Resources */,
				03027DFF2A13DF9E0063EE24 /* Assets.xcassets in Resources */,
				0346550A2A3086DC00F6AEEE /* ReadOnlyElementCell.xib in Resources */,
				03EB506A2A6BDE25004F5AB5 /* CardSummaryCollectionCell.xib in Resources */,
				03010CD02A34957B00EF32D1 /* SummaryCell.xib in Resources */,
				034D09DF2A2F4EB900106EE1 /* DateElementCell.xib in Resources */,
				034D09E12A2F507000106EE1 /* GeolocationElementCell.xib in Resources */,
				036D820A2A3154200064F05B /* SwitchCell.xib in Resources */,
				03C526112E041E1700160100 /* Riverbed Icon Apple.icon in Resources */,
				034655062A30857100F6AEEE /* ButtonElementCell.xib in Resources */,
				03EB506E2A6BE8B5004F5AB5 /* NoCardsCell.xib in Resources */,
				036D820C2A3154BB0064F05B /* PopUpButtonCell.xib in Resources */,
				034655082A30865B00F6AEEE /* ButtonMenuElementCell.xib in Resources */,
				03010CD62A35D5A900EF32D1 /* ButtonCell.xib in Resources */,
				036D82082A3153880064F05B /* TextFieldCell.xib in Resources */,
				03027DFD2A13DF9D0063EE24 /* Main.storyboard in Resources */,
				034D09DB2A2EA3F600106EE1 /* TextElementCell.xib in Resources */,
				034D09DD2A2F4DD600106EE1 /* ChoiceElementCell.xib in Resources */,
			);
			runOnlyForDeploymentPostprocessing = 0;
		};
		03027E062A13DF9E0063EE24 /* Resources */ = {
			isa = PBXResourcesBuildPhase;
			buildActionMask = 2147483647;
			files = (
			);
			runOnlyForDeploymentPostprocessing = 0;
		};
		03027E102A13DF9E0063EE24 /* Resources */ = {
			isa = PBXResourcesBuildPhase;
			buildActionMask = 2147483647;
			files = (
			);
			runOnlyForDeploymentPostprocessing = 0;
		};
		0328D1C92A39D6F70079576C /* Resources */ = {
			isa = PBXResourcesBuildPhase;
			buildActionMask = 2147483647;
			files = (
				0328D1D12A39D6F70079576C /* MainInterface.storyboard in Resources */,
			);
			runOnlyForDeploymentPostprocessing = 0;
		};
/* End PBXResourcesBuildPhase section */

/* Begin PBXShellScriptBuildPhase section */
		0342FC682A17930A00CB8075 /* ShellScript */ = {
			isa = PBXShellScriptBuildPhase;
			alwaysOutOfDate = 1;
			buildActionMask = 2147483647;
			files = (
			);
			inputFileListPaths = (
			);
			inputPaths = (
			);
			outputFileListPaths = (
			);
			outputPaths = (
			);
			runOnlyForDeploymentPostprocessing = 0;
			shellPath = /bin/sh;
			shellScript = "<< DISABLE\nif [[ \"$(uname -m)\" == arm64 ]]; then\n    export PATH=\"/opt/homebrew/bin:$PATH\"\nfi\n\nif which swiftlint>/dev/null; then\n  swiftlint --fix && swiftlint\nelse\n  echo \"warning: SwiftLint not installed, download from https://github.com/realm/SwiftLint\"\nfi\nDISABLE\n";
		};
/* End PBXShellScriptBuildPhase section */

/* Begin PBXSourcesBuildPhase section */
		03027DEE2A13DF9D0063EE24 /* Sources */ = {
			isa = PBXSourcesBuildPhase;
			buildActionMask = 2147483647;
			files = (
				03010CCE2A34948400EF32D1 /* SummaryFunction.swift in Sources */,
				038D35C42A4CB6E500F546DD /* Action.swift in Sources */,
				0342FC6E2A17959F00CB8075 /* BoardStore.swift in Sources */,
				0308F4EC2A675DC30079F4A9 /* BoardListCollectionViewController.swift in Sources */,
				03944A9D2A19877B00639AC7 /* ButtonMenuElementCell.swift in Sources */,
				03907BB32A29F7BC00203748 /* BaseStore.swift in Sources */,
				031094142A3DC3340051B93F /* User.swift in Sources */,
				03DC30482A23798E00ABC4CB /* Value.swift in Sources */,
				0308F4F02A67EB730079F4A9 /* ButtonSupplementaryView.swift in Sources */,
				03A3EF692A3BD9F200B68109 /* SessionSource.swift in Sources */,
				03A3EF6F2A3C715600B68109 /* DeviceStorageSessionSource.swift in Sources */,
				03944A942A19737E00639AC7 /* ChoiceElementCell.swift in Sources */,
				03DC30512A24BD0A00ABC4CB /* ColorTheme.swift in Sources */,
				03A3EF712A3C74F700B68109 /* TokenStore.swift in Sources */,
				032E3ADC2A4CD8F9001D04F4 /* JSONAPI.swift in Sources */,
				03944AA12A1AAE0000639AC7 /* DateUtils.swift in Sources */,
				03DC30442A23746B00ABC4CB /* ReadOnlyElementCell.swift in Sources */,
				032F2C882A1AEA17008208E9 /* Condition.swift in Sources */,
				03010CDA2A362E2700EF32D1 /* EditConditionViewController.swift in Sources */,
				03E9F1092A60148900442A9E /* ButtonMenuItemsViewController.swift in Sources */,
				03944A982A19788F00639AC7 /* GeolocationElementCell.swift in Sources */,
				031094122A3DC2910051B93F /* UserStore.swift in Sources */,
				032E3AD92A4CD82E001D04F4 /* FieldValue.swift in Sources */,
				03DC30462A23793800ABC4CB /* Command.swift in Sources */,
				0328D1C42A393A420079576C /* ActionsViewController.swift in Sources */,
				03027DF62A13DF9D0063EE24 /* AppDelegate.swift in Sources */,
				03C8F07D2A2C9E9800F6AF90 /* TextFieldCell.swift in Sources */,
				03944AA32A1AAEDE00639AC7 /* DateTimeUtils.swift in Sources */,
				038BBC2E2A1811C300BB2284 /* ElementStore.swift in Sources */,
				03C8F07F2A2C9EFE00F6AF90 /* EditElementViewController.swift in Sources */,
				032F2C862A1AE806008208E9 /* Query.swift in Sources */,
				0342FC792A17B6D400CB8075 /* Utils.swift in Sources */,
				03944A922A1960AD00639AC7 /* DateElementCell.swift in Sources */,
				031094182A4083520051B93F /* ChoicesViewController.swift in Sources */,
				03944A962A1976C400639AC7 /* ElementCell.swift in Sources */,
				0346550C2A30AE6900F6AEEE /* EditBoardViewController.swift in Sources */,
				03944A9B2A19860400639AC7 /* ButtonElementCell.swift in Sources */,
				0342FC752A17B68200CB8075 /* ColumnStore.swift in Sources */,
				0342FC7E2A17B7CE00CB8075 /* Column.swift in Sources */,
				0342FC712A17960000CB8075 /* Board.swift in Sources */,
				0342FC7C2A17B71000CB8075 /* RiverbedAPI.swift in Sources */,
				03010CD42A35D59E00EF32D1 /* ButtonCell.swift in Sources */,
				03010CC62A34840900EF32D1 /* EditColumnViewController.swift in Sources */,
				03D6688B2A1CBA8A00597D9E /* RiverbedSplitViewController.swift in Sources */,
				0342FC802A17C24100CB8075 /* Card.swift in Sources */,
				031094102A3DC06A0051B93F /* UserSettingsViewController.swift in Sources */,
				03027DF82A13DF9D0063EE24 /* SceneDelegate.swift in Sources */,
				0304DACA2A54381900A7C2DE /* EditColumnNavigationController.swift in Sources */,
				0342FC822A17C2D300CB8075 /* CardStore.swift in Sources */,
				0342FC772A17B69D00CB8075 /* APIError.swift in Sources */,
				0328D1C62A39C4B80079576C /* EditActionViewController.swift in Sources */,
				0308F4F22A680CF40079F4A9 /* CollectionViewColumnCell.swift in Sources */,
				038BBC322A1823ED00BB2284 /* CardViewController.swift in Sources */,
				0302F0EA2A62A33500030D96 /* SignUpViewController.swift in Sources */,
				034655042A3081F300F6AEEE /* TableView+DequeueOrRegisterCell.swift in Sources */,
				03C8F0872A2DF48600F6AF90 /* PopUpButtonCell.swift in Sources */,
				0304DACC2A544FB700A7C2DE /* EditElementNavigationController.swift in Sources */,
				03010CCC2A34943500EF32D1 /* SummaryCell.swift in Sources */,
				03DC304F2A23E72100ABC4CB /* Icon.swift in Sources */,
				03DC304D2A23E10400ABC4CB /* TextSize.swift in Sources */,
				03C8F0852A2CFF9300F6AF90 /* SwitchCell.swift in Sources */,
				03944A902A195FF000639AC7 /* TextElementCell.swift in Sources */,
				03010CD22A3498B800EF32D1 /* UIMenuElementState+StateForIsSelected.swift in Sources */,
				03E9F10B2A60229700442A9E /* EditButtonMenuItemViewController.swift in Sources */,
				0342FC732A17B51A00CB8075 /* BoardViewController.swift in Sources */,
				03DC304B2A23D86000ABC4CB /* BoardCell.swift in Sources */,
				03C8F0812A2C9F4800F6AF90 /* FormCellDelegate.swift in Sources */,
				0308F4F42A680D050079F4A9 /* CardSummaryCollectionCell.swift in Sources */,
				038BBC302A1811C900BB2284 /* Element.swift in Sources */,
				0308F4EE2A67E1D60079F4A9 /* TitleSupplementaryView.swift in Sources */,
				03010CC82A348C9200EF32D1 /* SortByCell.swift in Sources */,
				036D820E2A31E4BD0064F05B /* UIViewController+KeyboardDismissing.swift in Sources */,
				03A3EF652A3BD10B00B68109 /* SignInViewController.swift in Sources */,
				03010CD82A35DAB300EF32D1 /* ConditionsViewController.swift in Sources */,
				03A3EF672A3BD37E00B68109 /* KeychainStore.swift in Sources */,
			);
			runOnlyForDeploymentPostprocessing = 0;
		};
		03027E042A13DF9E0063EE24 /* Sources */ = {
			isa = PBXSourcesBuildPhase;
			buildActionMask = 2147483647;
			files = (
				03830DDB2C25C77600EE360B /* ActionsViewControllerTests.swift in Sources */,
				03830DCF2C2494CA00EE360B /* EditColumnViewControllerTests.swift in Sources */,
				03830DBC2C239B0200EE360B /* SignInViewControllerTests.swift in Sources */,
				03830DD92C25BF7300EE360B /* ButtonMenuItemsViewControllerTests.swift in Sources */,
				03830DD72C25B6A900EE360B /* ChoicesViewControllerTests.swift in Sources */,
				038D35C72A4CB7F800F546DD /* ActionTests.swift in Sources */,
				03830DD12C25094B00EE360B /* EditButtonMenuItemViewControllerTests.swift in Sources */,
				03D6688D2A1CC78F00597D9E /* CardTests.swift in Sources */,
				035C3E9B2A1D8F9200760AE5 /* UtilsTests.swift in Sources */,
				03830DC22C24528800EE360B /* MockTokenStore.swift in Sources */,
				03830DC62C245F6E00EE360B /* MockUserStore.swift in Sources */,
				031189652A2A02A400334B63 /* QueryTests.swift in Sources */,
				03830DC42C2457FB00EE360B /* SignUpViewControllerTests.swift in Sources */,
				03830DB22C23571800EE360B /* EditActionViewControllerTests.swift in Sources */,
				036445482A48B70A0081756C /* ValueTests.swift in Sources */,
				03830DA92C20CCF600EE360B /* DateUtilsTests.swift in Sources */,
				03830DAB2C232FAF00EE360B /* EditBoardViewControllerTests.swift in Sources */,
				03830DB92C23953900EE360B /* EditConditionViewControllerTests.swift in Sources */,
				03830DD32C259F4A00EE360B /* TestHelpers.swift in Sources */,
				03830DD52C25AD7000EE360B /* MockBoardStore.swift in Sources */,
			);
			runOnlyForDeploymentPostprocessing = 0;
		};
		03027E0E2A13DF9E0063EE24 /* Sources */ = {
			isa = PBXSourcesBuildPhase;
			buildActionMask = 2147483647;
			files = (
				03027E172A13DF9E0063EE24 /* RiverbedUITests.swift in Sources */,
			);
			runOnlyForDeploymentPostprocessing = 0;
		};
		0328D1C72A39D6F70079576C /* Sources */ = {
			isa = PBXSourcesBuildPhase;
			buildActionMask = 2147483647;
			files = (
				0328D1E02A39DB0C0079576C /* Attachment.swift in Sources */,
				0328D1E72A39DDFA0079576C /* Condition.swift in Sources */,
				031094162A3FC1120051B93F /* ShareViewController.swift in Sources */,
				0328D1EC2A39DE4F0079576C /* SummaryFunction.swift in Sources */,
				038D35C52A4CB75B00F546DD /* Action.swift in Sources */,
				032E3ADD2A4CD925001D04F4 /* JSONAPI.swift in Sources */,
				0328D1EE2A39DE540079576C /* Value.swift in Sources */,
				0328D1E42A39DDEB0079576C /* Card.swift in Sources */,
				0328D1E62A39DDF00079576C /* Element.swift in Sources */,
				0328D1F02A39DE5E0079576C /* DateTimeUtils.swift in Sources */,
				0328D1E22A39DCC70079576C /* RiverbedAPI.swift in Sources */,
				0328D1E52A39DDED0079576C /* Column.swift in Sources */,
				0328D1E32A39DDE80079576C /* Board.swift in Sources */,
				0328D1EB2A39DE4D0079576C /* Query.swift in Sources */,
				0328D1E82A39DE360079576C /* Icon.swift in Sources */,
				032E3ADA2A4CD872001D04F4 /* FieldValue.swift in Sources */,
				0328D1ED2A39DE510079576C /* TextSize.swift in Sources */,
				0328D1EF2A39DE5C0079576C /* DateUtils.swift in Sources */,
				0328D1E92A39DE390079576C /* ColorTheme.swift in Sources */,
				0328D1E12A39DB0C0079576C /* AttachmentHandler.swift in Sources */,
				0328D1F12A39DE970079576C /* Utils.swift in Sources */,
				0328D1EA2A39DE470079576C /* Command.swift in Sources */,
				03A3EF722A3C7E9500B68109 /* KeychainStore.swift in Sources */,
			);
			runOnlyForDeploymentPostprocessing = 0;
		};
/* End PBXSourcesBuildPhase section */

/* Begin PBXTargetDependency section */
		03027E0A2A13DF9E0063EE24 /* PBXTargetDependency */ = {
			isa = PBXTargetDependency;
			target = 03027DF12A13DF9D0063EE24 /* Riverbed */;
			targetProxy = 03027E092A13DF9E0063EE24 /* PBXContainerItemProxy */;
		};
		03027E142A13DF9E0063EE24 /* PBXTargetDependency */ = {
			isa = PBXTargetDependency;
			target = 03027DF12A13DF9D0063EE24 /* Riverbed */;
			targetProxy = 03027E132A13DF9E0063EE24 /* PBXContainerItemProxy */;
		};
		0328D1D42A39D6F70079576C /* PBXTargetDependency */ = {
			isa = PBXTargetDependency;
			target = 0328D1CA2A39D6F70079576C /* RiverbedShare */;
			targetProxy = 0328D1D32A39D6F70079576C /* PBXContainerItemProxy */;
		};
/* End PBXTargetDependency section */

/* Begin PBXVariantGroup section */
		03027DFB2A13DF9D0063EE24 /* Main.storyboard */ = {
			isa = PBXVariantGroup;
			children = (
				03027DFC2A13DF9D0063EE24 /* Base */,
			);
			name = Main.storyboard;
			sourceTree = "<group>";
		};
		03027E002A13DF9E0063EE24 /* LaunchScreen.storyboard */ = {
			isa = PBXVariantGroup;
			children = (
				03027E012A13DF9E0063EE24 /* Base */,
			);
			name = LaunchScreen.storyboard;
			sourceTree = "<group>";
		};
		0328D1CF2A39D6F70079576C /* MainInterface.storyboard */ = {
			isa = PBXVariantGroup;
			children = (
				0328D1D02A39D6F70079576C /* Base */,
			);
			name = MainInterface.storyboard;
			sourceTree = "<group>";
		};
/* End PBXVariantGroup section */

/* Begin XCBuildConfiguration section */
		03027E1A2A13DF9E0063EE24 /* Debug */ = {
			isa = XCBuildConfiguration;
			buildSettings = {
				ALWAYS_SEARCH_USER_PATHS = NO;
				ASSETCATALOG_COMPILER_GENERATE_SWIFT_ASSET_SYMBOL_EXTENSIONS = YES;
				CLANG_ANALYZER_NONNULL = YES;
				CLANG_ANALYZER_NUMBER_OBJECT_CONVERSION = YES_AGGRESSIVE;
				CLANG_CXX_LANGUAGE_STANDARD = "gnu++20";
				CLANG_ENABLE_MODULES = YES;
				CLANG_ENABLE_OBJC_ARC = YES;
				CLANG_ENABLE_OBJC_WEAK = YES;
				CLANG_WARN_BLOCK_CAPTURE_AUTORELEASING = YES;
				CLANG_WARN_BOOL_CONVERSION = YES;
				CLANG_WARN_COMMA = YES;
				CLANG_WARN_CONSTANT_CONVERSION = YES;
				CLANG_WARN_DEPRECATED_OBJC_IMPLEMENTATIONS = YES;
				CLANG_WARN_DIRECT_OBJC_ISA_USAGE = YES_ERROR;
				CLANG_WARN_DOCUMENTATION_COMMENTS = YES;
				CLANG_WARN_EMPTY_BODY = YES;
				CLANG_WARN_ENUM_CONVERSION = YES;
				CLANG_WARN_INFINITE_RECURSION = YES;
				CLANG_WARN_INT_CONVERSION = YES;
				CLANG_WARN_NON_LITERAL_NULL_CONVERSION = YES;
				CLANG_WARN_OBJC_IMPLICIT_RETAIN_SELF = YES;
				CLANG_WARN_OBJC_LITERAL_CONVERSION = YES;
				CLANG_WARN_OBJC_ROOT_CLASS = YES_ERROR;
				CLANG_WARN_QUOTED_INCLUDE_IN_FRAMEWORK_HEADER = YES;
				CLANG_WARN_RANGE_LOOP_ANALYSIS = YES;
				CLANG_WARN_STRICT_PROTOTYPES = YES;
				CLANG_WARN_SUSPICIOUS_MOVE = YES;
				CLANG_WARN_UNGUARDED_AVAILABILITY = YES_AGGRESSIVE;
				CLANG_WARN_UNREACHABLE_CODE = YES;
				CLANG_WARN__DUPLICATE_METHOD_MATCH = YES;
				COPY_PHASE_STRIP = NO;
				DEBUG_INFORMATION_FORMAT = dwarf;
				ENABLE_STRICT_OBJC_MSGSEND = YES;
				ENABLE_TESTABILITY = YES;
				ENABLE_USER_SCRIPT_SANDBOXING = YES;
				GCC_C_LANGUAGE_STANDARD = gnu11;
				GCC_DYNAMIC_NO_PIC = NO;
				GCC_NO_COMMON_BLOCKS = YES;
				GCC_OPTIMIZATION_LEVEL = 0;
				GCC_PREPROCESSOR_DEFINITIONS = (
					"DEBUG=1",
					"$(inherited)",
				);
				GCC_WARN_64_TO_32_BIT_CONVERSION = YES;
				GCC_WARN_ABOUT_RETURN_TYPE = YES_ERROR;
				GCC_WARN_UNDECLARED_SELECTOR = YES;
				GCC_WARN_UNINITIALIZED_AUTOS = YES_AGGRESSIVE;
				GCC_WARN_UNUSED_FUNCTION = YES;
				GCC_WARN_UNUSED_VARIABLE = YES;
				IPHONEOS_DEPLOYMENT_TARGET = 16.4;
				MTL_ENABLE_DEBUG_INFO = INCLUDE_SOURCE;
				MTL_FAST_MATH = YES;
				ONLY_ACTIVE_ARCH = YES;
				SDKROOT = iphoneos;
				SWIFT_ACTIVE_COMPILATION_CONDITIONS = DEBUG;
				SWIFT_OPTIMIZATION_LEVEL = "-Onone";
			};
			name = Debug;
		};
		03027E1B2A13DF9E0063EE24 /* Release */ = {
			isa = XCBuildConfiguration;
			buildSettings = {
				ALWAYS_SEARCH_USER_PATHS = NO;
				ASSETCATALOG_COMPILER_GENERATE_SWIFT_ASSET_SYMBOL_EXTENSIONS = YES;
				CLANG_ANALYZER_NONNULL = YES;
				CLANG_ANALYZER_NUMBER_OBJECT_CONVERSION = YES_AGGRESSIVE;
				CLANG_CXX_LANGUAGE_STANDARD = "gnu++20";
				CLANG_ENABLE_MODULES = YES;
				CLANG_ENABLE_OBJC_ARC = YES;
				CLANG_ENABLE_OBJC_WEAK = YES;
				CLANG_WARN_BLOCK_CAPTURE_AUTORELEASING = YES;
				CLANG_WARN_BOOL_CONVERSION = YES;
				CLANG_WARN_COMMA = YES;
				CLANG_WARN_CONSTANT_CONVERSION = YES;
				CLANG_WARN_DEPRECATED_OBJC_IMPLEMENTATIONS = YES;
				CLANG_WARN_DIRECT_OBJC_ISA_USAGE = YES_ERROR;
				CLANG_WARN_DOCUMENTATION_COMMENTS = YES;
				CLANG_WARN_EMPTY_BODY = YES;
				CLANG_WARN_ENUM_CONVERSION = YES;
				CLANG_WARN_INFINITE_RECURSION = YES;
				CLANG_WARN_INT_CONVERSION = YES;
				CLANG_WARN_NON_LITERAL_NULL_CONVERSION = YES;
				CLANG_WARN_OBJC_IMPLICIT_RETAIN_SELF = YES;
				CLANG_WARN_OBJC_LITERAL_CONVERSION = YES;
				CLANG_WARN_OBJC_ROOT_CLASS = YES_ERROR;
				CLANG_WARN_QUOTED_INCLUDE_IN_FRAMEWORK_HEADER = YES;
				CLANG_WARN_RANGE_LOOP_ANALYSIS = YES;
				CLANG_WARN_STRICT_PROTOTYPES = YES;
				CLANG_WARN_SUSPICIOUS_MOVE = YES;
				CLANG_WARN_UNGUARDED_AVAILABILITY = YES_AGGRESSIVE;
				CLANG_WARN_UNREACHABLE_CODE = YES;
				CLANG_WARN__DUPLICATE_METHOD_MATCH = YES;
				COPY_PHASE_STRIP = NO;
				DEBUG_INFORMATION_FORMAT = "dwarf-with-dsym";
				ENABLE_NS_ASSERTIONS = NO;
				ENABLE_STRICT_OBJC_MSGSEND = YES;
				ENABLE_USER_SCRIPT_SANDBOXING = YES;
				GCC_C_LANGUAGE_STANDARD = gnu11;
				GCC_NO_COMMON_BLOCKS = YES;
				GCC_WARN_64_TO_32_BIT_CONVERSION = YES;
				GCC_WARN_ABOUT_RETURN_TYPE = YES_ERROR;
				GCC_WARN_UNDECLARED_SELECTOR = YES;
				GCC_WARN_UNINITIALIZED_AUTOS = YES_AGGRESSIVE;
				GCC_WARN_UNUSED_FUNCTION = YES;
				GCC_WARN_UNUSED_VARIABLE = YES;
				IPHONEOS_DEPLOYMENT_TARGET = 16.4;
				MTL_ENABLE_DEBUG_INFO = NO;
				MTL_FAST_MATH = YES;
				SDKROOT = iphoneos;
				SWIFT_COMPILATION_MODE = wholemodule;
				SWIFT_OPTIMIZATION_LEVEL = "-O";
				VALIDATE_PRODUCT = YES;
			};
			name = Release;
		};
		03027E1D2A13DF9E0063EE24 /* Debug */ = {
			isa = XCBuildConfiguration;
			buildSettings = {
				ASSETCATALOG_COMPILER_APPICON_NAME = "Riverbed Icon Apple";
				ASSETCATALOG_COMPILER_GLOBAL_ACCENT_COLOR_NAME = AccentColor;
				CODE_SIGN_ENTITLEMENTS = Riverbed/Riverbed.entitlements;
				CODE_SIGN_STYLE = Automatic;
				CURRENT_PROJECT_VERSION = 17;
				DEVELOPMENT_TEAM = 6283CFQE2Y;
				GENERATE_INFOPLIST_FILE = YES;
				INFOPLIST_FILE = Riverbed/Info.plist;
				INFOPLIST_KEY_NSLocationWhenInUseUsageDescription = "Fill in geolocation fields you configure";
				INFOPLIST_KEY_UIApplicationSupportsIndirectInputEvents = YES;
				INFOPLIST_KEY_UILaunchStoryboardName = Main;
				INFOPLIST_KEY_UIMainStoryboardFile = Main;
				INFOPLIST_KEY_UISupportedInterfaceOrientations = UIInterfaceOrientationPortrait;
				INFOPLIST_KEY_UISupportedInterfaceOrientations_iPad = "UIInterfaceOrientationLandscapeLeft UIInterfaceOrientationLandscapeRight UIInterfaceOrientationPortrait UIInterfaceOrientationPortraitUpsideDown";
				IPHONEOS_DEPLOYMENT_TARGET = 15.3;
				LD_RUNPATH_SEARCH_PATHS = (
					"$(inherited)",
					"@executable_path/Frameworks",
				);
				MARKETING_VERSION = 1.0.5;
				PRODUCT_BUNDLE_IDENTIFIER = com.codingitwrong.riverbed.uikit.beta;
				PRODUCT_NAME = "$(TARGET_NAME)";
				SWIFT_EMIT_LOC_STRINGS = YES;
				SWIFT_VERSION = 5.0;
				TARGETED_DEVICE_FAMILY = "1,2";
			};
			name = Debug;
		};
		03027E1E2A13DF9E0063EE24 /* Release */ = {
			isa = XCBuildConfiguration;
			buildSettings = {
				ASSETCATALOG_COMPILER_APPICON_NAME = "Riverbed Icon Apple";
				ASSETCATALOG_COMPILER_GLOBAL_ACCENT_COLOR_NAME = AccentColor;
				CODE_SIGN_ENTITLEMENTS = Riverbed/Riverbed.entitlements;
				CODE_SIGN_STYLE = Automatic;
				CURRENT_PROJECT_VERSION = 17;
				DEVELOPMENT_TEAM = 6283CFQE2Y;
				GENERATE_INFOPLIST_FILE = YES;
				INFOPLIST_FILE = Riverbed/Info.plist;
				INFOPLIST_KEY_NSLocationWhenInUseUsageDescription = "Fill in geolocation fields you configure";
				INFOPLIST_KEY_UIApplicationSupportsIndirectInputEvents = YES;
				INFOPLIST_KEY_UILaunchStoryboardName = Main;
				INFOPLIST_KEY_UIMainStoryboardFile = Main;
				INFOPLIST_KEY_UISupportedInterfaceOrientations = UIInterfaceOrientationPortrait;
				INFOPLIST_KEY_UISupportedInterfaceOrientations_iPad = "UIInterfaceOrientationLandscapeLeft UIInterfaceOrientationLandscapeRight UIInterfaceOrientationPortrait UIInterfaceOrientationPortraitUpsideDown";
				IPHONEOS_DEPLOYMENT_TARGET = 15.3;
				LD_RUNPATH_SEARCH_PATHS = (
					"$(inherited)",
					"@executable_path/Frameworks",
				);
				MARKETING_VERSION = 1.0.5;
				PRODUCT_BUNDLE_IDENTIFIER = com.codingitwrong.riverbed.uikit.beta;
				PRODUCT_NAME = "$(TARGET_NAME)";
				SWIFT_EMIT_LOC_STRINGS = YES;
				SWIFT_VERSION = 5.0;
				TARGETED_DEVICE_FAMILY = "1,2";
			};
			name = Release;
		};
		03027E202A13DF9E0063EE24 /* Debug */ = {
			isa = XCBuildConfiguration;
			buildSettings = {
				BUNDLE_LOADER = "$(TEST_HOST)";
				CLANG_ENABLE_MODULES = YES;
				CODE_SIGN_STYLE = Automatic;
				CURRENT_PROJECT_VERSION = 1;
				DEVELOPMENT_TEAM = 6283CFQE2Y;
				GENERATE_INFOPLIST_FILE = YES;
				IPHONEOS_DEPLOYMENT_TARGET = 16.4;
				MARKETING_VERSION = 1.0;
				PRODUCT_BUNDLE_IDENTIFIER = com.codingitwrong.RiverbedTests;
				PRODUCT_NAME = "$(TARGET_NAME)";
				SWIFT_EMIT_LOC_STRINGS = NO;
				SWIFT_OPTIMIZATION_LEVEL = "-Onone";
				SWIFT_VERSION = 5.0;
				TARGETED_DEVICE_FAMILY = "1,2";
				TEST_HOST = "$(BUILT_PRODUCTS_DIR)/Riverbed.app/$(BUNDLE_EXECUTABLE_FOLDER_PATH)/Riverbed";
			};
			name = Debug;
		};
		03027E212A13DF9E0063EE24 /* Release */ = {
			isa = XCBuildConfiguration;
			buildSettings = {
				BUNDLE_LOADER = "$(TEST_HOST)";
				CLANG_ENABLE_MODULES = YES;
				CODE_SIGN_STYLE = Automatic;
				CURRENT_PROJECT_VERSION = 1;
				DEVELOPMENT_TEAM = 6283CFQE2Y;
				GENERATE_INFOPLIST_FILE = YES;
				IPHONEOS_DEPLOYMENT_TARGET = 16.4;
				MARKETING_VERSION = 1.0;
				PRODUCT_BUNDLE_IDENTIFIER = com.codingitwrong.RiverbedTests;
				PRODUCT_NAME = "$(TARGET_NAME)";
				SWIFT_EMIT_LOC_STRINGS = NO;
				SWIFT_VERSION = 5.0;
				TARGETED_DEVICE_FAMILY = "1,2";
				TEST_HOST = "$(BUILT_PRODUCTS_DIR)/Riverbed.app/$(BUNDLE_EXECUTABLE_FOLDER_PATH)/Riverbed";
			};
			name = Release;
		};
		03027E232A13DF9E0063EE24 /* Debug */ = {
			isa = XCBuildConfiguration;
			buildSettings = {
				CODE_SIGN_STYLE = Automatic;
				CURRENT_PROJECT_VERSION = 1;
				DEVELOPMENT_TEAM = 6283CFQE2Y;
				GENERATE_INFOPLIST_FILE = YES;
				MARKETING_VERSION = 1.0;
				PRODUCT_BUNDLE_IDENTIFIER = com.codingitwrong.RiverbedUITests;
				PRODUCT_NAME = "$(TARGET_NAME)";
				SWIFT_EMIT_LOC_STRINGS = NO;
				SWIFT_VERSION = 5.0;
				TARGETED_DEVICE_FAMILY = "1,2";
				TEST_TARGET_NAME = Riverbed;
			};
			name = Debug;
		};
		03027E242A13DF9E0063EE24 /* Release */ = {
			isa = XCBuildConfiguration;
			buildSettings = {
				CODE_SIGN_STYLE = Automatic;
				CURRENT_PROJECT_VERSION = 1;
				DEVELOPMENT_TEAM = 6283CFQE2Y;
				GENERATE_INFOPLIST_FILE = YES;
				MARKETING_VERSION = 1.0;
				PRODUCT_BUNDLE_IDENTIFIER = com.codingitwrong.RiverbedUITests;
				PRODUCT_NAME = "$(TARGET_NAME)";
				SWIFT_EMIT_LOC_STRINGS = NO;
				SWIFT_VERSION = 5.0;
				TARGETED_DEVICE_FAMILY = "1,2";
				TEST_TARGET_NAME = Riverbed;
			};
			name = Release;
		};
		0328D1D72A39D6F70079576C /* Debug */ = {
			isa = XCBuildConfiguration;
			buildSettings = {
				CODE_SIGN_ENTITLEMENTS = RiverbedShare/RiverbedShare.entitlements;
				CODE_SIGN_STYLE = Automatic;
				CURRENT_PROJECT_VERSION = 17;
				DEVELOPMENT_TEAM = 6283CFQE2Y;
				GENERATE_INFOPLIST_FILE = YES;
				INFOPLIST_FILE = RiverbedShare/Info.plist;
				INFOPLIST_KEY_CFBundleDisplayName = Riverbed;
				INFOPLIST_KEY_NSHumanReadableCopyright = "";
				IPHONEOS_DEPLOYMENT_TARGET = 15.3;
				LD_RUNPATH_SEARCH_PATHS = (
					"$(inherited)",
					"@executable_path/Frameworks",
					"@executable_path/../../Frameworks",
				);
				MARKETING_VERSION = 1.0.5;
				PRODUCT_BUNDLE_IDENTIFIER = com.codingitwrong.riverbed.uikit.beta.RiverbedShare;
				PRODUCT_NAME = "$(TARGET_NAME)";
				SKIP_INSTALL = YES;
				SWIFT_EMIT_LOC_STRINGS = YES;
				SWIFT_VERSION = 5.0;
				TARGETED_DEVICE_FAMILY = "1,2";
			};
			name = Debug;
		};
		0328D1D82A39D6F70079576C /* Release */ = {
			isa = XCBuildConfiguration;
			buildSettings = {
				CODE_SIGN_ENTITLEMENTS = RiverbedShare/RiverbedShare.entitlements;
				CODE_SIGN_STYLE = Automatic;
				CURRENT_PROJECT_VERSION = 17;
				DEVELOPMENT_TEAM = 6283CFQE2Y;
				GENERATE_INFOPLIST_FILE = YES;
				INFOPLIST_FILE = RiverbedShare/Info.plist;
				INFOPLIST_KEY_CFBundleDisplayName = Riverbed;
				INFOPLIST_KEY_NSHumanReadableCopyright = "";
				IPHONEOS_DEPLOYMENT_TARGET = 15.3;
				LD_RUNPATH_SEARCH_PATHS = (
					"$(inherited)",
					"@executable_path/Frameworks",
					"@executable_path/../../Frameworks",
				);
				MARKETING_VERSION = 1.0.5;
				PRODUCT_BUNDLE_IDENTIFIER = com.codingitwrong.riverbed.uikit.beta.RiverbedShare;
				PRODUCT_NAME = "$(TARGET_NAME)";
				SKIP_INSTALL = YES;
				SWIFT_EMIT_LOC_STRINGS = YES;
				SWIFT_VERSION = 5.0;
				TARGETED_DEVICE_FAMILY = "1,2";
			};
			name = Release;
		};
/* End XCBuildConfiguration section */

/* Begin XCConfigurationList section */
		03027DED2A13DF9D0063EE24 /* Build configuration list for PBXProject "Riverbed" */ = {
			isa = XCConfigurationList;
			buildConfigurations = (
				03027E1A2A13DF9E0063EE24 /* Debug */,
				03027E1B2A13DF9E0063EE24 /* Release */,
			);
			defaultConfigurationIsVisible = 0;
			defaultConfigurationName = Release;
		};
		03027E1C2A13DF9E0063EE24 /* Build configuration list for PBXNativeTarget "Riverbed" */ = {
			isa = XCConfigurationList;
			buildConfigurations = (
				03027E1D2A13DF9E0063EE24 /* Debug */,
				03027E1E2A13DF9E0063EE24 /* Release */,
			);
			defaultConfigurationIsVisible = 0;
			defaultConfigurationName = Release;
		};
		03027E1F2A13DF9E0063EE24 /* Build configuration list for PBXNativeTarget "RiverbedTests" */ = {
			isa = XCConfigurationList;
			buildConfigurations = (
				03027E202A13DF9E0063EE24 /* Debug */,
				03027E212A13DF9E0063EE24 /* Release */,
			);
			defaultConfigurationIsVisible = 0;
			defaultConfigurationName = Release;
		};
		03027E222A13DF9E0063EE24 /* Build configuration list for PBXNativeTarget "RiverbedUITests" */ = {
			isa = XCConfigurationList;
			buildConfigurations = (
				03027E232A13DF9E0063EE24 /* Debug */,
				03027E242A13DF9E0063EE24 /* Release */,
			);
			defaultConfigurationIsVisible = 0;
			defaultConfigurationName = Release;
		};
		0328D1D62A39D6F70079576C /* Build configuration list for PBXNativeTarget "RiverbedShare" */ = {
			isa = XCConfigurationList;
			buildConfigurations = (
				0328D1D72A39D6F70079576C /* Debug */,
				0328D1D82A39D6F70079576C /* Release */,
			);
			defaultConfigurationIsVisible = 0;
			defaultConfigurationName = Release;
		};
/* End XCConfigurationList section */
	};
	rootObject = 03027DEA2A13DF9D0063EE24 /* Project object */;
}
