// !$*UTF8*$!
{
	archiveVersion = 1;
	classes = {
	};
	objectVersion = 56;
	objects = {

/* Begin PBXBuildFile section */
		03027DF62A13DF9D0063EE24 /* AppDelegate.swift in Sources */ = {isa = PBXBuildFile; fileRef = 03027DF52A13DF9D0063EE24 /* AppDelegate.swift */; };
		03027DF82A13DF9D0063EE24 /* SceneDelegate.swift in Sources */ = {isa = PBXBuildFile; fileRef = 03027DF72A13DF9D0063EE24 /* SceneDelegate.swift */; };
		03027DFD2A13DF9D0063EE24 /* Main.storyboard in Resources */ = {isa = PBXBuildFile; fileRef = 03027DFB2A13DF9D0063EE24 /* Main.storyboard */; };
		03027DFF2A13DF9E0063EE24 /* Assets.xcassets in Resources */ = {isa = PBXBuildFile; fileRef = 03027DFE2A13DF9E0063EE24 /* Assets.xcassets */; };
		03027E022A13DF9E0063EE24 /* LaunchScreen.storyboard in Resources */ = {isa = PBXBuildFile; fileRef = 03027E002A13DF9E0063EE24 /* LaunchScreen.storyboard */; };
		03027E172A13DF9E0063EE24 /* RiverbedUITests.swift in Sources */ = {isa = PBXBuildFile; fileRef = 03027E162A13DF9E0063EE24 /* RiverbedUITests.swift */; };
		031189652A2A02A400334B63 /* QueryTests.swift in Sources */ = {isa = PBXBuildFile; fileRef = 031189642A2A02A400334B63 /* QueryTests.swift */; };
		032F2C862A1AE806008208E9 /* Query.swift in Sources */ = {isa = PBXBuildFile; fileRef = 032F2C852A1AE806008208E9 /* Query.swift */; };
		032F2C882A1AEA17008208E9 /* Condition.swift in Sources */ = {isa = PBXBuildFile; fileRef = 032F2C872A1AEA17008208E9 /* Condition.swift */; };
		0342FC6A2A17947A00CB8075 /* BoardListViewController.swift in Sources */ = {isa = PBXBuildFile; fileRef = 0342FC692A17947A00CB8075 /* BoardListViewController.swift */; };
		0342FC6E2A17959F00CB8075 /* BoardStore.swift in Sources */ = {isa = PBXBuildFile; fileRef = 0342FC6D2A17959F00CB8075 /* BoardStore.swift */; };
		0342FC712A17960000CB8075 /* Board.swift in Sources */ = {isa = PBXBuildFile; fileRef = 0342FC702A17960000CB8075 /* Board.swift */; };
		0342FC732A17B51A00CB8075 /* BoardViewController.swift in Sources */ = {isa = PBXBuildFile; fileRef = 0342FC722A17B51A00CB8075 /* BoardViewController.swift */; };
		0342FC752A17B68200CB8075 /* ColumnStore.swift in Sources */ = {isa = PBXBuildFile; fileRef = 0342FC742A17B68200CB8075 /* ColumnStore.swift */; };
		0342FC772A17B69D00CB8075 /* APIError.swift in Sources */ = {isa = PBXBuildFile; fileRef = 0342FC762A17B69D00CB8075 /* APIError.swift */; };
		0342FC792A17B6D400CB8075 /* Utils.swift in Sources */ = {isa = PBXBuildFile; fileRef = 0342FC782A17B6D400CB8075 /* Utils.swift */; };
		0342FC7C2A17B71000CB8075 /* RiverbedAPI.swift in Sources */ = {isa = PBXBuildFile; fileRef = 0342FC7B2A17B71000CB8075 /* RiverbedAPI.swift */; };
		0342FC7E2A17B7CE00CB8075 /* Column.swift in Sources */ = {isa = PBXBuildFile; fileRef = 0342FC7D2A17B7CE00CB8075 /* Column.swift */; };
		0342FC802A17C24100CB8075 /* Card.swift in Sources */ = {isa = PBXBuildFile; fileRef = 0342FC7F2A17C24100CB8075 /* Card.swift */; };
		0342FC822A17C2D300CB8075 /* CardStore.swift in Sources */ = {isa = PBXBuildFile; fileRef = 0342FC812A17C2D300CB8075 /* CardStore.swift */; };
		034655042A3081F300F6AEEE /* TableView+DequeueOrRegisterCell.swift in Sources */ = {isa = PBXBuildFile; fileRef = 034655032A3081F300F6AEEE /* TableView+DequeueOrRegisterCell.swift */; };
		034655062A30857100F6AEEE /* ButtonElementCell.xib in Resources */ = {isa = PBXBuildFile; fileRef = 034655052A30857100F6AEEE /* ButtonElementCell.xib */; };
		034655082A30865B00F6AEEE /* ButtonMenuElementCell.xib in Resources */ = {isa = PBXBuildFile; fileRef = 034655072A30865B00F6AEEE /* ButtonMenuElementCell.xib */; };
		0346550A2A3086DC00F6AEEE /* ReadOnlyElementCell.xib in Resources */ = {isa = PBXBuildFile; fileRef = 034655092A3086DC00F6AEEE /* ReadOnlyElementCell.xib */; };
		034D09DB2A2EA3F600106EE1 /* TextElementCell.xib in Resources */ = {isa = PBXBuildFile; fileRef = 034D09DA2A2EA3F600106EE1 /* TextElementCell.xib */; };
		034D09DD2A2F4DD600106EE1 /* ChoiceElementCell.xib in Resources */ = {isa = PBXBuildFile; fileRef = 034D09DC2A2F4DD600106EE1 /* ChoiceElementCell.xib */; };
		034D09DF2A2F4EB900106EE1 /* DateElementCell.xib in Resources */ = {isa = PBXBuildFile; fileRef = 034D09DE2A2F4EB900106EE1 /* DateElementCell.xib */; };
		034D09E12A2F507000106EE1 /* GeolocationElementCell.xib in Resources */ = {isa = PBXBuildFile; fileRef = 034D09E02A2F507000106EE1 /* GeolocationElementCell.xib */; };
		035C3E9B2A1D8F9200760AE5 /* UtilsTests.swift in Sources */ = {isa = PBXBuildFile; fileRef = 035C3E9A2A1D8F9200760AE5 /* UtilsTests.swift */; };
		038BBC2E2A1811C300BB2284 /* ElementStore.swift in Sources */ = {isa = PBXBuildFile; fileRef = 038BBC2D2A1811C300BB2284 /* ElementStore.swift */; };
		038BBC302A1811C900BB2284 /* Element.swift in Sources */ = {isa = PBXBuildFile; fileRef = 038BBC2F2A1811C900BB2284 /* Element.swift */; };
		038BBC322A1823ED00BB2284 /* CardViewController.swift in Sources */ = {isa = PBXBuildFile; fileRef = 038BBC312A1823ED00BB2284 /* CardViewController.swift */; };
		03907BB32A29F7BC00203748 /* BaseStore.swift in Sources */ = {isa = PBXBuildFile; fileRef = 03907BB22A29F7BC00203748 /* BaseStore.swift */; };
		03944A8B2A195F7A00639AC7 /* CardSummaryCell.swift in Sources */ = {isa = PBXBuildFile; fileRef = 03944A8A2A195F7A00639AC7 /* CardSummaryCell.swift */; };
		03944A8D2A195FA900639AC7 /* ColumnCell.swift in Sources */ = {isa = PBXBuildFile; fileRef = 03944A8C2A195FA900639AC7 /* ColumnCell.swift */; };
		03944A902A195FF000639AC7 /* TextElementCell.swift in Sources */ = {isa = PBXBuildFile; fileRef = 03944A8F2A195FF000639AC7 /* TextElementCell.swift */; };
		03944A922A1960AD00639AC7 /* DateElementCell.swift in Sources */ = {isa = PBXBuildFile; fileRef = 03944A912A1960AD00639AC7 /* DateElementCell.swift */; };
		03944A942A19737E00639AC7 /* ChoiceElementCell.swift in Sources */ = {isa = PBXBuildFile; fileRef = 03944A932A19737E00639AC7 /* ChoiceElementCell.swift */; };
		03944A962A1976C400639AC7 /* ElementCell.swift in Sources */ = {isa = PBXBuildFile; fileRef = 03944A952A1976C400639AC7 /* ElementCell.swift */; };
		03944A982A19788F00639AC7 /* GeolocationElementCell.swift in Sources */ = {isa = PBXBuildFile; fileRef = 03944A972A19788F00639AC7 /* GeolocationElementCell.swift */; };
		03944A9B2A19860400639AC7 /* ButtonElementCell.swift in Sources */ = {isa = PBXBuildFile; fileRef = 03944A9A2A19860400639AC7 /* ButtonElementCell.swift */; };
		03944A9D2A19877B00639AC7 /* ButtonMenuElementCell.swift in Sources */ = {isa = PBXBuildFile; fileRef = 03944A9C2A19877B00639AC7 /* ButtonMenuElementCell.swift */; };
		03944AA12A1AAE0000639AC7 /* DateUtils.swift in Sources */ = {isa = PBXBuildFile; fileRef = 03944AA02A1AAE0000639AC7 /* DateUtils.swift */; };
		03944AA32A1AAEDE00639AC7 /* DateTimeUtils.swift in Sources */ = {isa = PBXBuildFile; fileRef = 03944AA22A1AAEDE00639AC7 /* DateTimeUtils.swift */; };
		03C8F07D2A2C9E9800F6AF90 /* TextFieldCell.swift in Sources */ = {isa = PBXBuildFile; fileRef = 03C8F07C2A2C9E9800F6AF90 /* TextFieldCell.swift */; };
		03C8F07F2A2C9EFE00F6AF90 /* DynamicElementViewController.swift in Sources */ = {isa = PBXBuildFile; fileRef = 03C8F07E2A2C9EFE00F6AF90 /* DynamicElementViewController.swift */; };
		03C8F0812A2C9F4800F6AF90 /* FormCellDelegate.swift in Sources */ = {isa = PBXBuildFile; fileRef = 03C8F0802A2C9F4800F6AF90 /* FormCellDelegate.swift */; };
		03C8F0832A2CA6BF00F6AF90 /* TestTableViewController.swift in Sources */ = {isa = PBXBuildFile; fileRef = 03C8F0822A2CA6BF00F6AF90 /* TestTableViewController.swift */; };
		03C8F0852A2CFF9300F6AF90 /* SwitchCell.swift in Sources */ = {isa = PBXBuildFile; fileRef = 03C8F0842A2CFF9300F6AF90 /* SwitchCell.swift */; };
		03C8F0872A2DF48600F6AF90 /* PopUpButtonCell.swift in Sources */ = {isa = PBXBuildFile; fileRef = 03C8F0862A2DF48600F6AF90 /* PopUpButtonCell.swift */; };
		03D6688B2A1CBA8A00597D9E /* RiverbedSplitViewController.swift in Sources */ = {isa = PBXBuildFile; fileRef = 03D6688A2A1CBA8A00597D9E /* RiverbedSplitViewController.swift */; };
		03D6688D2A1CC78F00597D9E /* CardTests.swift in Sources */ = {isa = PBXBuildFile; fileRef = 03D6688C2A1CC78F00597D9E /* CardTests.swift */; };
		03DC30442A23746B00ABC4CB /* ReadOnlyElementCell.swift in Sources */ = {isa = PBXBuildFile; fileRef = 03DC30432A23746B00ABC4CB /* ReadOnlyElementCell.swift */; };
		03DC30462A23793800ABC4CB /* Command.swift in Sources */ = {isa = PBXBuildFile; fileRef = 03DC30452A23793800ABC4CB /* Command.swift */; };
		03DC30482A23798E00ABC4CB /* Value.swift in Sources */ = {isa = PBXBuildFile; fileRef = 03DC30472A23798E00ABC4CB /* Value.swift */; };
		03DC304B2A23D86000ABC4CB /* BoardCell.swift in Sources */ = {isa = PBXBuildFile; fileRef = 03DC304A2A23D86000ABC4CB /* BoardCell.swift */; };
		03DC304D2A23E10400ABC4CB /* TextSize.swift in Sources */ = {isa = PBXBuildFile; fileRef = 03DC304C2A23E10400ABC4CB /* TextSize.swift */; };
		03DC304F2A23E72100ABC4CB /* Icon.swift in Sources */ = {isa = PBXBuildFile; fileRef = 03DC304E2A23E72100ABC4CB /* Icon.swift */; };
		03DC30512A24BD0A00ABC4CB /* ColorTheme.swift in Sources */ = {isa = PBXBuildFile; fileRef = 03DC30502A24BD0A00ABC4CB /* ColorTheme.swift */; };
		03EAFF372A2B599E0086EC0B /* ElementViewController.swift in Sources */ = {isa = PBXBuildFile; fileRef = 03EAFF362A2B599E0086EC0B /* ElementViewController.swift */; };
/* End PBXBuildFile section */

/* Begin PBXContainerItemProxy section */
		03027E092A13DF9E0063EE24 /* PBXContainerItemProxy */ = {
			isa = PBXContainerItemProxy;
			containerPortal = 03027DEA2A13DF9D0063EE24 /* Project object */;
			proxyType = 1;
			remoteGlobalIDString = 03027DF12A13DF9D0063EE24;
			remoteInfo = Riverbed;
		};
		03027E132A13DF9E0063EE24 /* PBXContainerItemProxy */ = {
			isa = PBXContainerItemProxy;
			containerPortal = 03027DEA2A13DF9D0063EE24 /* Project object */;
			proxyType = 1;
			remoteGlobalIDString = 03027DF12A13DF9D0063EE24;
			remoteInfo = Riverbed;
		};
/* End PBXContainerItemProxy section */

/* Begin PBXFileReference section */
		03027DF22A13DF9D0063EE24 /* Riverbed.app */ = {isa = PBXFileReference; explicitFileType = wrapper.application; includeInIndex = 0; path = Riverbed.app; sourceTree = BUILT_PRODUCTS_DIR; };
		03027DF52A13DF9D0063EE24 /* AppDelegate.swift */ = {isa = PBXFileReference; lastKnownFileType = sourcecode.swift; path = AppDelegate.swift; sourceTree = "<group>"; };
		03027DF72A13DF9D0063EE24 /* SceneDelegate.swift */ = {isa = PBXFileReference; lastKnownFileType = sourcecode.swift; path = SceneDelegate.swift; sourceTree = "<group>"; };
		03027DFC2A13DF9D0063EE24 /* Base */ = {isa = PBXFileReference; lastKnownFileType = file.storyboard; name = Base; path = Base.lproj/Main.storyboard; sourceTree = "<group>"; };
		03027DFE2A13DF9E0063EE24 /* Assets.xcassets */ = {isa = PBXFileReference; lastKnownFileType = folder.assetcatalog; path = Assets.xcassets; sourceTree = "<group>"; };
		03027E012A13DF9E0063EE24 /* Base */ = {isa = PBXFileReference; lastKnownFileType = file.storyboard; name = Base; path = Base.lproj/LaunchScreen.storyboard; sourceTree = "<group>"; };
		03027E032A13DF9E0063EE24 /* Info.plist */ = {isa = PBXFileReference; lastKnownFileType = text.plist.xml; path = Info.plist; sourceTree = "<group>"; };
		03027E082A13DF9E0063EE24 /* RiverbedTests.xctest */ = {isa = PBXFileReference; explicitFileType = wrapper.cfbundle; includeInIndex = 0; path = RiverbedTests.xctest; sourceTree = BUILT_PRODUCTS_DIR; };
		03027E122A13DF9E0063EE24 /* RiverbedUITests.xctest */ = {isa = PBXFileReference; explicitFileType = wrapper.cfbundle; includeInIndex = 0; path = RiverbedUITests.xctest; sourceTree = BUILT_PRODUCTS_DIR; };
		03027E162A13DF9E0063EE24 /* RiverbedUITests.swift */ = {isa = PBXFileReference; lastKnownFileType = sourcecode.swift; path = RiverbedUITests.swift; sourceTree = "<group>"; };
		031189642A2A02A400334B63 /* QueryTests.swift */ = {isa = PBXFileReference; lastKnownFileType = sourcecode.swift; path = QueryTests.swift; sourceTree = "<group>"; };
		032F2C852A1AE806008208E9 /* Query.swift */ = {isa = PBXFileReference; lastKnownFileType = sourcecode.swift; path = Query.swift; sourceTree = "<group>"; };
		032F2C872A1AEA17008208E9 /* Condition.swift */ = {isa = PBXFileReference; lastKnownFileType = sourcecode.swift; path = Condition.swift; sourceTree = "<group>"; };
		0342FC692A17947A00CB8075 /* BoardListViewController.swift */ = {isa = PBXFileReference; lastKnownFileType = sourcecode.swift; path = BoardListViewController.swift; sourceTree = "<group>"; };
		0342FC6D2A17959F00CB8075 /* BoardStore.swift */ = {isa = PBXFileReference; lastKnownFileType = sourcecode.swift; path = BoardStore.swift; sourceTree = "<group>"; };
		0342FC702A17960000CB8075 /* Board.swift */ = {isa = PBXFileReference; lastKnownFileType = sourcecode.swift; path = Board.swift; sourceTree = "<group>"; };
		0342FC722A17B51A00CB8075 /* BoardViewController.swift */ = {isa = PBXFileReference; lastKnownFileType = sourcecode.swift; path = BoardViewController.swift; sourceTree = "<group>"; };
		0342FC742A17B68200CB8075 /* ColumnStore.swift */ = {isa = PBXFileReference; lastKnownFileType = sourcecode.swift; path = ColumnStore.swift; sourceTree = "<group>"; };
		0342FC762A17B69D00CB8075 /* APIError.swift */ = {isa = PBXFileReference; lastKnownFileType = sourcecode.swift; path = APIError.swift; sourceTree = "<group>"; };
		0342FC782A17B6D400CB8075 /* Utils.swift */ = {isa = PBXFileReference; lastKnownFileType = sourcecode.swift; path = Utils.swift; sourceTree = "<group>"; };
		0342FC7B2A17B71000CB8075 /* RiverbedAPI.swift */ = {isa = PBXFileReference; lastKnownFileType = sourcecode.swift; path = RiverbedAPI.swift; sourceTree = "<group>"; };
		0342FC7D2A17B7CE00CB8075 /* Column.swift */ = {isa = PBXFileReference; lastKnownFileType = sourcecode.swift; path = Column.swift; sourceTree = "<group>"; };
		0342FC7F2A17C24100CB8075 /* Card.swift */ = {isa = PBXFileReference; lastKnownFileType = sourcecode.swift; path = Card.swift; sourceTree = "<group>"; };
		0342FC812A17C2D300CB8075 /* CardStore.swift */ = {isa = PBXFileReference; lastKnownFileType = sourcecode.swift; path = CardStore.swift; sourceTree = "<group>"; };
		034655032A3081F300F6AEEE /* TableView+DequeueOrRegisterCell.swift */ = {isa = PBXFileReference; lastKnownFileType = sourcecode.swift; path = "TableView+DequeueOrRegisterCell.swift"; sourceTree = "<group>"; };
		034655052A30857100F6AEEE /* ButtonElementCell.xib */ = {isa = PBXFileReference; lastKnownFileType = file.xib; path = ButtonElementCell.xib; sourceTree = "<group>"; };
		034655072A30865B00F6AEEE /* ButtonMenuElementCell.xib */ = {isa = PBXFileReference; lastKnownFileType = file.xib; path = ButtonMenuElementCell.xib; sourceTree = "<group>"; };
		034655092A3086DC00F6AEEE /* ReadOnlyElementCell.xib */ = {isa = PBXFileReference; lastKnownFileType = file.xib; path = ReadOnlyElementCell.xib; sourceTree = "<group>"; };
		034D09DA2A2EA3F600106EE1 /* TextElementCell.xib */ = {isa = PBXFileReference; lastKnownFileType = file.xib; path = TextElementCell.xib; sourceTree = "<group>"; };
		034D09DC2A2F4DD600106EE1 /* ChoiceElementCell.xib */ = {isa = PBXFileReference; lastKnownFileType = file.xib; path = ChoiceElementCell.xib; sourceTree = "<group>"; };
		034D09DE2A2F4EB900106EE1 /* DateElementCell.xib */ = {isa = PBXFileReference; lastKnownFileType = file.xib; path = DateElementCell.xib; sourceTree = "<group>"; };
		034D09E02A2F507000106EE1 /* GeolocationElementCell.xib */ = {isa = PBXFileReference; lastKnownFileType = file.xib; path = GeolocationElementCell.xib; sourceTree = "<group>"; };
		035C3E9A2A1D8F9200760AE5 /* UtilsTests.swift */ = {isa = PBXFileReference; lastKnownFileType = sourcecode.swift; path = UtilsTests.swift; sourceTree = "<group>"; };
		035C3E9C2A1D91DF00760AE5 /* Riverbed.xctestplan */ = {isa = PBXFileReference; lastKnownFileType = text; path = Riverbed.xctestplan; sourceTree = "<group>"; };
		038BBC2D2A1811C300BB2284 /* ElementStore.swift */ = {isa = PBXFileReference; lastKnownFileType = sourcecode.swift; path = ElementStore.swift; sourceTree = "<group>"; };
		038BBC2F2A1811C900BB2284 /* Element.swift */ = {isa = PBXFileReference; lastKnownFileType = sourcecode.swift; path = Element.swift; sourceTree = "<group>"; };
		038BBC312A1823ED00BB2284 /* CardViewController.swift */ = {isa = PBXFileReference; lastKnownFileType = sourcecode.swift; path = CardViewController.swift; sourceTree = "<group>"; };
		03907BB22A29F7BC00203748 /* BaseStore.swift */ = {isa = PBXFileReference; lastKnownFileType = sourcecode.swift; path = BaseStore.swift; sourceTree = "<group>"; };
		03944A8A2A195F7A00639AC7 /* CardSummaryCell.swift */ = {isa = PBXFileReference; lastKnownFileType = sourcecode.swift; path = CardSummaryCell.swift; sourceTree = "<group>"; };
		03944A8C2A195FA900639AC7 /* ColumnCell.swift */ = {isa = PBXFileReference; lastKnownFileType = sourcecode.swift; path = ColumnCell.swift; sourceTree = "<group>"; };
		03944A8F2A195FF000639AC7 /* TextElementCell.swift */ = {isa = PBXFileReference; lastKnownFileType = sourcecode.swift; path = TextElementCell.swift; sourceTree = "<group>"; };
		03944A912A1960AD00639AC7 /* DateElementCell.swift */ = {isa = PBXFileReference; lastKnownFileType = sourcecode.swift; path = DateElementCell.swift; sourceTree = "<group>"; };
		03944A932A19737E00639AC7 /* ChoiceElementCell.swift */ = {isa = PBXFileReference; lastKnownFileType = sourcecode.swift; path = ChoiceElementCell.swift; sourceTree = "<group>"; };
		03944A952A1976C400639AC7 /* ElementCell.swift */ = {isa = PBXFileReference; lastKnownFileType = sourcecode.swift; path = ElementCell.swift; sourceTree = "<group>"; };
		03944A972A19788F00639AC7 /* GeolocationElementCell.swift */ = {isa = PBXFileReference; lastKnownFileType = sourcecode.swift; path = GeolocationElementCell.swift; sourceTree = "<group>"; };
		03944A9A2A19860400639AC7 /* ButtonElementCell.swift */ = {isa = PBXFileReference; lastKnownFileType = sourcecode.swift; path = ButtonElementCell.swift; sourceTree = "<group>"; };
		03944A9C2A19877B00639AC7 /* ButtonMenuElementCell.swift */ = {isa = PBXFileReference; lastKnownFileType = sourcecode.swift; path = ButtonMenuElementCell.swift; sourceTree = "<group>"; };
		03944AA02A1AAE0000639AC7 /* DateUtils.swift */ = {isa = PBXFileReference; lastKnownFileType = sourcecode.swift; path = DateUtils.swift; sourceTree = "<group>"; };
		03944AA22A1AAEDE00639AC7 /* DateTimeUtils.swift */ = {isa = PBXFileReference; lastKnownFileType = sourcecode.swift; path = DateTimeUtils.swift; sourceTree = "<group>"; };
		03C8F07C2A2C9E9800F6AF90 /* TextFieldCell.swift */ = {isa = PBXFileReference; lastKnownFileType = sourcecode.swift; path = TextFieldCell.swift; sourceTree = "<group>"; };
		03C8F07E2A2C9EFE00F6AF90 /* DynamicElementViewController.swift */ = {isa = PBXFileReference; lastKnownFileType = sourcecode.swift; path = DynamicElementViewController.swift; sourceTree = "<group>"; };
		03C8F0802A2C9F4800F6AF90 /* FormCellDelegate.swift */ = {isa = PBXFileReference; lastKnownFileType = sourcecode.swift; path = FormCellDelegate.swift; sourceTree = "<group>"; };
		03C8F0822A2CA6BF00F6AF90 /* TestTableViewController.swift */ = {isa = PBXFileReference; lastKnownFileType = sourcecode.swift; path = TestTableViewController.swift; sourceTree = "<group>"; };
		03C8F0842A2CFF9300F6AF90 /* SwitchCell.swift */ = {isa = PBXFileReference; lastKnownFileType = sourcecode.swift; path = SwitchCell.swift; sourceTree = "<group>"; };
		03C8F0862A2DF48600F6AF90 /* PopUpButtonCell.swift */ = {isa = PBXFileReference; lastKnownFileType = sourcecode.swift; path = PopUpButtonCell.swift; sourceTree = "<group>"; };
		03D6688A2A1CBA8A00597D9E /* RiverbedSplitViewController.swift */ = {isa = PBXFileReference; lastKnownFileType = sourcecode.swift; path = RiverbedSplitViewController.swift; sourceTree = "<group>"; };
		03D6688C2A1CC78F00597D9E /* CardTests.swift */ = {isa = PBXFileReference; lastKnownFileType = sourcecode.swift; path = CardTests.swift; sourceTree = "<group>"; };
		03DC30432A23746B00ABC4CB /* ReadOnlyElementCell.swift */ = {isa = PBXFileReference; lastKnownFileType = sourcecode.swift; path = ReadOnlyElementCell.swift; sourceTree = "<group>"; };
		03DC30452A23793800ABC4CB /* Command.swift */ = {isa = PBXFileReference; lastKnownFileType = sourcecode.swift; path = Command.swift; sourceTree = "<group>"; };
		03DC30472A23798E00ABC4CB /* Value.swift */ = {isa = PBXFileReference; lastKnownFileType = sourcecode.swift; path = Value.swift; sourceTree = "<group>"; };
		03DC304A2A23D86000ABC4CB /* BoardCell.swift */ = {isa = PBXFileReference; lastKnownFileType = sourcecode.swift; path = BoardCell.swift; sourceTree = "<group>"; };
		03DC304C2A23E10400ABC4CB /* TextSize.swift */ = {isa = PBXFileReference; lastKnownFileType = sourcecode.swift; path = TextSize.swift; sourceTree = "<group>"; };
		03DC304E2A23E72100ABC4CB /* Icon.swift */ = {isa = PBXFileReference; lastKnownFileType = sourcecode.swift; path = Icon.swift; sourceTree = "<group>"; };
		03DC30502A24BD0A00ABC4CB /* ColorTheme.swift */ = {isa = PBXFileReference; lastKnownFileType = sourcecode.swift; path = ColorTheme.swift; sourceTree = "<group>"; };
		03EAFF362A2B599E0086EC0B /* ElementViewController.swift */ = {isa = PBXFileReference; lastKnownFileType = sourcecode.swift; path = ElementViewController.swift; sourceTree = "<group>"; };
/* End PBXFileReference section */

/* Begin PBXFrameworksBuildPhase section */
		03027DEF2A13DF9D0063EE24 /* Frameworks */ = {
			isa = PBXFrameworksBuildPhase;
			buildActionMask = 2147483647;
			files = (
			);
			runOnlyForDeploymentPostprocessing = 0;
		};
		03027E052A13DF9E0063EE24 /* Frameworks */ = {
			isa = PBXFrameworksBuildPhase;
			buildActionMask = 2147483647;
			files = (
			);
			runOnlyForDeploymentPostprocessing = 0;
		};
		03027E0F2A13DF9E0063EE24 /* Frameworks */ = {
			isa = PBXFrameworksBuildPhase;
			buildActionMask = 2147483647;
			files = (
			);
			runOnlyForDeploymentPostprocessing = 0;
		};
/* End PBXFrameworksBuildPhase section */

/* Begin PBXGroup section */
		03027DE92A13DF9D0063EE24 = {
			isa = PBXGroup;
			children = (
				035C3E9C2A1D91DF00760AE5 /* Riverbed.xctestplan */,
				03027DF42A13DF9D0063EE24 /* Riverbed */,
				03027E0B2A13DF9E0063EE24 /* RiverbedTests */,
				03027E152A13DF9E0063EE24 /* RiverbedUITests */,
				03027DF32A13DF9D0063EE24 /* Products */,
			);
			sourceTree = "<group>";
		};
		03027DF32A13DF9D0063EE24 /* Products */ = {
			isa = PBXGroup;
			children = (
				03027DF22A13DF9D0063EE24 /* Riverbed.app */,
				03027E082A13DF9E0063EE24 /* RiverbedTests.xctest */,
				03027E122A13DF9E0063EE24 /* RiverbedUITests.xctest */,
			);
			name = Products;
			sourceTree = "<group>";
		};
		03027DF42A13DF9D0063EE24 /* Riverbed */ = {
			isa = PBXGroup;
			children = (
				03027DFB2A13DF9D0063EE24 /* Main.storyboard */,
				03027DF52A13DF9D0063EE24 /* AppDelegate.swift */,
				03944AA02A1AAE0000639AC7 /* DateUtils.swift */,
				03944AA22A1AAEDE00639AC7 /* DateTimeUtils.swift */,
				03027DF72A13DF9D0063EE24 /* SceneDelegate.swift */,
				0342FC782A17B6D400CB8075 /* Utils.swift */,
				0342FC6C2A1794D500CB8075 /* Data */,
				0342FC6B2A17948300CB8075 /* UI */,
				03027DFE2A13DF9E0063EE24 /* Assets.xcassets */,
				03027E032A13DF9E0063EE24 /* Info.plist */,
				03027E002A13DF9E0063EE24 /* LaunchScreen.storyboard */,
			);
			path = Riverbed;
			sourceTree = "<group>";
		};
		03027E0B2A13DF9E0063EE24 /* RiverbedTests */ = {
			isa = PBXGroup;
			children = (
				03D6688C2A1CC78F00597D9E /* CardTests.swift */,
				035C3E9A2A1D8F9200760AE5 /* UtilsTests.swift */,
				031189642A2A02A400334B63 /* QueryTests.swift */,
			);
			path = RiverbedTests;
			sourceTree = "<group>";
		};
		03027E152A13DF9E0063EE24 /* RiverbedUITests */ = {
			isa = PBXGroup;
			children = (
				03027E162A13DF9E0063EE24 /* RiverbedUITests.swift */,
			);
			path = RiverbedUITests;
			sourceTree = "<group>";
		};
		032F2C842A1AE7FD008208E9 /* Enums */ = {
			isa = PBXGroup;
			children = (
				03DC30502A24BD0A00ABC4CB /* ColorTheme.swift */,
				03DC30452A23793800ABC4CB /* Command.swift */,
				03DC304E2A23E72100ABC4CB /* Icon.swift */,
				032F2C852A1AE806008208E9 /* Query.swift */,
				03DC304C2A23E10400ABC4CB /* TextSize.swift */,
				03DC30472A23798E00ABC4CB /* Value.swift */,
			);
			path = Enums;
			sourceTree = "<group>";
		};
		0342FC6B2A17948300CB8075 /* UI */ = {
			isa = PBXGroup;
			children = (
				03DC30492A23D85500ABC4CB /* BoardList */,
				03944A892A195F5100639AC7 /* Board */,
				03944A8E2A195FE100639AC7 /* Card */,
				03EAFF352A2B59900086EC0B /* Element */,
				03C8F07B2A2C9E8900F6AF90 /* Form */,
				03D6688A2A1CBA8A00597D9E /* RiverbedSplitViewController.swift */,
				034655032A3081F300F6AEEE /* TableView+DequeueOrRegisterCell.swift */,
			);
			path = UI;
			sourceTree = "<group>";
		};
		0342FC6C2A1794D500CB8075 /* Data */ = {
			isa = PBXGroup;
			children = (
				0342FC7A2A17B70100CB8075 /* API */,
				032F2C842A1AE7FD008208E9 /* Enums */,
				0342FC6F2A1795F500CB8075 /* Models */,
				0342FC6D2A17959F00CB8075 /* BoardStore.swift */,
				0342FC812A17C2D300CB8075 /* CardStore.swift */,
				0342FC742A17B68200CB8075 /* ColumnStore.swift */,
				038BBC2D2A1811C300BB2284 /* ElementStore.swift */,
				03907BB22A29F7BC00203748 /* BaseStore.swift */,
			);
			path = Data;
			sourceTree = "<group>";
		};
		0342FC6F2A1795F500CB8075 /* Models */ = {
			isa = PBXGroup;
			children = (
				0342FC702A17960000CB8075 /* Board.swift */,
				0342FC7F2A17C24100CB8075 /* Card.swift */,
				0342FC7D2A17B7CE00CB8075 /* Column.swift */,
				032F2C872A1AEA17008208E9 /* Condition.swift */,
				038BBC2F2A1811C900BB2284 /* Element.swift */,
			);
			path = Models;
			sourceTree = "<group>";
		};
		0342FC7A2A17B70100CB8075 /* API */ = {
			isa = PBXGroup;
			children = (
				0342FC762A17B69D00CB8075 /* APIError.swift */,
				0342FC7B2A17B71000CB8075 /* RiverbedAPI.swift */,
			);
			path = API;
			sourceTree = "<group>";
		};
		03944A892A195F5100639AC7 /* Board */ = {
			isa = PBXGroup;
			children = (
				0342FC722A17B51A00CB8075 /* BoardViewController.swift */,
				03944A8A2A195F7A00639AC7 /* CardSummaryCell.swift */,
				03944A8C2A195FA900639AC7 /* ColumnCell.swift */,
			);
			path = Board;
			sourceTree = "<group>";
		};
		03944A8E2A195FE100639AC7 /* Card */ = {
			isa = PBXGroup;
			children = (
				038BBC312A1823ED00BB2284 /* CardViewController.swift */,
				03944A992A1985EA00639AC7 /* ElementCell */,
			);
			path = Card;
			sourceTree = "<group>";
		};
		03944A992A1985EA00639AC7 /* ElementCell */ = {
			isa = PBXGroup;
			children = (
				03944A9A2A19860400639AC7 /* ButtonElementCell.swift */,
				034655052A30857100F6AEEE /* ButtonElementCell.xib */,
				03944A9C2A19877B00639AC7 /* ButtonMenuElementCell.swift */,
				034655072A30865B00F6AEEE /* ButtonMenuElementCell.xib */,
				03944A932A19737E00639AC7 /* ChoiceElementCell.swift */,
				034D09DC2A2F4DD600106EE1 /* ChoiceElementCell.xib */,
				03944A912A1960AD00639AC7 /* DateElementCell.swift */,
				034D09DE2A2F4EB900106EE1 /* DateElementCell.xib */,
				03944A952A1976C400639AC7 /* ElementCell.swift */,
				03944A972A19788F00639AC7 /* GeolocationElementCell.swift */,
				034D09E02A2F507000106EE1 /* GeolocationElementCell.xib */,
				03DC30432A23746B00ABC4CB /* ReadOnlyElementCell.swift */,
				034655092A3086DC00F6AEEE /* ReadOnlyElementCell.xib */,
				03944A8F2A195FF000639AC7 /* TextElementCell.swift */,
				034D09DA2A2EA3F600106EE1 /* TextElementCell.xib */,
			);
			path = ElementCell;
			sourceTree = "<group>";
		};
		03C8F07B2A2C9E8900F6AF90 /* Form */ = {
			isa = PBXGroup;
			children = (
				03C8F0802A2C9F4800F6AF90 /* FormCellDelegate.swift */,
				03C8F0862A2DF48600F6AF90 /* PopUpButtonCell.swift */,
				03C8F0842A2CFF9300F6AF90 /* SwitchCell.swift */,
				03C8F07C2A2C9E9800F6AF90 /* TextFieldCell.swift */,
				03C8F0822A2CA6BF00F6AF90 /* TestTableViewController.swift */,
			);
			path = Form;
			sourceTree = "<group>";
		};
		03DC30492A23D85500ABC4CB /* BoardList */ = {
			isa = PBXGroup;
			children = (
				0342FC692A17947A00CB8075 /* BoardListViewController.swift */,
				03DC304A2A23D86000ABC4CB /* BoardCell.swift */,
			);
			path = BoardList;
			sourceTree = "<group>";
		};
		03EAFF352A2B59900086EC0B /* Element */ = {
			isa = PBXGroup;
			children = (
				03EAFF362A2B599E0086EC0B /* ElementViewController.swift */,
				03C8F07E2A2C9EFE00F6AF90 /* DynamicElementViewController.swift */,
			);
			path = Element;
			sourceTree = "<group>";
		};
/* End PBXGroup section */

/* Begin PBXNativeTarget section */
		03027DF12A13DF9D0063EE24 /* Riverbed */ = {
			isa = PBXNativeTarget;
			buildConfigurationList = 03027E1C2A13DF9E0063EE24 /* Build configuration list for PBXNativeTarget "Riverbed" */;
			buildPhases = (
				03027DEE2A13DF9D0063EE24 /* Sources */,
				0342FC682A17930A00CB8075 /* ShellScript */,
				03027DEF2A13DF9D0063EE24 /* Frameworks */,
				03027DF02A13DF9D0063EE24 /* Resources */,
			);
			buildRules = (
			);
			dependencies = (
			);
			name = Riverbed;
			productName = Riverbed;
			productReference = 03027DF22A13DF9D0063EE24 /* Riverbed.app */;
			productType = "com.apple.product-type.application";
		};
		03027E072A13DF9E0063EE24 /* RiverbedTests */ = {
			isa = PBXNativeTarget;
			buildConfigurationList = 03027E1F2A13DF9E0063EE24 /* Build configuration list for PBXNativeTarget "RiverbedTests" */;
			buildPhases = (
				03027E042A13DF9E0063EE24 /* Sources */,
				03027E052A13DF9E0063EE24 /* Frameworks */,
				03027E062A13DF9E0063EE24 /* Resources */,
			);
			buildRules = (
			);
			dependencies = (
				03027E0A2A13DF9E0063EE24 /* PBXTargetDependency */,
			);
			name = RiverbedTests;
			productName = RiverbedTests;
			productReference = 03027E082A13DF9E0063EE24 /* RiverbedTests.xctest */;
			productType = "com.apple.product-type.bundle.unit-test";
		};
		03027E112A13DF9E0063EE24 /* RiverbedUITests */ = {
			isa = PBXNativeTarget;
			buildConfigurationList = 03027E222A13DF9E0063EE24 /* Build configuration list for PBXNativeTarget "RiverbedUITests" */;
			buildPhases = (
				03027E0E2A13DF9E0063EE24 /* Sources */,
				03027E0F2A13DF9E0063EE24 /* Frameworks */,
				03027E102A13DF9E0063EE24 /* Resources */,
			);
			buildRules = (
			);
			dependencies = (
				03027E142A13DF9E0063EE24 /* PBXTargetDependency */,
			);
			name = RiverbedUITests;
			productName = RiverbedUITests;
			productReference = 03027E122A13DF9E0063EE24 /* RiverbedUITests.xctest */;
			productType = "com.apple.product-type.bundle.ui-testing";
		};
/* End PBXNativeTarget section */

/* Begin PBXProject section */
		03027DEA2A13DF9D0063EE24 /* Project object */ = {
			isa = PBXProject;
			attributes = {
				BuildIndependentTargetsInParallel = 1;
				LastSwiftUpdateCheck = 1430;
				LastUpgradeCheck = 1430;
				TargetAttributes = {
					03027DF12A13DF9D0063EE24 = {
						CreatedOnToolsVersion = 14.3;
					};
					03027E072A13DF9E0063EE24 = {
						CreatedOnToolsVersion = 14.3;
						LastSwiftMigration = 1430;
						TestTargetID = 03027DF12A13DF9D0063EE24;
					};
					03027E112A13DF9E0063EE24 = {
						CreatedOnToolsVersion = 14.3;
						TestTargetID = 03027DF12A13DF9D0063EE24;
					};
				};
			};
			buildConfigurationList = 03027DED2A13DF9D0063EE24 /* Build configuration list for PBXProject "Riverbed" */;
			compatibilityVersion = "Xcode 14.0";
			developmentRegion = en;
			hasScannedForEncodings = 0;
			knownRegions = (
				en,
				Base,
			);
			mainGroup = 03027DE92A13DF9D0063EE24;
			productRefGroup = 03027DF32A13DF9D0063EE24 /* Products */;
			projectDirPath = "";
			projectRoot = "";
			targets = (
				03027DF12A13DF9D0063EE24 /* Riverbed */,
				03027E072A13DF9E0063EE24 /* RiverbedTests */,
				03027E112A13DF9E0063EE24 /* RiverbedUITests */,
			);
		};
/* End PBXProject section */

/* Begin PBXResourcesBuildPhase section */
		03027DF02A13DF9D0063EE24 /* Resources */ = {
			isa = PBXResourcesBuildPhase;
			buildActionMask = 2147483647;
			files = (
				03027E022A13DF9E0063EE24 /* LaunchScreen.storyboard in Resources */,
				03027DFF2A13DF9E0063EE24 /* Assets.xcassets in Resources */,
				0346550A2A3086DC00F6AEEE /* ReadOnlyElementCell.xib in Resources */,
				034D09DF2A2F4EB900106EE1 /* DateElementCell.xib in Resources */,
				034D09E12A2F507000106EE1 /* GeolocationElementCell.xib in Resources */,
				034655062A30857100F6AEEE /* ButtonElementCell.xib in Resources */,
				034655082A30865B00F6AEEE /* ButtonMenuElementCell.xib in Resources */,
				03027DFD2A13DF9D0063EE24 /* Main.storyboard in Resources */,
				034D09DB2A2EA3F600106EE1 /* TextElementCell.xib in Resources */,
				034D09DD2A2F4DD600106EE1 /* ChoiceElementCell.xib in Resources */,
			);
			runOnlyForDeploymentPostprocessing = 0;
		};
		03027E062A13DF9E0063EE24 /* Resources */ = {
			isa = PBXResourcesBuildPhase;
			buildActionMask = 2147483647;
			files = (
			);
			runOnlyForDeploymentPostprocessing = 0;
		};
		03027E102A13DF9E0063EE24 /* Resources */ = {
			isa = PBXResourcesBuildPhase;
			buildActionMask = 2147483647;
			files = (
			);
			runOnlyForDeploymentPostprocessing = 0;
		};
/* End PBXResourcesBuildPhase section */

/* Begin PBXShellScriptBuildPhase section */
		0342FC682A17930A00CB8075 /* ShellScript */ = {
			isa = PBXShellScriptBuildPhase;
			alwaysOutOfDate = 1;
			buildActionMask = 2147483647;
			files = (
			);
			inputFileListPaths = (
			);
			inputPaths = (
			);
			outputFileListPaths = (
			);
			outputPaths = (
			);
			runOnlyForDeploymentPostprocessing = 0;
			shellPath = /bin/sh;
			shellScript = "if [[ \"$(uname -m)\" == arm64 ]]; then\n    export PATH=\"/opt/homebrew/bin:$PATH\"\nfi\n\nif which swiftlint>/dev/null; then\n  swiftlint --fix && swiftlint\nelse\n  echo \"warning: SwiftLint not installed, download from https://github.com/realm/SwiftLint\"\nfi\n";
		};
/* End PBXShellScriptBuildPhase section */

/* Begin PBXSourcesBuildPhase section */
		03027DEE2A13DF9D0063EE24 /* Sources */ = {
			isa = PBXSourcesBuildPhase;
			buildActionMask = 2147483647;
			files = (
				0342FC6E2A17959F00CB8075 /* BoardStore.swift in Sources */,
				03944A9D2A19877B00639AC7 /* ButtonMenuElementCell.swift in Sources */,
				03907BB32A29F7BC00203748 /* BaseStore.swift in Sources */,
				03DC30482A23798E00ABC4CB /* Value.swift in Sources */,
				03944A942A19737E00639AC7 /* ChoiceElementCell.swift in Sources */,
				03EAFF372A2B599E0086EC0B /* ElementViewController.swift in Sources */,
				03DC30512A24BD0A00ABC4CB /* ColorTheme.swift in Sources */,
				03944AA12A1AAE0000639AC7 /* DateUtils.swift in Sources */,
				03DC30442A23746B00ABC4CB /* ReadOnlyElementCell.swift in Sources */,
				032F2C882A1AEA17008208E9 /* Condition.swift in Sources */,
				03944A982A19788F00639AC7 /* GeolocationElementCell.swift in Sources */,
				03DC30462A23793800ABC4CB /* Command.swift in Sources */,
				03027DF62A13DF9D0063EE24 /* AppDelegate.swift in Sources */,
				03C8F07D2A2C9E9800F6AF90 /* TextFieldCell.swift in Sources */,
				03944AA32A1AAEDE00639AC7 /* DateTimeUtils.swift in Sources */,
				038BBC2E2A1811C300BB2284 /* ElementStore.swift in Sources */,
				03C8F07F2A2C9EFE00F6AF90 /* DynamicElementViewController.swift in Sources */,
				032F2C862A1AE806008208E9 /* Query.swift in Sources */,
				0342FC792A17B6D400CB8075 /* Utils.swift in Sources */,
				03944A922A1960AD00639AC7 /* DateElementCell.swift in Sources */,
				03944A962A1976C400639AC7 /* ElementCell.swift in Sources */,
				03944A9B2A19860400639AC7 /* ButtonElementCell.swift in Sources */,
				0342FC752A17B68200CB8075 /* ColumnStore.swift in Sources */,
				0342FC7E2A17B7CE00CB8075 /* Column.swift in Sources */,
				0342FC712A17960000CB8075 /* Board.swift in Sources */,
				0342FC7C2A17B71000CB8075 /* RiverbedAPI.swift in Sources */,
				03D6688B2A1CBA8A00597D9E /* RiverbedSplitViewController.swift in Sources */,
				0342FC802A17C24100CB8075 /* Card.swift in Sources */,
				03027DF82A13DF9D0063EE24 /* SceneDelegate.swift in Sources */,
				0342FC822A17C2D300CB8075 /* CardStore.swift in Sources */,
				0342FC772A17B69D00CB8075 /* APIError.swift in Sources */,
				038BBC322A1823ED00BB2284 /* CardViewController.swift in Sources */,
				03C8F0832A2CA6BF00F6AF90 /* TestTableViewController.swift in Sources */,
				03944A8D2A195FA900639AC7 /* ColumnCell.swift in Sources */,
				034655042A3081F300F6AEEE /* TableView+DequeueOrRegisterCell.swift in Sources */,
				03C8F0872A2DF48600F6AF90 /* PopUpButtonCell.swift in Sources */,
				0342FC6A2A17947A00CB8075 /* BoardListViewController.swift in Sources */,
				03944A8B2A195F7A00639AC7 /* CardSummaryCell.swift in Sources */,
				03DC304F2A23E72100ABC4CB /* Icon.swift in Sources */,
				03DC304D2A23E10400ABC4CB /* TextSize.swift in Sources */,
				03C8F0852A2CFF9300F6AF90 /* SwitchCell.swift in Sources */,
				03944A902A195FF000639AC7 /* TextElementCell.swift in Sources */,
				0342FC732A17B51A00CB8075 /* BoardViewController.swift in Sources */,
				03DC304B2A23D86000ABC4CB /* BoardCell.swift in Sources */,
				03C8F0812A2C9F4800F6AF90 /* FormCellDelegate.swift in Sources */,
				038BBC302A1811C900BB2284 /* Element.swift in Sources */,
			);
			runOnlyForDeploymentPostprocessing = 0;
		};
		03027E042A13DF9E0063EE24 /* Sources */ = {
			isa = PBXSourcesBuildPhase;
			buildActionMask = 2147483647;
			files = (
				03D6688D2A1CC78F00597D9E /* CardTests.swift in Sources */,
				035C3E9B2A1D8F9200760AE5 /* UtilsTests.swift in Sources */,
				031189652A2A02A400334B63 /* QueryTests.swift in Sources */,
			);
			runOnlyForDeploymentPostprocessing = 0;
		};
		03027E0E2A13DF9E0063EE24 /* Sources */ = {
			isa = PBXSourcesBuildPhase;
			buildActionMask = 2147483647;
			files = (
				03027E172A13DF9E0063EE24 /* RiverbedUITests.swift in Sources */,
			);
			runOnlyForDeploymentPostprocessing = 0;
		};
/* End PBXSourcesBuildPhase section */

/* Begin PBXTargetDependency section */
		03027E0A2A13DF9E0063EE24 /* PBXTargetDependency */ = {
			isa = PBXTargetDependency;
			target = 03027DF12A13DF9D0063EE24 /* Riverbed */;
			targetProxy = 03027E092A13DF9E0063EE24 /* PBXContainerItemProxy */;
		};
		03027E142A13DF9E0063EE24 /* PBXTargetDependency */ = {
			isa = PBXTargetDependency;
			target = 03027DF12A13DF9D0063EE24 /* Riverbed */;
			targetProxy = 03027E132A13DF9E0063EE24 /* PBXContainerItemProxy */;
		};
/* End PBXTargetDependency section */

/* Begin PBXVariantGroup section */
		03027DFB2A13DF9D0063EE24 /* Main.storyboard */ = {
			isa = PBXVariantGroup;
			children = (
				03027DFC2A13DF9D0063EE24 /* Base */,
			);
			name = Main.storyboard;
			sourceTree = "<group>";
		};
		03027E002A13DF9E0063EE24 /* LaunchScreen.storyboard */ = {
			isa = PBXVariantGroup;
			children = (
				03027E012A13DF9E0063EE24 /* Base */,
			);
			name = LaunchScreen.storyboard;
			sourceTree = "<group>";
		};
/* End PBXVariantGroup section */

/* Begin XCBuildConfiguration section */
		03027E1A2A13DF9E0063EE24 /* Debug */ = {
			isa = XCBuildConfiguration;
			buildSettings = {
				ALWAYS_SEARCH_USER_PATHS = NO;
				CLANG_ANALYZER_NONNULL = YES;
				CLANG_ANALYZER_NUMBER_OBJECT_CONVERSION = YES_AGGRESSIVE;
				CLANG_CXX_LANGUAGE_STANDARD = "gnu++20";
				CLANG_ENABLE_MODULES = YES;
				CLANG_ENABLE_OBJC_ARC = YES;
				CLANG_ENABLE_OBJC_WEAK = YES;
				CLANG_WARN_BLOCK_CAPTURE_AUTORELEASING = YES;
				CLANG_WARN_BOOL_CONVERSION = YES;
				CLANG_WARN_COMMA = YES;
				CLANG_WARN_CONSTANT_CONVERSION = YES;
				CLANG_WARN_DEPRECATED_OBJC_IMPLEMENTATIONS = YES;
				CLANG_WARN_DIRECT_OBJC_ISA_USAGE = YES_ERROR;
				CLANG_WARN_DOCUMENTATION_COMMENTS = YES;
				CLANG_WARN_EMPTY_BODY = YES;
				CLANG_WARN_ENUM_CONVERSION = YES;
				CLANG_WARN_INFINITE_RECURSION = YES;
				CLANG_WARN_INT_CONVERSION = YES;
				CLANG_WARN_NON_LITERAL_NULL_CONVERSION = YES;
				CLANG_WARN_OBJC_IMPLICIT_RETAIN_SELF = YES;
				CLANG_WARN_OBJC_LITERAL_CONVERSION = YES;
				CLANG_WARN_OBJC_ROOT_CLASS = YES_ERROR;
				CLANG_WARN_QUOTED_INCLUDE_IN_FRAMEWORK_HEADER = YES;
				CLANG_WARN_RANGE_LOOP_ANALYSIS = YES;
				CLANG_WARN_STRICT_PROTOTYPES = YES;
				CLANG_WARN_SUSPICIOUS_MOVE = YES;
				CLANG_WARN_UNGUARDED_AVAILABILITY = YES_AGGRESSIVE;
				CLANG_WARN_UNREACHABLE_CODE = YES;
				CLANG_WARN__DUPLICATE_METHOD_MATCH = YES;
				COPY_PHASE_STRIP = NO;
				DEBUG_INFORMATION_FORMAT = dwarf;
				ENABLE_STRICT_OBJC_MSGSEND = YES;
				ENABLE_TESTABILITY = YES;
				GCC_C_LANGUAGE_STANDARD = gnu11;
				GCC_DYNAMIC_NO_PIC = NO;
				GCC_NO_COMMON_BLOCKS = YES;
				GCC_OPTIMIZATION_LEVEL = 0;
				GCC_PREPROCESSOR_DEFINITIONS = (
					"DEBUG=1",
					"$(inherited)",
				);
				GCC_WARN_64_TO_32_BIT_CONVERSION = YES;
				GCC_WARN_ABOUT_RETURN_TYPE = YES_ERROR;
				GCC_WARN_UNDECLARED_SELECTOR = YES;
				GCC_WARN_UNINITIALIZED_AUTOS = YES_AGGRESSIVE;
				GCC_WARN_UNUSED_FUNCTION = YES;
				GCC_WARN_UNUSED_VARIABLE = YES;
				IPHONEOS_DEPLOYMENT_TARGET = 16.4;
				MTL_ENABLE_DEBUG_INFO = INCLUDE_SOURCE;
				MTL_FAST_MATH = YES;
				ONLY_ACTIVE_ARCH = YES;
				SDKROOT = iphoneos;
				SWIFT_ACTIVE_COMPILATION_CONDITIONS = DEBUG;
				SWIFT_OPTIMIZATION_LEVEL = "-Onone";
			};
			name = Debug;
		};
		03027E1B2A13DF9E0063EE24 /* Release */ = {
			isa = XCBuildConfiguration;
			buildSettings = {
				ALWAYS_SEARCH_USER_PATHS = NO;
				CLANG_ANALYZER_NONNULL = YES;
				CLANG_ANALYZER_NUMBER_OBJECT_CONVERSION = YES_AGGRESSIVE;
				CLANG_CXX_LANGUAGE_STANDARD = "gnu++20";
				CLANG_ENABLE_MODULES = YES;
				CLANG_ENABLE_OBJC_ARC = YES;
				CLANG_ENABLE_OBJC_WEAK = YES;
				CLANG_WARN_BLOCK_CAPTURE_AUTORELEASING = YES;
				CLANG_WARN_BOOL_CONVERSION = YES;
				CLANG_WARN_COMMA = YES;
				CLANG_WARN_CONSTANT_CONVERSION = YES;
				CLANG_WARN_DEPRECATED_OBJC_IMPLEMENTATIONS = YES;
				CLANG_WARN_DIRECT_OBJC_ISA_USAGE = YES_ERROR;
				CLANG_WARN_DOCUMENTATION_COMMENTS = YES;
				CLANG_WARN_EMPTY_BODY = YES;
				CLANG_WARN_ENUM_CONVERSION = YES;
				CLANG_WARN_INFINITE_RECURSION = YES;
				CLANG_WARN_INT_CONVERSION = YES;
				CLANG_WARN_NON_LITERAL_NULL_CONVERSION = YES;
				CLANG_WARN_OBJC_IMPLICIT_RETAIN_SELF = YES;
				CLANG_WARN_OBJC_LITERAL_CONVERSION = YES;
				CLANG_WARN_OBJC_ROOT_CLASS = YES_ERROR;
				CLANG_WARN_QUOTED_INCLUDE_IN_FRAMEWORK_HEADER = YES;
				CLANG_WARN_RANGE_LOOP_ANALYSIS = YES;
				CLANG_WARN_STRICT_PROTOTYPES = YES;
				CLANG_WARN_SUSPICIOUS_MOVE = YES;
				CLANG_WARN_UNGUARDED_AVAILABILITY = YES_AGGRESSIVE;
				CLANG_WARN_UNREACHABLE_CODE = YES;
				CLANG_WARN__DUPLICATE_METHOD_MATCH = YES;
				COPY_PHASE_STRIP = NO;
				DEBUG_INFORMATION_FORMAT = "dwarf-with-dsym";
				ENABLE_NS_ASSERTIONS = NO;
				ENABLE_STRICT_OBJC_MSGSEND = YES;
				GCC_C_LANGUAGE_STANDARD = gnu11;
				GCC_NO_COMMON_BLOCKS = YES;
				GCC_WARN_64_TO_32_BIT_CONVERSION = YES;
				GCC_WARN_ABOUT_RETURN_TYPE = YES_ERROR;
				GCC_WARN_UNDECLARED_SELECTOR = YES;
				GCC_WARN_UNINITIALIZED_AUTOS = YES_AGGRESSIVE;
				GCC_WARN_UNUSED_FUNCTION = YES;
				GCC_WARN_UNUSED_VARIABLE = YES;
				IPHONEOS_DEPLOYMENT_TARGET = 16.4;
				MTL_ENABLE_DEBUG_INFO = NO;
				MTL_FAST_MATH = YES;
				SDKROOT = iphoneos;
				SWIFT_COMPILATION_MODE = wholemodule;
				SWIFT_OPTIMIZATION_LEVEL = "-O";
				VALIDATE_PRODUCT = YES;
			};
			name = Release;
		};
		03027E1D2A13DF9E0063EE24 /* Debug */ = {
			isa = XCBuildConfiguration;
			buildSettings = {
				ASSETCATALOG_COMPILER_APPICON_NAME = AppIcon;
				ASSETCATALOG_COMPILER_GLOBAL_ACCENT_COLOR_NAME = AccentColor;
				CODE_SIGN_STYLE = Automatic;
				CURRENT_PROJECT_VERSION = 1;
				DEVELOPMENT_TEAM = 6283CFQE2Y;
				GENERATE_INFOPLIST_FILE = YES;
				INFOPLIST_FILE = Riverbed/Info.plist;
				INFOPLIST_KEY_NSLocationWhenInUseUsageDescription = "Fill in geolocation fields you configure";
				INFOPLIST_KEY_UIApplicationSupportsIndirectInputEvents = YES;
				INFOPLIST_KEY_UILaunchStoryboardName = LaunchScreen;
				INFOPLIST_KEY_UIMainStoryboardFile = Main;
				INFOPLIST_KEY_UISupportedInterfaceOrientations_iPad = "UIInterfaceOrientationPortrait UIInterfaceOrientationPortraitUpsideDown UIInterfaceOrientationLandscapeLeft UIInterfaceOrientationLandscapeRight";
				INFOPLIST_KEY_UISupportedInterfaceOrientations_iPhone = "UIInterfaceOrientationPortrait UIInterfaceOrientationLandscapeLeft UIInterfaceOrientationLandscapeRight";
				IPHONEOS_DEPLOYMENT_TARGET = 15.3;
				LD_RUNPATH_SEARCH_PATHS = (
					"$(inherited)",
					"@executable_path/Frameworks",
				);
				MARKETING_VERSION = 1.0;
				PRODUCT_BUNDLE_IDENTIFIER = com.codingitwrong.riverbed.uikit;
				PRODUCT_NAME = "$(TARGET_NAME)";
				SWIFT_EMIT_LOC_STRINGS = YES;
				SWIFT_VERSION = 5.0;
				TARGETED_DEVICE_FAMILY = "1,2";
			};
			name = Debug;
		};
		03027E1E2A13DF9E0063EE24 /* Release */ = {
			isa = XCBuildConfiguration;
			buildSettings = {
				ASSETCATALOG_COMPILER_APPICON_NAME = AppIcon;
				ASSETCATALOG_COMPILER_GLOBAL_ACCENT_COLOR_NAME = AccentColor;
				CODE_SIGN_STYLE = Automatic;
				CURRENT_PROJECT_VERSION = 1;
				DEVELOPMENT_TEAM = 6283CFQE2Y;
				GENERATE_INFOPLIST_FILE = YES;
				INFOPLIST_FILE = Riverbed/Info.plist;
				INFOPLIST_KEY_NSLocationWhenInUseUsageDescription = "Fill in geolocation fields you configure";
				INFOPLIST_KEY_UIApplicationSupportsIndirectInputEvents = YES;
				INFOPLIST_KEY_UILaunchStoryboardName = LaunchScreen;
				INFOPLIST_KEY_UIMainStoryboardFile = Main;
				INFOPLIST_KEY_UISupportedInterfaceOrientations_iPad = "UIInterfaceOrientationPortrait UIInterfaceOrientationPortraitUpsideDown UIInterfaceOrientationLandscapeLeft UIInterfaceOrientationLandscapeRight";
				INFOPLIST_KEY_UISupportedInterfaceOrientations_iPhone = "UIInterfaceOrientationPortrait UIInterfaceOrientationLandscapeLeft UIInterfaceOrientationLandscapeRight";
				IPHONEOS_DEPLOYMENT_TARGET = 15.3;
				LD_RUNPATH_SEARCH_PATHS = (
					"$(inherited)",
					"@executable_path/Frameworks",
				);
				MARKETING_VERSION = 1.0;
				PRODUCT_BUNDLE_IDENTIFIER = com.codingitwrong.riverbed.uikit;
				PRODUCT_NAME = "$(TARGET_NAME)";
				SWIFT_EMIT_LOC_STRINGS = YES;
				SWIFT_VERSION = 5.0;
				TARGETED_DEVICE_FAMILY = "1,2";
			};
			name = Release;
		};
		03027E202A13DF9E0063EE24 /* Debug */ = {
			isa = XCBuildConfiguration;
			buildSettings = {
				ALWAYS_EMBED_SWIFT_STANDARD_LIBRARIES = YES;
				BUNDLE_LOADER = "$(TEST_HOST)";
				CLANG_ENABLE_MODULES = YES;
				CODE_SIGN_STYLE = Automatic;
				CURRENT_PROJECT_VERSION = 1;
				DEVELOPMENT_TEAM = 6283CFQE2Y;
				GENERATE_INFOPLIST_FILE = YES;
				IPHONEOS_DEPLOYMENT_TARGET = 16.4;
				MARKETING_VERSION = 1.0;
				PRODUCT_BUNDLE_IDENTIFIER = com.codingitwrong.RiverbedTests;
				PRODUCT_NAME = "$(TARGET_NAME)";
				SWIFT_EMIT_LOC_STRINGS = NO;
				SWIFT_OPTIMIZATION_LEVEL = "-Onone";
				SWIFT_VERSION = 5.0;
				TARGETED_DEVICE_FAMILY = "1,2";
				TEST_HOST = "$(BUILT_PRODUCTS_DIR)/Riverbed.app/$(BUNDLE_EXECUTABLE_FOLDER_PATH)/Riverbed";
			};
			name = Debug;
		};
		03027E212A13DF9E0063EE24 /* Release */ = {
			isa = XCBuildConfiguration;
			buildSettings = {
				ALWAYS_EMBED_SWIFT_STANDARD_LIBRARIES = YES;
				BUNDLE_LOADER = "$(TEST_HOST)";
				CLANG_ENABLE_MODULES = YES;
				CODE_SIGN_STYLE = Automatic;
				CURRENT_PROJECT_VERSION = 1;
				DEVELOPMENT_TEAM = 6283CFQE2Y;
				GENERATE_INFOPLIST_FILE = YES;
				IPHONEOS_DEPLOYMENT_TARGET = 16.4;
				MARKETING_VERSION = 1.0;
				PRODUCT_BUNDLE_IDENTIFIER = com.codingitwrong.RiverbedTests;
				PRODUCT_NAME = "$(TARGET_NAME)";
				SWIFT_EMIT_LOC_STRINGS = NO;
				SWIFT_VERSION = 5.0;
				TARGETED_DEVICE_FAMILY = "1,2";
				TEST_HOST = "$(BUILT_PRODUCTS_DIR)/Riverbed.app/$(BUNDLE_EXECUTABLE_FOLDER_PATH)/Riverbed";
			};
			name = Release;
		};
		03027E232A13DF9E0063EE24 /* Debug */ = {
			isa = XCBuildConfiguration;
			buildSettings = {
				ALWAYS_EMBED_SWIFT_STANDARD_LIBRARIES = YES;
				CODE_SIGN_STYLE = Automatic;
				CURRENT_PROJECT_VERSION = 1;
				DEVELOPMENT_TEAM = 6283CFQE2Y;
				GENERATE_INFOPLIST_FILE = YES;
				MARKETING_VERSION = 1.0;
				PRODUCT_BUNDLE_IDENTIFIER = com.codingitwrong.RiverbedUITests;
				PRODUCT_NAME = "$(TARGET_NAME)";
				SWIFT_EMIT_LOC_STRINGS = NO;
				SWIFT_VERSION = 5.0;
				TARGETED_DEVICE_FAMILY = "1,2";
				TEST_TARGET_NAME = Riverbed;
			};
			name = Debug;
		};
		03027E242A13DF9E0063EE24 /* Release */ = {
			isa = XCBuildConfiguration;
			buildSettings = {
				ALWAYS_EMBED_SWIFT_STANDARD_LIBRARIES = YES;
				CODE_SIGN_STYLE = Automatic;
				CURRENT_PROJECT_VERSION = 1;
				DEVELOPMENT_TEAM = 6283CFQE2Y;
				GENERATE_INFOPLIST_FILE = YES;
				MARKETING_VERSION = 1.0;
				PRODUCT_BUNDLE_IDENTIFIER = com.codingitwrong.RiverbedUITests;
				PRODUCT_NAME = "$(TARGET_NAME)";
				SWIFT_EMIT_LOC_STRINGS = NO;
				SWIFT_VERSION = 5.0;
				TARGETED_DEVICE_FAMILY = "1,2";
				TEST_TARGET_NAME = Riverbed;
			};
			name = Release;
		};
/* End XCBuildConfiguration section */

/* Begin XCConfigurationList section */
		03027DED2A13DF9D0063EE24 /* Build configuration list for PBXProject "Riverbed" */ = {
			isa = XCConfigurationList;
			buildConfigurations = (
				03027E1A2A13DF9E0063EE24 /* Debug */,
				03027E1B2A13DF9E0063EE24 /* Release */,
			);
			defaultConfigurationIsVisible = 0;
			defaultConfigurationName = Release;
		};
		03027E1C2A13DF9E0063EE24 /* Build configuration list for PBXNativeTarget "Riverbed" */ = {
			isa = XCConfigurationList;
			buildConfigurations = (
				03027E1D2A13DF9E0063EE24 /* Debug */,
				03027E1E2A13DF9E0063EE24 /* Release */,
			);
			defaultConfigurationIsVisible = 0;
			defaultConfigurationName = Release;
		};
		03027E1F2A13DF9E0063EE24 /* Build configuration list for PBXNativeTarget "RiverbedTests" */ = {
			isa = XCConfigurationList;
			buildConfigurations = (
				03027E202A13DF9E0063EE24 /* Debug */,
				03027E212A13DF9E0063EE24 /* Release */,
			);
			defaultConfigurationIsVisible = 0;
			defaultConfigurationName = Release;
		};
		03027E222A13DF9E0063EE24 /* Build configuration list for PBXNativeTarget "RiverbedUITests" */ = {
			isa = XCConfigurationList;
			buildConfigurations = (
				03027E232A13DF9E0063EE24 /* Debug */,
				03027E242A13DF9E0063EE24 /* Release */,
			);
			defaultConfigurationIsVisible = 0;
			defaultConfigurationName = Release;
		};
/* End XCConfigurationList section */
	};
	rootObject = 03027DEA2A13DF9D0063EE24 /* Project object */;
}
